// !$*UTF8*$!
{
	archiveVersion = 1;
	classes = {
	};
	objectVersion = 46;
	objects = {

/* Begin PBXBuildFile section */
		1D3623260D0F684500981E51 /* AdMobSampleAdsiPadAppDelegate.m in Sources */ = {isa = PBXBuildFile; fileRef = 1D3623250D0F684500981E51 /* AdMobSampleAdsiPadAppDelegate.m */; };
		1D60589B0D05DD56006BFB54 /* main.m in Sources */ = {isa = PBXBuildFile; fileRef = 29B97316FDCFA39411CA2CEA /* main.m */; };
		1D60589F0D05DD5A006BFB54 /* Foundation.framework in Frameworks */ = {isa = PBXBuildFile; fileRef = 1D30AB110D05D00D00671497 /* Foundation.framework */; };
		1DF5F4E00D08C38300B7A737 /* UIKit.framework in Frameworks */ = {isa = PBXBuildFile; fileRef = 1DF5F4DF0D08C38300B7A737 /* UIKit.framework */; };
		2804200C108E984D000629CD /* DetailViewController.m in Sources */ = {isa = PBXBuildFile; fileRef = 2804200A108E984D000629CD /* DetailViewController.m */; };
		2804203C108E9BAB000629CD /* DetailView.xib in Resources */ = {isa = PBXBuildFile; fileRef = 2804203B108E9BAB000629CD /* DetailView.xib */; };
		2892E4100DC94CBA00A64D0F /* CoreGraphics.framework in Frameworks */ = {isa = PBXBuildFile; fileRef = 2892E40F0DC94CBA00A64D0F /* CoreGraphics.framework */; };
		28AD73600D9D9599002E5188 /* MainWindow.xib in Resources */ = {isa = PBXBuildFile; fileRef = 28AD735F0D9D9599002E5188 /* MainWindow.xib */; };
		A638F1F3119340B10016606F /* icon.png in Resources */ = {isa = PBXBuildFile; fileRef = A638F1F2119340B10016606F /* icon.png */; };
		A6CA30B611766D6200CB8BDF /* Earthquake.m in Sources */ = {isa = PBXBuildFile; fileRef = A6CA30B511766D6200CB8BDF /* Earthquake.m */; };
		A6CA30BC11766F7600CB8BDF /* EarthquakesLoader.m in Sources */ = {isa = PBXBuildFile; fileRef = A6CA30BB11766F7600CB8BDF /* EarthquakesLoader.m */; };
		A6CA316D1176831400CB8BDF /* MapKit.framework in Frameworks */ = {isa = PBXBuildFile; fileRef = A6CA316C1176831400CB8BDF /* MapKit.framework */; };
		A6CA319D117685E400CB8BDF /* 2.0.png in Resources */ = {isa = PBXBuildFile; fileRef = A6CA3199117685E400CB8BDF /* 2.0.png */; };
		A6CA319E117685E400CB8BDF /* 3.0.png in Resources */ = {isa = PBXBuildFile; fileRef = A6CA319A117685E400CB8BDF /* 3.0.png */; };
		A6CA319F117685E400CB8BDF /* 4.0.png in Resources */ = {isa = PBXBuildFile; fileRef = A6CA319B117685E400CB8BDF /* 4.0.png */; };
		A6CA31A0117685E400CB8BDF /* 5.0.png in Resources */ = {isa = PBXBuildFile; fileRef = A6CA319C117685E400CB8BDF /* 5.0.png */; };
		A6CA31A3117686E200CB8BDF /* EarthquakeCell.m in Sources */ = {isa = PBXBuildFile; fileRef = A6CA31A2117686E200CB8BDF /* EarthquakeCell.m */; };
		A6CB8F3E11860C6F00F7DD44 /* AdViewController.m in Sources */ = {isa = PBXBuildFile; fileRef = A6CB8F3D11860C6F00F7DD44 /* AdViewController.m */; };
		A6F102051176C99B009298C8 /* EarthquakeListViewController.m in Sources */ = {isa = PBXBuildFile; fileRef = A6F102041176C99B009298C8 /* EarthquakeListViewController.m */; };
		A6F1022C1176CBD0009298C8 /* EarthquakeMapAnnotation.m in Sources */ = {isa = PBXBuildFile; fileRef = A6F1022B1176CBD0009298C8 /* EarthquakeMapAnnotation.m */; };
		A6F102A41176DD96009298C8 /* libAdMob.a in Frameworks */ = {isa = PBXBuildFile; fileRef = A6F1028C1176DD96009298C8 /* libAdMob.a */; };
		A6F102A51176DD96009298C8 /* CDataScanner.m in Sources */ = {isa = PBXBuildFile; fileRef = A6F1028F1176DD96009298C8 /* CDataScanner.m */; };
		A6F102A61176DD96009298C8 /* CDataScanner_Extensions.m in Sources */ = {isa = PBXBuildFile; fileRef = A6F102921176DD96009298C8 /* CDataScanner_Extensions.m */; };
		A6F102A71176DD96009298C8 /* NSCharacterSet_Extensions.m in Sources */ = {isa = PBXBuildFile; fileRef = A6F102941176DD96009298C8 /* NSCharacterSet_Extensions.m */; };
		A6F102A81176DD96009298C8 /* NSDictionary_JSONExtensions.m in Sources */ = {isa = PBXBuildFile; fileRef = A6F102961176DD96009298C8 /* NSDictionary_JSONExtensions.m */; };
		A6F102A91176DD96009298C8 /* NSScanner_Extensions.m in Sources */ = {isa = PBXBuildFile; fileRef = A6F102981176DD96009298C8 /* NSScanner_Extensions.m */; };
		A6F102AA1176DD96009298C8 /* CJSONDataSerializer.m in Sources */ = {isa = PBXBuildFile; fileRef = A6F1029B1176DD96009298C8 /* CJSONDataSerializer.m */; };
		A6F102AB1176DD96009298C8 /* CJSONDeserializer.m in Sources */ = {isa = PBXBuildFile; fileRef = A6F1029D1176DD96009298C8 /* CJSONDeserializer.m */; };
		A6F102AC1176DD96009298C8 /* CJSONScanner.m in Sources */ = {isa = PBXBuildFile; fileRef = A6F1029F1176DD96009298C8 /* CJSONScanner.m */; };
		A6F102AD1176DD96009298C8 /* CJSONSerializer.m in Sources */ = {isa = PBXBuildFile; fileRef = A6F102A11176DD96009298C8 /* CJSONSerializer.m */; };
		A6F102AE1176DD96009298C8 /* CSerializedJSONData.m in Sources */ = {isa = PBXBuildFile; fileRef = A6F102A31176DD96009298C8 /* CSerializedJSONData.m */; };
		A6F102E91176E36F009298C8 /* AudioToolbox.framework in Frameworks */ = {isa = PBXBuildFile; fileRef = A6F102E81176E36F009298C8 /* AudioToolbox.framework */; };
		A6F102EB1176E36F009298C8 /* MediaPlayer.framework in Frameworks */ = {isa = PBXBuildFile; fileRef = A6F102EA1176E36F009298C8 /* MediaPlayer.framework */; };
		A6F102ED1176E36F009298C8 /* MessageUI.framework in Frameworks */ = {isa = PBXBuildFile; fileRef = A6F102EC1176E36F009298C8 /* MessageUI.framework */; };
		A6F102EF1176E36F009298C8 /* QuartzCore.framework in Frameworks */ = {isa = PBXBuildFile; fileRef = A6F102EE1176E36F009298C8 /* QuartzCore.framework */; };
		C9F0611D117F663600F165A2 /* USGSViewController.m in Sources */ = {isa = PBXBuildFile; fileRef = C9F0611B117F663600F165A2 /* USGSViewController.m */; };
		C9F0611E117F663600F165A2 /* USGSViewController.xib in Resources */ = {isa = PBXBuildFile; fileRef = C9F0611C117F663600F165A2 /* USGSViewController.xib */; };
		C9F0612C117F6AAE00F165A2 /* close.png in Resources */ = {isa = PBXBuildFile; fileRef = C9F0612B117F6AAE00F165A2 /* close.png */; };
		C9F0617A117F72DF00F165A2 /* line.png in Resources */ = {isa = PBXBuildFile; fileRef = C9F06179117F72DF00F165A2 /* line.png */; };
/* End PBXBuildFile section */

/* Begin PBXFileReference section */
		1D30AB110D05D00D00671497 /* Foundation.framework */ = {isa = PBXFileReference; lastKnownFileType = wrapper.framework; name = Foundation.framework; path = System/Library/Frameworks/Foundation.framework; sourceTree = SDKROOT; };
		1D3623240D0F684500981E51 /* AdMobSampleAdsiPadAppDelegate.h */ = {isa = PBXFileReference; fileEncoding = 4; lastKnownFileType = sourcecode.c.h; path = AdMobSampleAdsiPadAppDelegate.h; sourceTree = "<group>"; };
		1D3623250D0F684500981E51 /* AdMobSampleAdsiPadAppDelegate.m */ = {isa = PBXFileReference; fileEncoding = 4; lastKnownFileType = sourcecode.c.objc; path = AdMobSampleAdsiPadAppDelegate.m; sourceTree = "<group>"; };
		1D6058910D05DD3D006BFB54 /* AdMobSampleAdsiPad.app */ = {isa = PBXFileReference; explicitFileType = wrapper.application; includeInIndex = 0; path = AdMobSampleAdsiPad.app; sourceTree = BUILT_PRODUCTS_DIR; };
		1DF5F4DF0D08C38300B7A737 /* UIKit.framework */ = {isa = PBXFileReference; lastKnownFileType = wrapper.framework; name = UIKit.framework; path = System/Library/Frameworks/UIKit.framework; sourceTree = SDKROOT; };
		28042009108E984D000629CD /* DetailViewController.h */ = {isa = PBXFileReference; fileEncoding = 4; lastKnownFileType = sourcecode.c.h; path = DetailViewController.h; sourceTree = "<group>"; };
		2804200A108E984D000629CD /* DetailViewController.m */ = {isa = PBXFileReference; fileEncoding = 4; lastKnownFileType = sourcecode.c.objc; path = DetailViewController.m; sourceTree = "<group>"; };
		2804203B108E9BAB000629CD /* DetailView.xib */ = {isa = PBXFileReference; lastKnownFileType = file.xib; path = DetailView.xib; sourceTree = "<group>"; };
		2892E40F0DC94CBA00A64D0F /* CoreGraphics.framework */ = {isa = PBXFileReference; lastKnownFileType = wrapper.framework; name = CoreGraphics.framework; path = System/Library/Frameworks/CoreGraphics.framework; sourceTree = SDKROOT; };
		28A0AAE50D9B0CCF005BE974 /* AdMobSampleAdsiPad_Prefix.pch */ = {isa = PBXFileReference; fileEncoding = 4; lastKnownFileType = sourcecode.c.h; path = AdMobSampleAdsiPad_Prefix.pch; sourceTree = "<group>"; };
		28AD735F0D9D9599002E5188 /* MainWindow.xib */ = {isa = PBXFileReference; lastKnownFileType = file.xib; path = MainWindow.xib; sourceTree = "<group>"; };
		29B97316FDCFA39411CA2CEA /* main.m */ = {isa = PBXFileReference; fileEncoding = 4; lastKnownFileType = sourcecode.c.objc; path = main.m; sourceTree = "<group>"; };
		8D1107310486CEB800E47090 /* AdMobSampleAdsiPad-Info.plist */ = {isa = PBXFileReference; fileEncoding = 4; lastKnownFileType = text.plist.xml; path = "AdMobSampleAdsiPad-Info.plist"; plistStructureDefinitionIdentifier = "com.apple.xcode.plist.structure-definition.iphone.info-plist"; sourceTree = "<group>"; };
		A638F1F2119340B10016606F /* icon.png */ = {isa = PBXFileReference; lastKnownFileType = image.png; path = icon.png; sourceTree = "<group>"; };
		A6CA30B411766D6200CB8BDF /* Earthquake.h */ = {isa = PBXFileReference; fileEncoding = 4; lastKnownFileType = sourcecode.c.h; path = Earthquake.h; sourceTree = "<group>"; };
		A6CA30B511766D6200CB8BDF /* Earthquake.m */ = {isa = PBXFileReference; fileEncoding = 4; lastKnownFileType = sourcecode.c.objc; path = Earthquake.m; sourceTree = "<group>"; };
		A6CA30BA11766F7600CB8BDF /* EarthquakesLoader.h */ = {isa = PBXFileReference; fileEncoding = 4; lastKnownFileType = sourcecode.c.h; path = EarthquakesLoader.h; sourceTree = "<group>"; };
		A6CA30BB11766F7600CB8BDF /* EarthquakesLoader.m */ = {isa = PBXFileReference; fileEncoding = 4; lastKnownFileType = sourcecode.c.objc; path = EarthquakesLoader.m; sourceTree = "<group>"; };
		A6CA316C1176831400CB8BDF /* MapKit.framework */ = {isa = PBXFileReference; lastKnownFileType = wrapper.framework; name = MapKit.framework; path = System/Library/Frameworks/MapKit.framework; sourceTree = SDKROOT; };
		A6CA3199117685E400CB8BDF /* 2.0.png */ = {isa = PBXFileReference; lastKnownFileType = image.png; path = 2.0.png; sourceTree = "<group>"; };
		A6CA319A117685E400CB8BDF /* 3.0.png */ = {isa = PBXFileReference; lastKnownFileType = image.png; path = 3.0.png; sourceTree = "<group>"; };
		A6CA319B117685E400CB8BDF /* 4.0.png */ = {isa = PBXFileReference; lastKnownFileType = image.png; path = 4.0.png; sourceTree = "<group>"; };
		A6CA319C117685E400CB8BDF /* 5.0.png */ = {isa = PBXFileReference; lastKnownFileType = image.png; path = 5.0.png; sourceTree = "<group>"; };
		A6CA31A1117686E200CB8BDF /* EarthquakeCell.h */ = {isa = PBXFileReference; fileEncoding = 4; lastKnownFileType = sourcecode.c.h; path = EarthquakeCell.h; sourceTree = "<group>"; };
		A6CA31A2117686E200CB8BDF /* EarthquakeCell.m */ = {isa = PBXFileReference; fileEncoding = 4; lastKnownFileType = sourcecode.c.objc; path = EarthquakeCell.m; sourceTree = "<group>"; };
		A6CB8F3C11860C6F00F7DD44 /* AdViewController.h */ = {isa = PBXFileReference; fileEncoding = 4; lastKnownFileType = sourcecode.c.h; path = AdViewController.h; sourceTree = "<group>"; };
		A6CB8F3D11860C6F00F7DD44 /* AdViewController.m */ = {isa = PBXFileReference; fileEncoding = 4; lastKnownFileType = sourcecode.c.objc; path = AdViewController.m; sourceTree = "<group>"; };
		A6F102031176C99B009298C8 /* EarthquakeListViewController.h */ = {isa = PBXFileReference; fileEncoding = 4; lastKnownFileType = sourcecode.c.h; path = EarthquakeListViewController.h; sourceTree = "<group>"; };
		A6F102041176C99B009298C8 /* EarthquakeListViewController.m */ = {isa = PBXFileReference; fileEncoding = 4; lastKnownFileType = sourcecode.c.objc; path = EarthquakeListViewController.m; sourceTree = "<group>"; };
		A6F1022A1176CBD0009298C8 /* EarthquakeMapAnnotation.h */ = {isa = PBXFileReference; fileEncoding = 4; lastKnownFileType = sourcecode.c.h; path = EarthquakeMapAnnotation.h; sourceTree = "<group>"; };
		A6F1022B1176CBD0009298C8 /* EarthquakeMapAnnotation.m */ = {isa = PBXFileReference; fileEncoding = 4; lastKnownFileType = sourcecode.c.objc; path = EarthquakeMapAnnotation.m; sourceTree = "<group>"; };
		A6F102881176DD96009298C8 /* AdMobDelegateProtocol.h */ = {isa = PBXFileReference; fileEncoding = 4; lastKnownFileType = sourcecode.c.h; path = AdMobDelegateProtocol.h; sourceTree = "<group>"; };
		A6F102891176DD96009298C8 /* AdMobInterstitialAd.h */ = {isa = PBXFileReference; fileEncoding = 4; lastKnownFileType = sourcecode.c.h; path = AdMobInterstitialAd.h; sourceTree = "<group>"; };
		A6F1028A1176DD96009298C8 /* AdMobInterstitialDelegateProtocol.h */ = {isa = PBXFileReference; fileEncoding = 4; lastKnownFileType = sourcecode.c.h; path = AdMobInterstitialDelegateProtocol.h; sourceTree = "<group>"; };
		A6F1028B1176DD96009298C8 /* AdMobView.h */ = {isa = PBXFileReference; fileEncoding = 4; lastKnownFileType = sourcecode.c.h; path = AdMobView.h; sourceTree = "<group>"; };
		A6F1028C1176DD96009298C8 /* libAdMob.a */ = {isa = PBXFileReference; lastKnownFileType = archive.ar; path = libAdMob.a; sourceTree = "<group>"; };
		A6F1028E1176DD96009298C8 /* CDataScanner.h */ = {isa = PBXFileReference; fileEncoding = 4; lastKnownFileType = sourcecode.c.h; path = CDataScanner.h; sourceTree = "<group>"; };
		A6F1028F1176DD96009298C8 /* CDataScanner.m */ = {isa = PBXFileReference; fileEncoding = 4; lastKnownFileType = sourcecode.c.objc; path = CDataScanner.m; sourceTree = "<group>"; };
		A6F102911176DD96009298C8 /* CDataScanner_Extensions.h */ = {isa = PBXFileReference; fileEncoding = 4; lastKnownFileType = sourcecode.c.h; path = CDataScanner_Extensions.h; sourceTree = "<group>"; };
		A6F102921176DD96009298C8 /* CDataScanner_Extensions.m */ = {isa = PBXFileReference; fileEncoding = 4; lastKnownFileType = sourcecode.c.objc; path = CDataScanner_Extensions.m; sourceTree = "<group>"; };
		A6F102931176DD96009298C8 /* NSCharacterSet_Extensions.h */ = {isa = PBXFileReference; fileEncoding = 4; lastKnownFileType = sourcecode.c.h; path = NSCharacterSet_Extensions.h; sourceTree = "<group>"; };
		A6F102941176DD96009298C8 /* NSCharacterSet_Extensions.m */ = {isa = PBXFileReference; fileEncoding = 4; lastKnownFileType = sourcecode.c.objc; path = NSCharacterSet_Extensions.m; sourceTree = "<group>"; };
		A6F102951176DD96009298C8 /* NSDictionary_JSONExtensions.h */ = {isa = PBXFileReference; fileEncoding = 4; lastKnownFileType = sourcecode.c.h; path = NSDictionary_JSONExtensions.h; sourceTree = "<group>"; };
		A6F102961176DD96009298C8 /* NSDictionary_JSONExtensions.m */ = {isa = PBXFileReference; fileEncoding = 4; lastKnownFileType = sourcecode.c.objc; path = NSDictionary_JSONExtensions.m; sourceTree = "<group>"; };
		A6F102971176DD96009298C8 /* NSScanner_Extensions.h */ = {isa = PBXFileReference; fileEncoding = 4; lastKnownFileType = sourcecode.c.h; path = NSScanner_Extensions.h; sourceTree = "<group>"; };
		A6F102981176DD96009298C8 /* NSScanner_Extensions.m */ = {isa = PBXFileReference; fileEncoding = 4; lastKnownFileType = sourcecode.c.objc; path = NSScanner_Extensions.m; sourceTree = "<group>"; };
		A6F1029A1176DD96009298C8 /* CJSONDataSerializer.h */ = {isa = PBXFileReference; fileEncoding = 4; lastKnownFileType = sourcecode.c.h; path = CJSONDataSerializer.h; sourceTree = "<group>"; };
		A6F1029B1176DD96009298C8 /* CJSONDataSerializer.m */ = {isa = PBXFileReference; fileEncoding = 4; lastKnownFileType = sourcecode.c.objc; path = CJSONDataSerializer.m; sourceTree = "<group>"; };
		A6F1029C1176DD96009298C8 /* CJSONDeserializer.h */ = {isa = PBXFileReference; fileEncoding = 4; lastKnownFileType = sourcecode.c.h; path = CJSONDeserializer.h; sourceTree = "<group>"; };
		A6F1029D1176DD96009298C8 /* CJSONDeserializer.m */ = {isa = PBXFileReference; fileEncoding = 4; lastKnownFileType = sourcecode.c.objc; path = CJSONDeserializer.m; sourceTree = "<group>"; };
		A6F1029E1176DD96009298C8 /* CJSONScanner.h */ = {isa = PBXFileReference; fileEncoding = 4; lastKnownFileType = sourcecode.c.h; path = CJSONScanner.h; sourceTree = "<group>"; };
		A6F1029F1176DD96009298C8 /* CJSONScanner.m */ = {isa = PBXFileReference; fileEncoding = 4; lastKnownFileType = sourcecode.c.objc; path = CJSONScanner.m; sourceTree = "<group>"; };
		A6F102A01176DD96009298C8 /* CJSONSerializer.h */ = {isa = PBXFileReference; fileEncoding = 4; lastKnownFileType = sourcecode.c.h; path = CJSONSerializer.h; sourceTree = "<group>"; };
		A6F102A11176DD96009298C8 /* CJSONSerializer.m */ = {isa = PBXFileReference; fileEncoding = 4; lastKnownFileType = sourcecode.c.objc; path = CJSONSerializer.m; sourceTree = "<group>"; };
		A6F102A21176DD96009298C8 /* CSerializedJSONData.h */ = {isa = PBXFileReference; fileEncoding = 4; lastKnownFileType = sourcecode.c.h; path = CSerializedJSONData.h; sourceTree = "<group>"; };
		A6F102A31176DD96009298C8 /* CSerializedJSONData.m */ = {isa = PBXFileReference; fileEncoding = 4; lastKnownFileType = sourcecode.c.objc; path = CSerializedJSONData.m; sourceTree = "<group>"; };
		A6F102E81176E36F009298C8 /* AudioToolbox.framework */ = {isa = PBXFileReference; lastKnownFileType = wrapper.framework; name = AudioToolbox.framework; path = System/Library/Frameworks/AudioToolbox.framework; sourceTree = SDKROOT; };
		A6F102EA1176E36F009298C8 /* MediaPlayer.framework */ = {isa = PBXFileReference; lastKnownFileType = wrapper.framework; name = MediaPlayer.framework; path = System/Library/Frameworks/MediaPlayer.framework; sourceTree = SDKROOT; };
		A6F102EC1176E36F009298C8 /* MessageUI.framework */ = {isa = PBXFileReference; lastKnownFileType = wrapper.framework; name = MessageUI.framework; path = System/Library/Frameworks/MessageUI.framework; sourceTree = SDKROOT; };
		A6F102EE1176E36F009298C8 /* QuartzCore.framework */ = {isa = PBXFileReference; lastKnownFileType = wrapper.framework; name = QuartzCore.framework; path = System/Library/Frameworks/QuartzCore.framework; sourceTree = SDKROOT; };
		C9F0611A117F663600F165A2 /* USGSViewController.h */ = {isa = PBXFileReference; fileEncoding = 4; lastKnownFileType = sourcecode.c.h; path = USGSViewController.h; sourceTree = "<group>"; };
		C9F0611B117F663600F165A2 /* USGSViewController.m */ = {isa = PBXFileReference; fileEncoding = 4; lastKnownFileType = sourcecode.c.objc; path = USGSViewController.m; sourceTree = "<group>"; };
		C9F0611C117F663600F165A2 /* USGSViewController.xib */ = {isa = PBXFileReference; lastKnownFileType = file.xib; name = USGSViewController.xib; path = Classes/USGSViewController.xib; sourceTree = "<group>"; };
		C9F0612B117F6AAE00F165A2 /* close.png */ = {isa = PBXFileReference; lastKnownFileType = image.png; path = close.png; sourceTree = "<group>"; };
		C9F06179117F72DF00F165A2 /* line.png */ = {isa = PBXFileReference; lastKnownFileType = image.png; path = line.png; sourceTree = "<group>"; };
/* End PBXFileReference section */

/* Begin PBXFrameworksBuildPhase section */
		1D60588F0D05DD3D006BFB54 /* Frameworks */ = {
			isa = PBXFrameworksBuildPhase;
			buildActionMask = 2147483647;
			files = (
				1D60589F0D05DD5A006BFB54 /* Foundation.framework in Frameworks */,
				1DF5F4E00D08C38300B7A737 /* UIKit.framework in Frameworks */,
				2892E4100DC94CBA00A64D0F /* CoreGraphics.framework in Frameworks */,
				A6CA316D1176831400CB8BDF /* MapKit.framework in Frameworks */,
				A6F102A41176DD96009298C8 /* libAdMob.a in Frameworks */,
				A6F102E91176E36F009298C8 /* AudioToolbox.framework in Frameworks */,
				A6F102EB1176E36F009298C8 /* MediaPlayer.framework in Frameworks */,
				A6F102ED1176E36F009298C8 /* MessageUI.framework in Frameworks */,
				A6F102EF1176E36F009298C8 /* QuartzCore.framework in Frameworks */,
			);
			runOnlyForDeploymentPostprocessing = 0;
		};
/* End PBXFrameworksBuildPhase section */

/* Begin PBXGroup section */
		080E96DDFE201D6D7F000001 /* Classes */ = {
			isa = PBXGroup;
			children = (
				A6CA30B711766F0800CB8BDF /* Models */,
				A6F101E91176C1D1009298C8 /* Views */,
				1D3623240D0F684500981E51 /* AdMobSampleAdsiPadAppDelegate.h */,
				1D3623250D0F684500981E51 /* AdMobSampleAdsiPadAppDelegate.m */,
				A6F102031176C99B009298C8 /* EarthquakeListViewController.h */,
				A6F102041176C99B009298C8 /* EarthquakeListViewController.m */,
				28042009108E984D000629CD /* DetailViewController.h */,
				2804200A108E984D000629CD /* DetailViewController.m */,
				C9F0611A117F663600F165A2 /* USGSViewController.h */,
				C9F0611B117F663600F165A2 /* USGSViewController.m */,
			);
			path = Classes;
			sourceTree = "<group>";
		};
		19C28FACFE9D520D11CA2CBB /* Products */ = {
			isa = PBXGroup;
			children = (
				1D6058910D05DD3D006BFB54 /* AdMobSampleAdsiPad.app */,
			);
			name = Products;
			sourceTree = "<group>";
		};
		29B97314FDCFA39411CA2CEA /* CustomTemplate */ = {
			isa = PBXGroup;
			children = (
				A6F102871176DD96009298C8 /* AdMob */,
				A6F1028D1176DD96009298C8 /* TouchJSON */,
				A6CB8F3B11860C6F00F7DD44 /* IBSupport */,
				080E96DDFE201D6D7F000001 /* Classes */,
				29B97315FDCFA39411CA2CEA /* Other Sources */,
				29B97317FDCFA39411CA2CEA /* Resources */,
				29B97323FDCFA39411CA2CEA /* Frameworks */,
				19C28FACFE9D520D11CA2CBB /* Products */,
			);
			name = CustomTemplate;
			sourceTree = "<group>";
		};
		29B97315FDCFA39411CA2CEA /* Other Sources */ = {
			isa = PBXGroup;
			children = (
				28A0AAE50D9B0CCF005BE974 /* AdMobSampleAdsiPad_Prefix.pch */,
				29B97316FDCFA39411CA2CEA /* main.m */,
			);
			name = "Other Sources";
			sourceTree = "<group>";
		};
		29B97317FDCFA39411CA2CEA /* Resources */ = {
			isa = PBXGroup;
			children = (
				A638F1F2119340B10016606F /* icon.png */,
				C9F06179117F72DF00F165A2 /* line.png */,
				C9F0612B117F6AAE00F165A2 /* close.png */,
				A6CA3199117685E400CB8BDF /* 2.0.png */,
				A6CA319A117685E400CB8BDF /* 3.0.png */,
				A6CA319B117685E400CB8BDF /* 4.0.png */,
				A6CA319C117685E400CB8BDF /* 5.0.png */,
				28AD735F0D9D9599002E5188 /* MainWindow.xib */,
				2804203B108E9BAB000629CD /* DetailView.xib */,
				C9F0611C117F663600F165A2 /* USGSViewController.xib */,
				8D1107310486CEB800E47090 /* AdMobSampleAdsiPad-Info.plist */,
			);
			name = Resources;
			sourceTree = "<group>";
		};
		29B97323FDCFA39411CA2CEA /* Frameworks */ = {
			isa = PBXGroup;
			children = (
				1DF5F4DF0D08C38300B7A737 /* UIKit.framework */,
				1D30AB110D05D00D00671497 /* Foundation.framework */,
				2892E40F0DC94CBA00A64D0F /* CoreGraphics.framework */,
				A6CA316C1176831400CB8BDF /* MapKit.framework */,
				A6F102E81176E36F009298C8 /* AudioToolbox.framework */,
				A6F102EA1176E36F009298C8 /* MediaPlayer.framework */,
				A6F102EC1176E36F009298C8 /* MessageUI.framework */,
				A6F102EE1176E36F009298C8 /* QuartzCore.framework */,
			);
			name = Frameworks;
			sourceTree = "<group>";
		};
		A6CA30B711766F0800CB8BDF /* Models */ = {
			isa = PBXGroup;
			children = (
				A6CA30B411766D6200CB8BDF /* Earthquake.h */,
				A6CA30B511766D6200CB8BDF /* Earthquake.m */,
				A6CA30BA11766F7600CB8BDF /* EarthquakesLoader.h */,
				A6CA30BB11766F7600CB8BDF /* EarthquakesLoader.m */,
				A6F1022A1176CBD0009298C8 /* EarthquakeMapAnnotation.h */,
				A6F1022B1176CBD0009298C8 /* EarthquakeMapAnnotation.m */,
			);
			name = Models;
			sourceTree = "<group>";
		};
		A6CB8F3B11860C6F00F7DD44 /* IBSupport */ = {
			isa = PBXGroup;
			children = (
				A6CB8F3C11860C6F00F7DD44 /* AdViewController.h */,
				A6CB8F3D11860C6F00F7DD44 /* AdViewController.m */,
			);
			name = IBSupport;
			path = ../../IBSupport;
			sourceTree = SOURCE_ROOT;
		};
		A6F101E91176C1D1009298C8 /* Views */ = {
			isa = PBXGroup;
			children = (
				A6CA31A1117686E200CB8BDF /* EarthquakeCell.h */,
				A6CA31A2117686E200CB8BDF /* EarthquakeCell.m */,
			);
			name = Views;
			sourceTree = "<group>";
		};
		A6F102871176DD96009298C8 /* AdMob */ = {
			isa = PBXGroup;
			children = (
				A6F102881176DD96009298C8 /* AdMobDelegateProtocol.h */,
				A6F102891176DD96009298C8 /* AdMobInterstitialAd.h */,
				A6F1028A1176DD96009298C8 /* AdMobInterstitialDelegateProtocol.h */,
				A6F1028B1176DD96009298C8 /* AdMobView.h */,
				A6F1028C1176DD96009298C8 /* libAdMob.a */,
			);
			name = AdMob;
			path = ../../AdMob;
			sourceTree = SOURCE_ROOT;
		};
		A6F1028D1176DD96009298C8 /* TouchJSON */ = {
			isa = PBXGroup;
			children = (
				A6F1028E1176DD96009298C8 /* CDataScanner.h */,
				A6F1028F1176DD96009298C8 /* CDataScanner.m */,
				A6F102901176DD96009298C8 /* Extensions */,
				A6F102991176DD96009298C8 /* JSON */,
			);
			name = TouchJSON;
			path = ../../TouchJSON;
			sourceTree = SOURCE_ROOT;
		};
		A6F102901176DD96009298C8 /* Extensions */ = {
			isa = PBXGroup;
			children = (
				A6F102911176DD96009298C8 /* CDataScanner_Extensions.h */,
				A6F102921176DD96009298C8 /* CDataScanner_Extensions.m */,
				A6F102931176DD96009298C8 /* NSCharacterSet_Extensions.h */,
				A6F102941176DD96009298C8 /* NSCharacterSet_Extensions.m */,
				A6F102951176DD96009298C8 /* NSDictionary_JSONExtensions.h */,
				A6F102961176DD96009298C8 /* NSDictionary_JSONExtensions.m */,
				A6F102971176DD96009298C8 /* NSScanner_Extensions.h */,
				A6F102981176DD96009298C8 /* NSScanner_Extensions.m */,
			);
			path = Extensions;
			sourceTree = "<group>";
		};
		A6F102991176DD96009298C8 /* JSON */ = {
			isa = PBXGroup;
			children = (
				A6F1029A1176DD96009298C8 /* CJSONDataSerializer.h */,
				A6F1029B1176DD96009298C8 /* CJSONDataSerializer.m */,
				A6F1029C1176DD96009298C8 /* CJSONDeserializer.h */,
				A6F1029D1176DD96009298C8 /* CJSONDeserializer.m */,
				A6F1029E1176DD96009298C8 /* CJSONScanner.h */,
				A6F1029F1176DD96009298C8 /* CJSONScanner.m */,
				A6F102A01176DD96009298C8 /* CJSONSerializer.h */,
				A6F102A11176DD96009298C8 /* CJSONSerializer.m */,
				A6F102A21176DD96009298C8 /* CSerializedJSONData.h */,
				A6F102A31176DD96009298C8 /* CSerializedJSONData.m */,
			);
			path = JSON;
			sourceTree = "<group>";
		};
/* End PBXGroup section */

/* Begin PBXNativeTarget section */
		1D6058900D05DD3D006BFB54 /* AdMobSampleAdsiPad */ = {
			isa = PBXNativeTarget;
			buildConfigurationList = 1D6058960D05DD3E006BFB54 /* Build configuration list for PBXNativeTarget "AdMobSampleAdsiPad" */;
			buildPhases = (
				1D60588D0D05DD3D006BFB54 /* Resources */,
				1D60588E0D05DD3D006BFB54 /* Sources */,
				1D60588F0D05DD3D006BFB54 /* Frameworks */,
			);
			buildRules = (
			);
			dependencies = (
			);
			name = AdMobSampleAdsiPad;
			productName = AdMobSampleAdsiPad;
			productReference = 1D6058910D05DD3D006BFB54 /* AdMobSampleAdsiPad.app */;
			productType = "com.apple.product-type.application";
		};
/* End PBXNativeTarget section */

/* Begin PBXProject section */
		29B97313FDCFA39411CA2CEA /* Project object */ = {
			isa = PBXProject;
			buildConfigurationList = C01FCF4E08A954540054247B /* Build configuration list for PBXProject "AdMobSampleAdsiPad" */;
			compatibilityVersion = "Xcode 3.2";
			developmentRegion = English;
			hasScannedForEncodings = 1;
			knownRegions = (
				English,
				Japanese,
				French,
				German,
				en,
			);
			mainGroup = 29B97314FDCFA39411CA2CEA /* CustomTemplate */;
			projectDirPath = "";
			projectRoot = "";
			targets = (
				1D6058900D05DD3D006BFB54 /* AdMobSampleAdsiPad */,
			);
		};
/* End PBXProject section */

/* Begin PBXResourcesBuildPhase section */
		1D60588D0D05DD3D006BFB54 /* Resources */ = {
			isa = PBXResourcesBuildPhase;
			buildActionMask = 2147483647;
			files = (
				28AD73600D9D9599002E5188 /* MainWindow.xib in Resources */,
				2804203C108E9BAB000629CD /* DetailView.xib in Resources */,
				A6CA319D117685E400CB8BDF /* 2.0.png in Resources */,
				A6CA319E117685E400CB8BDF /* 3.0.png in Resources */,
				A6CA319F117685E400CB8BDF /* 4.0.png in Resources */,
				A6CA31A0117685E400CB8BDF /* 5.0.png in Resources */,
				C9F0611E117F663600F165A2 /* USGSViewController.xib in Resources */,
				C9F0612C117F6AAE00F165A2 /* close.png in Resources */,
				C9F0617A117F72DF00F165A2 /* line.png in Resources */,
				A638F1F3119340B10016606F /* icon.png in Resources */,
			);
			runOnlyForDeploymentPostprocessing = 0;
		};
/* End PBXResourcesBuildPhase section */

/* Begin PBXSourcesBuildPhase section */
		1D60588E0D05DD3D006BFB54 /* Sources */ = {
			isa = PBXSourcesBuildPhase;
			buildActionMask = 2147483647;
			files = (
				1D60589B0D05DD56006BFB54 /* main.m in Sources */,
				1D3623260D0F684500981E51 /* AdMobSampleAdsiPadAppDelegate.m in Sources */,
				2804200C108E984D000629CD /* DetailViewController.m in Sources */,
				A6CA30B611766D6200CB8BDF /* Earthquake.m in Sources */,
				A6CA30BC11766F7600CB8BDF /* EarthquakesLoader.m in Sources */,
				A6CA31A3117686E200CB8BDF /* EarthquakeCell.m in Sources */,
				A6F102051176C99B009298C8 /* EarthquakeListViewController.m in Sources */,
				A6F1022C1176CBD0009298C8 /* EarthquakeMapAnnotation.m in Sources */,
				A6F102A51176DD96009298C8 /* CDataScanner.m in Sources */,
				A6F102A61176DD96009298C8 /* CDataScanner_Extensions.m in Sources */,
				A6F102A71176DD96009298C8 /* NSCharacterSet_Extensions.m in Sources */,
				A6F102A81176DD96009298C8 /* NSDictionary_JSONExtensions.m in Sources */,
				A6F102A91176DD96009298C8 /* NSScanner_Extensions.m in Sources */,
				A6F102AA1176DD96009298C8 /* CJSONDataSerializer.m in Sources */,
				A6F102AB1176DD96009298C8 /* CJSONDeserializer.m in Sources */,
				A6F102AC1176DD96009298C8 /* CJSONScanner.m in Sources */,
				A6F102AD1176DD96009298C8 /* CJSONSerializer.m in Sources */,
				A6F102AE1176DD96009298C8 /* CSerializedJSONData.m in Sources */,
				C9F0611D117F663600F165A2 /* USGSViewController.m in Sources */,
				A6CB8F3E11860C6F00F7DD44 /* AdViewController.m in Sources */,
			);
			runOnlyForDeploymentPostprocessing = 0;
		};
/* End PBXSourcesBuildPhase section */

/* Begin XCBuildConfiguration section */
		1D6058940D05DD3E006BFB54 /* Debug */ = {
			isa = XCBuildConfiguration;
			buildSettings = {
				ALWAYS_SEARCH_USER_PATHS = NO;
				COPY_PHASE_STRIP = NO;
				GCC_DYNAMIC_NO_PIC = NO;
				GCC_OPTIMIZATION_LEVEL = 0;
				GCC_PRECOMPILE_PREFIX_HEADER = YES;
				GCC_PREFIX_HEADER = AdMobSampleAdsiPad_Prefix.pch;
				INFOPLIST_FILE = "AdMobSampleAdsiPad-Info.plist";
				LIBRARY_SEARCH_PATHS = (
					"$(inherited)",
					"\"$(SRCROOT)/../../AdMob\"",
				);
				PRODUCT_NAME = AdMobSampleAdsiPad;
			};
			name = Debug;
		};
		1D6058950D05DD3E006BFB54 /* Release */ = {
			isa = XCBuildConfiguration;
			buildSettings = {
				ALWAYS_SEARCH_USER_PATHS = NO;
				COPY_PHASE_STRIP = YES;
				GCC_PRECOMPILE_PREFIX_HEADER = YES;
				GCC_PREFIX_HEADER = AdMobSampleAdsiPad_Prefix.pch;
				INFOPLIST_FILE = "AdMobSampleAdsiPad-Info.plist";
				LIBRARY_SEARCH_PATHS = (
					"$(inherited)",
					"\"$(SRCROOT)/../../AdMob\"",
				);
				PRODUCT_NAME = AdMobSampleAdsiPad;
				VALIDATE_PRODUCT = YES;
			};
			name = Release;
		};
		C01FCF4F08A954540054247B /* Debug */ = {
			isa = XCBuildConfiguration;
			buildSettings = {
				"ARCHS[sdk=iphoneos*]" = armv7;
				"ARCHS[sdk=iphonesimulator*]" = i386;
				"CODE_SIGN_IDENTITY[sdk=iphoneos*]" = "iPhone Developer";
				GCC_C_LANGUAGE_STANDARD = c99;
				GCC_WARN_ABOUT_RETURN_TYPE = YES;
				GCC_WARN_UNUSED_VARIABLE = YES;
				PREBINDING = NO;
				SDKROOT = iphoneos;
				TARGETED_DEVICE_FAMILY = 2;
			};
			name = Debug;
		};
		C01FCF5008A954540054247B /* Release */ = {
			isa = XCBuildConfiguration;
			buildSettings = {
				"ARCHS[sdk=iphoneos*]" = armv7;
				"ARCHS[sdk=iphonesimulator*]" = i386;
				"CODE_SIGN_IDENTITY[sdk=iphoneos*]" = "iPhone Developer";
				GCC_C_LANGUAGE_STANDARD = c99;
				GCC_WARN_ABOUT_RETURN_TYPE = YES;
				GCC_WARN_UNUSED_VARIABLE = YES;
				OTHER_CFLAGS = "-DNS_BLOCK_ASSERTIONS=1";
				PREBINDING = NO;
				SDKROOT = iphoneos;
				TARGETED_DEVICE_FAMILY = 2;
			};
			name = Release;
		};
/* End XCBuildConfiguration section */

/* Begin XCConfigurationList section */
		1D6058960D05DD3E006BFB54 /* Build configuration list for PBXNativeTarget "AdMobSampleAdsiPad" */ = {
			isa = XCConfigurationList;
			buildConfigurations = (
				1D6058940D05DD3E006BFB54 /* Debug */,
				1D6058950D05DD3E006BFB54 /* Release */,
			);
			defaultConfigurationIsVisible = 0;
			defaultConfigurationName = Release;
		};
		C01FCF4E08A954540054247B /* Build configuration list for PBXProject "AdMobSampleAdsiPad" */ = {
			isa = XCConfigurationList;
			buildConfigurations = (
				C01FCF4F08A954540054247B /* Debug */,
				C01FCF5008A954540054247B /* Release */,
			);
			defaultConfigurationIsVisible = 0;
			defaultConfigurationName = Release;
		};
/* End XCConfigurationList section */
	};
	rootObject = 29B97313FDCFA39411CA2CEA /* Project object */;
}
