// !$*UTF8*$!
{
	archiveVersion = 1;
	classes = {
	};
	objectVersion = 46;
	objects = {

/* Begin PBXBuildFile section */
		1D3623260D0F684500981E51 /* AzCalcAppDelegate.m in Sources */ = {isa = PBXBuildFile; fileRef = 1D3623250D0F684500981E51 /* AzCalcAppDelegate.m */; };
		1D60589B0D05DD56006BFB54 /* main.m in Sources */ = {isa = PBXBuildFile; fileRef = 29B97316FDCFA39411CA2CEA /* main.m */; };
		1D60589F0D05DD5A006BFB54 /* Foundation.framework in Frameworks */ = {isa = PBXBuildFile; fileRef = 1D30AB110D05D00D00671497 /* Foundation.framework */; };
		1DF5F4E00D08C38300B7A737 /* UIKit.framework in Frameworks */ = {isa = PBXBuildFile; fileRef = 1DF5F4DF0D08C38300B7A737 /* UIKit.framework */; };
		288765A50DF7441C002DB57D /* CoreGraphics.framework in Frameworks */ = {isa = PBXBuildFile; fileRef = 288765A40DF7441C002DB57D /* CoreGraphics.framework */; };
		2899E5220DE3E06400AC0155 /* AzCalcViewController.xib in Resources */ = {isa = PBXBuildFile; fileRef = 2899E5210DE3E06400AC0155 /* AzCalcViewController.xib */; };
		28AD733F0D9D9553002E5188 /* MainWindow.xib in Resources */ = {isa = PBXBuildFile; fileRef = 28AD733E0D9D9553002E5188 /* MainWindow.xib */; };
		28D7ACF80DDB3853001CB0EB /* AzCalcViewController.mm in Sources */ = {isa = PBXBuildFile; fileRef = 28D7ACF70DDB3853001CB0EB /* AzCalcViewController.mm */; };
		441D242511F3056200A3B68A /* InfoPlist.strings in Resources */ = {isa = PBXBuildFile; fileRef = 441D242211F3056200A3B68A /* InfoPlist.strings */; };
		44377D55131528CF0064EA93 /* Default-Portrait~ipad.png in Resources */ = {isa = PBXBuildFile; fileRef = 44377D54131528CF0064EA93 /* Default-Portrait~ipad.png */; };
		44377D57131528EE0064EA93 /* Default-Landscape~ipad.png in Resources */ = {isa = PBXBuildFile; fileRef = 44377D56131528EE0064EA93 /* Default-Landscape~ipad.png */; };
		44377D59131528FC0064EA93 /* Default.png in Resources */ = {isa = PBXBuildFile; fileRef = 44377D58131528FC0064EA93 /* Default.png */; };
		44377D5B131529060064EA93 /* Default@2x.png in Resources */ = {isa = PBXBuildFile; fileRef = 44377D5A131529060064EA93 /* Default@2x.png */; };
		444187F4120EBCD600DE74B0 /* AzKeyMaster.plist in Resources */ = {isa = PBXBuildFile; fileRef = 444187F3120EBCD600DE74B0 /* AzKeyMaster.plist */; };
		445183D3130398D6002820EA /* CDataScanner.m in Sources */ = {isa = PBXBuildFile; fileRef = 445183B8130398D6002820EA /* CDataScanner.m */; };
		445183D4130398D6002820EA /* CDataScanner_Extensions.m in Sources */ = {isa = PBXBuildFile; fileRef = 445183BB130398D6002820EA /* CDataScanner_Extensions.m */; };
		445183D5130398D6002820EA /* NSCharacterSet_Extensions.m in Sources */ = {isa = PBXBuildFile; fileRef = 445183BD130398D6002820EA /* NSCharacterSet_Extensions.m */; };
		445183D6130398D6002820EA /* NSDictionary_JSONExtensions.m in Sources */ = {isa = PBXBuildFile; fileRef = 445183BF130398D6002820EA /* NSDictionary_JSONExtensions.m */; };
		445183D7130398D6002820EA /* NSScanner_Extensions.m in Sources */ = {isa = PBXBuildFile; fileRef = 445183C1130398D6002820EA /* NSScanner_Extensions.m */; };
		445183D8130398D6002820EA /* CJSONDataSerializer.m in Sources */ = {isa = PBXBuildFile; fileRef = 445183C4130398D6002820EA /* CJSONDataSerializer.m */; };
		445183D9130398D6002820EA /* CJSONDeserializer.m in Sources */ = {isa = PBXBuildFile; fileRef = 445183C6130398D6002820EA /* CJSONDeserializer.m */; };
		445183DA130398D6002820EA /* CJSONScanner.m in Sources */ = {isa = PBXBuildFile; fileRef = 445183C8130398D6002820EA /* CJSONScanner.m */; };
		445183DB130398D6002820EA /* CJSONSerializer.m in Sources */ = {isa = PBXBuildFile; fileRef = 445183CA130398D6002820EA /* CJSONSerializer.m */; };
		445183DC130398D6002820EA /* CSerializedJSONData.m in Sources */ = {isa = PBXBuildFile; fileRef = 445183CC130398D6002820EA /* CSerializedJSONData.m */; };
		445183DD130398D6002820EA /* libAdMob.a in Frameworks */ = {isa = PBXBuildFile; fileRef = 445183D2130398D6002820EA /* libAdMob.a */; };
		445184441303B8BE002820EA /* Icon16-Setting.png in Resources */ = {isa = PBXBuildFile; fileRef = 445184431303B8BE002820EA /* Icon16-Setting.png */; };
		446E08C7133450DF006859F4 /* Icon-Drum60x37.png in Resources */ = {isa = PBXBuildFile; fileRef = 446E08C3133450DF006859F4 /* Icon-Drum60x37.png */; };
		446E08C8133450DF006859F4 /* Icon-Drum60x37@2x.png in Resources */ = {isa = PBXBuildFile; fileRef = 446E08C4133450DF006859F4 /* Icon-Drum60x37@2x.png */; };
		446E08C9133450DF006859F4 /* Icon-DrumPush60x37.png in Resources */ = {isa = PBXBuildFile; fileRef = 446E08C5133450DF006859F4 /* Icon-DrumPush60x37.png */; };
		446E08CA133450DF006859F4 /* Icon-DrumPush60x37@2x.png in Resources */ = {isa = PBXBuildFile; fileRef = 446E08C6133450DF006859F4 /* Icon-DrumPush60x37@2x.png */; };
		446E08CD133454F1006859F4 /* Icon-Drum128x79.png in Resources */ = {isa = PBXBuildFile; fileRef = 446E08CB133454F1006859F4 /* Icon-Drum128x79.png */; };
		446E08CE133454F1006859F4 /* Icon-DrumPush128x79.png in Resources */ = {isa = PBXBuildFile; fileRef = 446E08CC133454F1006859F4 /* Icon-DrumPush128x79.png */; };
		448D99311307D1DD004DFD62 /* Localizable.strings in Resources */ = {isa = PBXBuildFile; fileRef = 448D99301307D1DD004DFD62 /* Localizable.strings */; };
		448D997D1307DC8D004DFD62 /* SettingVC.xib in Resources */ = {isa = PBXBuildFile; fileRef = 448D997C1307DC8D004DFD62 /* SettingVC.xib */; };
		449E6B98121FA34100338E7F /* AzKeySet-iPad.plist in Resources */ = {isa = PBXBuildFile; fileRef = 449E6B97121FA34100338E7F /* AzKeySet-iPad.plist */; };
		449F71C811F546E600B778F1 /* Drum.mm in Sources */ = {isa = PBXBuildFile; fileRef = 449F71C711F546E600B778F1 /* Drum.mm */; };
		44A20A381212D96F000A315E /* KeyButton.m in Sources */ = {isa = PBXBuildFile; fileRef = 44A20A371212D96F000A315E /* KeyButton.m */; };
		44A3D38211F31E4C0001BF89 /* InformationVC.m in Sources */ = {isa = PBXBuildFile; fileRef = 44A3D38011F31E4C0001BF89 /* InformationVC.m */; };
		44A3D4CD11F355400001BF89 /* InformationVC.xib in Resources */ = {isa = PBXBuildFile; fileRef = 44A3D4CA11F355400001BF89 /* InformationVC.xib */; };
		44A560D813237E48000E4628 /* AzKeySet.plist in Resources */ = {isa = PBXBuildFile; fileRef = 44A560D713237E48000E4628 /* AzKeySet.plist */; };
		44A8B23611F3E5F6007D6FA0 /* icon32-PageFilp.png in Resources */ = {isa = PBXBuildFile; fileRef = 44A8B23511F3E5F6007D6FA0 /* icon32-PageFilp.png */; };
		44A8B24611F3EC87007D6FA0 /* OptionVC.m in Sources */ = {isa = PBXBuildFile; fileRef = 44A8B24411F3EC87007D6FA0 /* OptionVC.m */; };
		44A8B24711F3EC87007D6FA0 /* OptionVC.xib in Resources */ = {isa = PBXBuildFile; fileRef = 44A8B24511F3EC87007D6FA0 /* OptionVC.xib */; };
		44AB053F1225886E005E11A7 /* Setting-iPad.xib in Resources */ = {isa = PBXBuildFile; fileRef = 44AB053E1225886E005E11A7 /* Setting-iPad.xib */; };
		44AB8B3011F1E3E200D7C4F9 /* iAd.framework in Frameworks */ = {isa = PBXBuildFile; fileRef = 44AB8B2F11F1E3E200D7C4F9 /* iAd.framework */; settings = {ATTRIBUTES = (Weak, ); }; };
		44AF898413052F3D00D3594C /* CalcFunctions.mm in Sources */ = {isa = PBXBuildFile; fileRef = 44AF898213052F3D00D3594C /* CalcFunctions.mm */; };
		44AF8AA2130578BF00D3594C /* AudioToolbox.framework in Frameworks */ = {isa = PBXBuildFile; fileRef = 44AF8AA1130578BF00D3594C /* AudioToolbox.framework */; };
		44AF8AA4130578BF00D3594C /* MediaPlayer.framework in Frameworks */ = {isa = PBXBuildFile; fileRef = 44AF8AA3130578BF00D3594C /* MediaPlayer.framework */; };
		44AF8AA6130578BF00D3594C /* MessageUI.framework in Frameworks */ = {isa = PBXBuildFile; fileRef = 44AF8AA5130578BF00D3594C /* MessageUI.framework */; settings = {ATTRIBUTES = (Weak, ); }; };
		44AF8AA8130578BF00D3594C /* QuartzCore.framework in Frameworks */ = {isa = PBXBuildFile; fileRef = 44AF8AA7130578BF00D3594C /* QuartzCore.framework */; };
		44AF8D5A11FC8F0700D4B206 /* SBCD.cpp in Sources */ = {isa = PBXBuildFile; fileRef = 44AF8D5911FC8F0700D4B206 /* SBCD.cpp */; };
		44BC4C481359E9A1009B995C /* MainWindow.xib in Resources */ = {isa = PBXBuildFile; fileRef = 28AD733E0D9D9553002E5188 /* MainWindow.xib */; };
		44BC4C491359E9A1009B995C /* AzCalcViewController.xib in Resources */ = {isa = PBXBuildFile; fileRef = 2899E5210DE3E06400AC0155 /* AzCalcViewController.xib */; };
		44BC4C4A1359E9A1009B995C /* Localizable.strings in Resources */ = {isa = PBXBuildFile; fileRef = 448D99301307D1DD004DFD62 /* Localizable.strings */; };
		44BC4C4B1359E9A1009B995C /* InfoPlist.strings in Resources */ = {isa = PBXBuildFile; fileRef = 441D242211F3056200A3B68A /* InfoPlist.strings */; };
		44BC4C4C1359E9A1009B995C /* SettingVC.xib in Resources */ = {isa = PBXBuildFile; fileRef = 448D997C1307DC8D004DFD62 /* SettingVC.xib */; };
		44BC4C4D1359E9A1009B995C /* InformationVC.xib in Resources */ = {isa = PBXBuildFile; fileRef = 44A3D4CA11F355400001BF89 /* InformationVC.xib */; };
		44BC4C4E1359E9A1009B995C /* icon32-PageFilp.png in Resources */ = {isa = PBXBuildFile; fileRef = 44A8B23511F3E5F6007D6FA0 /* icon32-PageFilp.png */; };
		44BC4C4F1359E9A1009B995C /* OptionVC.xib in Resources */ = {isa = PBXBuildFile; fileRef = 44A8B24511F3EC87007D6FA0 /* OptionVC.xib */; };
		44BC4C501359E9A1009B995C /* MainWindow-iPad.xib in Resources */ = {isa = PBXBuildFile; fileRef = 44EF5DA912099BBF00BB87B6 /* MainWindow-iPad.xib */; };
		44BC4C511359E9A1009B995C /* AzCalcViewController-iPad.xib in Resources */ = {isa = PBXBuildFile; fileRef = 44EF5DD712099EB400BB87B6 /* AzCalcViewController-iPad.xib */; };
		44BC4C521359E9A1009B995C /* Setting-iPad.xib in Resources */ = {isa = PBXBuildFile; fileRef = 44AB053E1225886E005E11A7 /* Setting-iPad.xib */; };
		44BC4C531359E9A1009B995C /* Information-iPad.xib in Resources */ = {isa = PBXBuildFile; fileRef = 44EF5DE012099FB200BB87B6 /* Information-iPad.xib */; };
		44BC4C541359E9A1009B995C /* AzKeyMaster.plist in Resources */ = {isa = PBXBuildFile; fileRef = 444187F3120EBCD600DE74B0 /* AzKeyMaster.plist */; };
		44BC4C551359E9A1009B995C /* AzKeySet-iPad.plist in Resources */ = {isa = PBXBuildFile; fileRef = 449E6B97121FA34100338E7F /* AzKeySet-iPad.plist */; };
		44BC4C561359E9A1009B995C /* Icon16-Setting.png in Resources */ = {isa = PBXBuildFile; fileRef = 445184431303B8BE002820EA /* Icon16-Setting.png */; };
		44BC4C571359E9A1009B995C /* Icon16-Setting@2x.png in Resources */ = {isa = PBXBuildFile; fileRef = 44D4B74213150BC100D89E34 /* Icon16-Setting@2x.png */; };
		44BC4C581359E9A1009B995C /* Default-Portrait~ipad.png in Resources */ = {isa = PBXBuildFile; fileRef = 44377D54131528CF0064EA93 /* Default-Portrait~ipad.png */; };
		44BC4C591359E9A1009B995C /* Default-Landscape~ipad.png in Resources */ = {isa = PBXBuildFile; fileRef = 44377D56131528EE0064EA93 /* Default-Landscape~ipad.png */; };
		44BC4C5A1359E9A1009B995C /* Default.png in Resources */ = {isa = PBXBuildFile; fileRef = 44377D58131528FC0064EA93 /* Default.png */; };
		44BC4C5B1359E9A1009B995C /* Default@2x.png in Resources */ = {isa = PBXBuildFile; fileRef = 44377D5A131529060064EA93 /* Default@2x.png */; };
		44BC4C5F1359E9A1009B995C /* AzKeySet.plist in Resources */ = {isa = PBXBuildFile; fileRef = 44A560D713237E48000E4628 /* AzKeySet.plist */; };
		44BC4C601359E9A1009B995C /* Icon-Drum60x37.png in Resources */ = {isa = PBXBuildFile; fileRef = 446E08C3133450DF006859F4 /* Icon-Drum60x37.png */; };
		44BC4C611359E9A1009B995C /* Icon-Drum60x37@2x.png in Resources */ = {isa = PBXBuildFile; fileRef = 446E08C4133450DF006859F4 /* Icon-Drum60x37@2x.png */; };
		44BC4C621359E9A1009B995C /* Icon-DrumPush60x37.png in Resources */ = {isa = PBXBuildFile; fileRef = 446E08C5133450DF006859F4 /* Icon-DrumPush60x37.png */; };
		44BC4C631359E9A1009B995C /* Icon-DrumPush60x37@2x.png in Resources */ = {isa = PBXBuildFile; fileRef = 446E08C6133450DF006859F4 /* Icon-DrumPush60x37@2x.png */; };
		44BC4C641359E9A1009B995C /* Icon-Drum128x79.png in Resources */ = {isa = PBXBuildFile; fileRef = 446E08CB133454F1006859F4 /* Icon-Drum128x79.png */; };
		44BC4C651359E9A1009B995C /* Icon-DrumPush128x79.png in Resources */ = {isa = PBXBuildFile; fileRef = 446E08CC133454F1006859F4 /* Icon-DrumPush128x79.png */; };
		44BC4C671359E9A1009B995C /* main.m in Sources */ = {isa = PBXBuildFile; fileRef = 29B97316FDCFA39411CA2CEA /* main.m */; };
		44BC4C681359E9A1009B995C /* AzCalcAppDelegate.m in Sources */ = {isa = PBXBuildFile; fileRef = 1D3623250D0F684500981E51 /* AzCalcAppDelegate.m */; };
		44BC4C691359E9A1009B995C /* AzCalcViewController.mm in Sources */ = {isa = PBXBuildFile; fileRef = 28D7ACF70DDB3853001CB0EB /* AzCalcViewController.mm */; };
		44BC4C6A1359E9A1009B995C /* SettingVC.m in Sources */ = {isa = PBXBuildFile; fileRef = 44CB363611F0AA9F0057E9F3 /* SettingVC.m */; };
		44BC4C6B1359E9A1009B995C /* InformationVC.m in Sources */ = {isa = PBXBuildFile; fileRef = 44A3D38011F31E4C0001BF89 /* InformationVC.m */; };
		44BC4C6C1359E9A1009B995C /* OptionVC.m in Sources */ = {isa = PBXBuildFile; fileRef = 44A8B24411F3EC87007D6FA0 /* OptionVC.m */; };
		44BC4C6D1359E9A1009B995C /* Drum.mm in Sources */ = {isa = PBXBuildFile; fileRef = 449F71C711F546E600B778F1 /* Drum.mm */; };
		44BC4C6E1359E9A1009B995C /* SBCD.cpp in Sources */ = {isa = PBXBuildFile; fileRef = 44AF8D5911FC8F0700D4B206 /* SBCD.cpp */; };
		44BC4C6F1359E9A1009B995C /* KeyButton.m in Sources */ = {isa = PBXBuildFile; fileRef = 44A20A371212D96F000A315E /* KeyButton.m */; };
		44BC4C701359E9A1009B995C /* CDataScanner.m in Sources */ = {isa = PBXBuildFile; fileRef = 445183B8130398D6002820EA /* CDataScanner.m */; };
		44BC4C711359E9A1009B995C /* CDataScanner_Extensions.m in Sources */ = {isa = PBXBuildFile; fileRef = 445183BB130398D6002820EA /* CDataScanner_Extensions.m */; };
		44BC4C721359E9A1009B995C /* NSCharacterSet_Extensions.m in Sources */ = {isa = PBXBuildFile; fileRef = 445183BD130398D6002820EA /* NSCharacterSet_Extensions.m */; };
		44BC4C731359E9A1009B995C /* NSDictionary_JSONExtensions.m in Sources */ = {isa = PBXBuildFile; fileRef = 445183BF130398D6002820EA /* NSDictionary_JSONExtensions.m */; };
		44BC4C741359E9A1009B995C /* NSScanner_Extensions.m in Sources */ = {isa = PBXBuildFile; fileRef = 445183C1130398D6002820EA /* NSScanner_Extensions.m */; };
		44BC4C751359E9A1009B995C /* CJSONDataSerializer.m in Sources */ = {isa = PBXBuildFile; fileRef = 445183C4130398D6002820EA /* CJSONDataSerializer.m */; };
		44BC4C761359E9A1009B995C /* CJSONDeserializer.m in Sources */ = {isa = PBXBuildFile; fileRef = 445183C6130398D6002820EA /* CJSONDeserializer.m */; };
		44BC4C771359E9A1009B995C /* CJSONScanner.m in Sources */ = {isa = PBXBuildFile; fileRef = 445183C8130398D6002820EA /* CJSONScanner.m */; };
		44BC4C781359E9A1009B995C /* CJSONSerializer.m in Sources */ = {isa = PBXBuildFile; fileRef = 445183CA130398D6002820EA /* CJSONSerializer.m */; };
		44BC4C791359E9A1009B995C /* CSerializedJSONData.m in Sources */ = {isa = PBXBuildFile; fileRef = 445183CC130398D6002820EA /* CSerializedJSONData.m */; };
		44BC4C7A1359E9A1009B995C /* CalcFunctions.mm in Sources */ = {isa = PBXBuildFile; fileRef = 44AF898213052F3D00D3594C /* CalcFunctions.mm */; };
		44BC4C7C1359E9A1009B995C /* Foundation.framework in Frameworks */ = {isa = PBXBuildFile; fileRef = 1D30AB110D05D00D00671497 /* Foundation.framework */; };
		44BC4C7D1359E9A1009B995C /* UIKit.framework in Frameworks */ = {isa = PBXBuildFile; fileRef = 1DF5F4DF0D08C38300B7A737 /* UIKit.framework */; };
		44BC4C7E1359E9A1009B995C /* CoreGraphics.framework in Frameworks */ = {isa = PBXBuildFile; fileRef = 288765A40DF7441C002DB57D /* CoreGraphics.framework */; };
		44BC4C7F1359E9A1009B995C /* iAd.framework in Frameworks */ = {isa = PBXBuildFile; fileRef = 44AB8B2F11F1E3E200D7C4F9 /* iAd.framework */; settings = {ATTRIBUTES = (Weak, ); }; };
		44BC4C801359E9A1009B995C /* libAdMob.a in Frameworks */ = {isa = PBXBuildFile; fileRef = 445183D2130398D6002820EA /* libAdMob.a */; };
		44BC4C811359E9A1009B995C /* AudioToolbox.framework in Frameworks */ = {isa = PBXBuildFile; fileRef = 44AF8AA1130578BF00D3594C /* AudioToolbox.framework */; };
		44BC4C821359E9A1009B995C /* MediaPlayer.framework in Frameworks */ = {isa = PBXBuildFile; fileRef = 44AF8AA3130578BF00D3594C /* MediaPlayer.framework */; };
		44BC4C831359E9A1009B995C /* MessageUI.framework in Frameworks */ = {isa = PBXBuildFile; fileRef = 44AF8AA5130578BF00D3594C /* MessageUI.framework */; settings = {ATTRIBUTES = (Weak, ); }; };
		44BC4C841359E9A1009B995C /* QuartzCore.framework in Frameworks */ = {isa = PBXBuildFile; fileRef = 44AF8AA7130578BF00D3594C /* QuartzCore.framework */; };
		44BC4C8E1359E9F1009B995C /* Icon57free.png in Resources */ = {isa = PBXBuildFile; fileRef = 44BC4C8B1359E9F1009B995C /* Icon57free.png */; };
		44BC4C8F1359E9F1009B995C /* Icon57free@2x.png in Resources */ = {isa = PBXBuildFile; fileRef = 44BC4C8C1359E9F1009B995C /* Icon57free@2x.png */; };
		44BC4C901359E9F1009B995C /* Icon72free.png in Resources */ = {isa = PBXBuildFile; fileRef = 44BC4C8D1359E9F1009B995C /* Icon72free.png */; };
		44BC4C941359EA01009B995C /* Icon57s1.png in Resources */ = {isa = PBXBuildFile; fileRef = 44BC4C911359EA01009B995C /* Icon57s1.png */; };
		44BC4C951359EA01009B995C /* Icon57s1@2x.png in Resources */ = {isa = PBXBuildFile; fileRef = 44BC4C921359EA01009B995C /* Icon57s1@2x.png */; };
		44BC4C961359EA01009B995C /* Icon72s1.png in Resources */ = {isa = PBXBuildFile; fileRef = 44BC4C931359EA01009B995C /* Icon72s1.png */; };
		44CB363711F0AA9F0057E9F3 /* SettingVC.m in Sources */ = {isa = PBXBuildFile; fileRef = 44CB363611F0AA9F0057E9F3 /* SettingVC.m */; };
		44D4B74313150BC100D89E34 /* Icon16-Setting@2x.png in Resources */ = {isa = PBXBuildFile; fileRef = 44D4B74213150BC100D89E34 /* Icon16-Setting@2x.png */; };
		44EF5DAB12099BBF00BB87B6 /* MainWindow-iPad.xib in Resources */ = {isa = PBXBuildFile; fileRef = 44EF5DA912099BBF00BB87B6 /* MainWindow-iPad.xib */; };
		44EF5DD812099EB400BB87B6 /* AzCalcViewController-iPad.xib in Resources */ = {isa = PBXBuildFile; fileRef = 44EF5DD712099EB400BB87B6 /* AzCalcViewController-iPad.xib */; };
		44EF5DE112099FB200BB87B6 /* Information-iPad.xib in Resources */ = {isa = PBXBuildFile; fileRef = 44EF5DE012099FB200BB87B6 /* Information-iPad.xib */; };
/* End PBXBuildFile section */

/* Begin PBXFileReference section */
		1D30AB110D05D00D00671497 /* Foundation.framework */ = {isa = PBXFileReference; lastKnownFileType = wrapper.framework; name = Foundation.framework; path = System/Library/Frameworks/Foundation.framework; sourceTree = SDKROOT; };
		1D3623240D0F684500981E51 /* AzCalcAppDelegate.h */ = {isa = PBXFileReference; fileEncoding = 4; lastKnownFileType = sourcecode.c.h; path = AzCalcAppDelegate.h; sourceTree = "<group>"; };
		1D3623250D0F684500981E51 /* AzCalcAppDelegate.m */ = {isa = PBXFileReference; fileEncoding = 4; lastKnownFileType = sourcecode.c.objc; path = AzCalcAppDelegate.m; sourceTree = "<group>"; };
		1D6058910D05DD3D006BFB54 /* AzCalc.app */ = {isa = PBXFileReference; explicitFileType = wrapper.application; includeInIndex = 0; path = AzCalc.app; sourceTree = BUILT_PRODUCTS_DIR; };
		1DF5F4DF0D08C38300B7A737 /* UIKit.framework */ = {isa = PBXFileReference; lastKnownFileType = wrapper.framework; name = UIKit.framework; path = System/Library/Frameworks/UIKit.framework; sourceTree = SDKROOT; };
		288765A40DF7441C002DB57D /* CoreGraphics.framework */ = {isa = PBXFileReference; lastKnownFileType = wrapper.framework; name = CoreGraphics.framework; path = System/Library/Frameworks/CoreGraphics.framework; sourceTree = SDKROOT; };
		2899E5210DE3E06400AC0155 /* AzCalcViewController.xib */ = {isa = PBXFileReference; lastKnownFileType = file.xib; name = AzCalcViewController.xib; path = ../AzCalcViewController.xib; sourceTree = "<group>"; };
		28AD733E0D9D9553002E5188 /* MainWindow.xib */ = {isa = PBXFileReference; lastKnownFileType = file.xib; path = MainWindow.xib; sourceTree = "<group>"; };
		28D7ACF60DDB3853001CB0EB /* AzCalcViewController.h */ = {isa = PBXFileReference; fileEncoding = 4; lastKnownFileType = sourcecode.c.h; path = AzCalcViewController.h; sourceTree = "<group>"; };
		28D7ACF70DDB3853001CB0EB /* AzCalcViewController.mm */ = {isa = PBXFileReference; fileEncoding = 4; lastKnownFileType = sourcecode.cpp.objcpp; path = AzCalcViewController.mm; sourceTree = "<group>"; };
		29B97316FDCFA39411CA2CEA /* main.m */ = {isa = PBXFileReference; fileEncoding = 4; lastKnownFileType = sourcecode.c.objc; path = main.m; sourceTree = "<group>"; };
		32CA4F630368D1EE00C91783 /* AzCalc_Prefix.pch */ = {isa = PBXFileReference; fileEncoding = 4; lastKnownFileType = sourcecode.c.h; path = AzCalc_Prefix.pch; sourceTree = "<group>"; };
		441D242311F3056200A3B68A /* English */ = {isa = PBXFileReference; fileEncoding = 10; lastKnownFileType = text.plist.strings; name = English; path = English.lproj/InfoPlist.strings; sourceTree = "<group>"; };
		441D242411F3056200A3B68A /* Japanese */ = {isa = PBXFileReference; fileEncoding = 10; lastKnownFileType = text.plist.strings; name = Japanese; path = Japanese.lproj/InfoPlist.strings; sourceTree = "<group>"; };
		44377D54131528CF0064EA93 /* Default-Portrait~ipad.png */ = {isa = PBXFileReference; lastKnownFileType = image.png; path = "Default-Portrait~ipad.png"; sourceTree = "<group>"; };
		44377D56131528EE0064EA93 /* Default-Landscape~ipad.png */ = {isa = PBXFileReference; lastKnownFileType = image.png; path = "Default-Landscape~ipad.png"; sourceTree = "<group>"; };
		44377D58131528FC0064EA93 /* Default.png */ = {isa = PBXFileReference; lastKnownFileType = image.png; path = Default.png; sourceTree = "<group>"; };
		44377D5A131529060064EA93 /* Default@2x.png */ = {isa = PBXFileReference; lastKnownFileType = image.png; path = "Default@2x.png"; sourceTree = "<group>"; };
		444187F3120EBCD600DE74B0 /* AzKeyMaster.plist */ = {isa = PBXFileReference; fileEncoding = 4; lastKnownFileType = text.plist.xml; path = AzKeyMaster.plist; sourceTree = "<group>"; };
		445183B7130398D6002820EA /* CDataScanner.h */ = {isa = PBXFileReference; fileEncoding = 4; lastKnownFileType = sourcecode.c.h; path = CDataScanner.h; sourceTree = "<group>"; };
		445183B8130398D6002820EA /* CDataScanner.m */ = {isa = PBXFileReference; fileEncoding = 4; lastKnownFileType = sourcecode.c.objc; path = CDataScanner.m; sourceTree = "<group>"; };
		445183BA130398D6002820EA /* CDataScanner_Extensions.h */ = {isa = PBXFileReference; fileEncoding = 4; lastKnownFileType = sourcecode.c.h; path = CDataScanner_Extensions.h; sourceTree = "<group>"; };
		445183BB130398D6002820EA /* CDataScanner_Extensions.m */ = {isa = PBXFileReference; fileEncoding = 4; lastKnownFileType = sourcecode.c.objc; path = CDataScanner_Extensions.m; sourceTree = "<group>"; };
		445183BC130398D6002820EA /* NSCharacterSet_Extensions.h */ = {isa = PBXFileReference; fileEncoding = 4; lastKnownFileType = sourcecode.c.h; path = NSCharacterSet_Extensions.h; sourceTree = "<group>"; };
		445183BD130398D6002820EA /* NSCharacterSet_Extensions.m */ = {isa = PBXFileReference; fileEncoding = 4; lastKnownFileType = sourcecode.c.objc; path = NSCharacterSet_Extensions.m; sourceTree = "<group>"; };
		445183BE130398D6002820EA /* NSDictionary_JSONExtensions.h */ = {isa = PBXFileReference; fileEncoding = 4; lastKnownFileType = sourcecode.c.h; path = NSDictionary_JSONExtensions.h; sourceTree = "<group>"; };
		445183BF130398D6002820EA /* NSDictionary_JSONExtensions.m */ = {isa = PBXFileReference; fileEncoding = 4; lastKnownFileType = sourcecode.c.objc; path = NSDictionary_JSONExtensions.m; sourceTree = "<group>"; };
		445183C0130398D6002820EA /* NSScanner_Extensions.h */ = {isa = PBXFileReference; fileEncoding = 4; lastKnownFileType = sourcecode.c.h; path = NSScanner_Extensions.h; sourceTree = "<group>"; };
		445183C1130398D6002820EA /* NSScanner_Extensions.m */ = {isa = PBXFileReference; fileEncoding = 4; lastKnownFileType = sourcecode.c.objc; path = NSScanner_Extensions.m; sourceTree = "<group>"; };
		445183C3130398D6002820EA /* CJSONDataSerializer.h */ = {isa = PBXFileReference; fileEncoding = 4; lastKnownFileType = sourcecode.c.h; path = CJSONDataSerializer.h; sourceTree = "<group>"; };
		445183C4130398D6002820EA /* CJSONDataSerializer.m */ = {isa = PBXFileReference; fileEncoding = 4; lastKnownFileType = sourcecode.c.objc; path = CJSONDataSerializer.m; sourceTree = "<group>"; };
		445183C5130398D6002820EA /* CJSONDeserializer.h */ = {isa = PBXFileReference; fileEncoding = 4; lastKnownFileType = sourcecode.c.h; path = CJSONDeserializer.h; sourceTree = "<group>"; };
		445183C6130398D6002820EA /* CJSONDeserializer.m */ = {isa = PBXFileReference; fileEncoding = 4; lastKnownFileType = sourcecode.c.objc; path = CJSONDeserializer.m; sourceTree = "<group>"; };
		445183C7130398D6002820EA /* CJSONScanner.h */ = {isa = PBXFileReference; fileEncoding = 4; lastKnownFileType = sourcecode.c.h; path = CJSONScanner.h; sourceTree = "<group>"; };
		445183C8130398D6002820EA /* CJSONScanner.m */ = {isa = PBXFileReference; fileEncoding = 4; lastKnownFileType = sourcecode.c.objc; path = CJSONScanner.m; sourceTree = "<group>"; };
		445183C9130398D6002820EA /* CJSONSerializer.h */ = {isa = PBXFileReference; fileEncoding = 4; lastKnownFileType = sourcecode.c.h; path = CJSONSerializer.h; sourceTree = "<group>"; };
		445183CA130398D6002820EA /* CJSONSerializer.m */ = {isa = PBXFileReference; fileEncoding = 4; lastKnownFileType = sourcecode.c.objc; path = CJSONSerializer.m; sourceTree = "<group>"; };
		445183CB130398D6002820EA /* CSerializedJSONData.h */ = {isa = PBXFileReference; fileEncoding = 4; lastKnownFileType = sourcecode.c.h; path = CSerializedJSONData.h; sourceTree = "<group>"; };
		445183CC130398D6002820EA /* CSerializedJSONData.m */ = {isa = PBXFileReference; fileEncoding = 4; lastKnownFileType = sourcecode.c.objc; path = CSerializedJSONData.m; sourceTree = "<group>"; };
		445183CE130398D6002820EA /* AdMobDelegateProtocol.h */ = {isa = PBXFileReference; fileEncoding = 4; lastKnownFileType = sourcecode.c.h; path = AdMobDelegateProtocol.h; sourceTree = "<group>"; };
		445183CF130398D6002820EA /* AdMobInterstitialAd.h */ = {isa = PBXFileReference; fileEncoding = 4; lastKnownFileType = sourcecode.c.h; path = AdMobInterstitialAd.h; sourceTree = "<group>"; };
		445183D0130398D6002820EA /* AdMobInterstitialDelegateProtocol.h */ = {isa = PBXFileReference; fileEncoding = 4; lastKnownFileType = sourcecode.c.h; path = AdMobInterstitialDelegateProtocol.h; sourceTree = "<group>"; };
		445183D1130398D6002820EA /* AdMobView.h */ = {isa = PBXFileReference; fileEncoding = 4; lastKnownFileType = sourcecode.c.h; path = AdMobView.h; sourceTree = "<group>"; };
		445183D2130398D6002820EA /* libAdMob.a */ = {isa = PBXFileReference; lastKnownFileType = archive.ar; path = libAdMob.a; sourceTree = "<group>"; };
		445184431303B8BE002820EA /* Icon16-Setting.png */ = {isa = PBXFileReference; lastKnownFileType = image.png; name = "Icon16-Setting.png"; path = "Image/Icon16-Setting.png"; sourceTree = "<group>"; };
		446E08C3133450DF006859F4 /* Icon-Drum60x37.png */ = {isa = PBXFileReference; lastKnownFileType = image.png; name = "Icon-Drum60x37.png"; path = "Image/Icon-Drum60x37.png"; sourceTree = "<group>"; };
		446E08C4133450DF006859F4 /* Icon-Drum60x37@2x.png */ = {isa = PBXFileReference; lastKnownFileType = image.png; name = "Icon-Drum60x37@2x.png"; path = "Image/Icon-Drum60x37@2x.png"; sourceTree = "<group>"; };
		446E08C5133450DF006859F4 /* Icon-DrumPush60x37.png */ = {isa = PBXFileReference; lastKnownFileType = image.png; name = "Icon-DrumPush60x37.png"; path = "Image/Icon-DrumPush60x37.png"; sourceTree = "<group>"; };
		446E08C6133450DF006859F4 /* Icon-DrumPush60x37@2x.png */ = {isa = PBXFileReference; lastKnownFileType = image.png; name = "Icon-DrumPush60x37@2x.png"; path = "Image/Icon-DrumPush60x37@2x.png"; sourceTree = "<group>"; };
		446E08CB133454F1006859F4 /* Icon-Drum128x79.png */ = {isa = PBXFileReference; lastKnownFileType = image.png; name = "Icon-Drum128x79.png"; path = "Image/Icon-Drum128x79.png"; sourceTree = "<group>"; };
		446E08CC133454F1006859F4 /* Icon-DrumPush128x79.png */ = {isa = PBXFileReference; lastKnownFileType = image.png; name = "Icon-DrumPush128x79.png"; path = "Image/Icon-DrumPush128x79.png"; sourceTree = "<group>"; };
		448D99321307D1EB004DFD62 /* Japanese */ = {isa = PBXFileReference; lastKnownFileType = text.plist.strings; name = Japanese; path = Japanese.lproj/Localizable.strings; sourceTree = "<group>"; };
		448D99331307D1F8004DFD62 /* French */ = {isa = PBXFileReference; lastKnownFileType = text.plist.strings; name = French; path = French.lproj/Localizable.strings; sourceTree = "<group>"; };
		448D99341307D1FE004DFD62 /* German */ = {isa = PBXFileReference; lastKnownFileType = text.plist.strings; name = German; path = German.lproj/Localizable.strings; sourceTree = "<group>"; };
		448D99351307D209004DFD62 /* Italian */ = {isa = PBXFileReference; lastKnownFileType = text.plist.strings; name = Italian; path = Italian.lproj/Localizable.strings; sourceTree = "<group>"; };
		448D99361307D210004DFD62 /* Spanish */ = {isa = PBXFileReference; lastKnownFileType = text.plist.strings; name = Spanish; path = Spanish.lproj/Localizable.strings; sourceTree = "<group>"; };
		448D99371307D215004DFD62 /* Chinese (Simplified) */ = {isa = PBXFileReference; lastKnownFileType = text.plist.strings; name = "Chinese (Simplified)"; path = "Chinese (Simplified).lproj/Localizable.strings"; sourceTree = "<group>"; };
		448D99381307D226004DFD62 /* Korean */ = {isa = PBXFileReference; lastKnownFileType = text.plist.strings; name = Korean; path = Korean.lproj/Localizable.strings; sourceTree = "<group>"; };
		448D99391307D249004DFD62 /* Turkish */ = {isa = PBXFileReference; lastKnownFileType = text.plist.strings; name = Turkish; path = Turkish.lproj/Localizable.strings; sourceTree = "<group>"; };
		448D997E1307DC96004DFD62 /* Japanese */ = {isa = PBXFileReference; lastKnownFileType = file.xib; name = Japanese; path = ../Japanese.lproj/SettingVC.xib; sourceTree = "<group>"; };
		448D997F1307DC9C004DFD62 /* French */ = {isa = PBXFileReference; lastKnownFileType = file.xib; name = French; path = ../French.lproj/SettingVC.xib; sourceTree = "<group>"; };
		448D99801307DCA1004DFD62 /* German */ = {isa = PBXFileReference; lastKnownFileType = file.xib; name = German; path = ../German.lproj/SettingVC.xib; sourceTree = "<group>"; };
		449E6B97121FA34100338E7F /* AzKeySet-iPad.plist */ = {isa = PBXFileReference; fileEncoding = 4; lastKnownFileType = text.plist.xml; path = "AzKeySet-iPad.plist"; sourceTree = "<group>"; };
		449EBC6911E57EA900E2AABD /* Global.h */ = {isa = PBXFileReference; fileEncoding = 4; lastKnownFileType = sourcecode.c.h; path = Global.h; sourceTree = "<group>"; };
		449F71C611F546E600B778F1 /* Drum.h */ = {isa = PBXFileReference; fileEncoding = 4; lastKnownFileType = sourcecode.c.h; path = Drum.h; sourceTree = "<group>"; };
		449F71C711F546E600B778F1 /* Drum.mm */ = {isa = PBXFileReference; fileEncoding = 4; lastKnownFileType = sourcecode.cpp.objcpp; path = Drum.mm; sourceTree = "<group>"; };
		44A20A361212D96F000A315E /* KeyButton.h */ = {isa = PBXFileReference; fileEncoding = 4; lastKnownFileType = sourcecode.c.h; path = KeyButton.h; sourceTree = "<group>"; };
		44A20A371212D96F000A315E /* KeyButton.m */ = {isa = PBXFileReference; fileEncoding = 4; lastKnownFileType = sourcecode.c.objc; path = KeyButton.m; sourceTree = "<group>"; };
		44A3D37F11F31E4C0001BF89 /* InformationVC.h */ = {isa = PBXFileReference; fileEncoding = 4; lastKnownFileType = sourcecode.c.h; name = InformationVC.h; path = ../InformationVC.h; sourceTree = "<group>"; };
		44A3D38011F31E4C0001BF89 /* InformationVC.m */ = {isa = PBXFileReference; fileEncoding = 4; lastKnownFileType = sourcecode.c.objc; name = InformationVC.m; path = ../InformationVC.m; sourceTree = "<group>"; };
		44A3D4BD11F354FB0001BF89 /* English */ = {isa = PBXFileReference; lastKnownFileType = file.xib; name = English; path = ../English.lproj/SettingVC.xib; sourceTree = "<group>"; };
		44A3D4CB11F355400001BF89 /* Japanese */ = {isa = PBXFileReference; lastKnownFileType = file.xib; name = Japanese; path = Japanese.lproj/InformationVC.xib; sourceTree = "<group>"; };
		44A3D4CC11F355400001BF89 /* English */ = {isa = PBXFileReference; lastKnownFileType = file.xib; name = English; path = English.lproj/InformationVC.xib; sourceTree = "<group>"; };
		44A560D713237E48000E4628 /* AzKeySet.plist */ = {isa = PBXFileReference; fileEncoding = 4; lastKnownFileType = text.plist.xml; path = AzKeySet.plist; sourceTree = "<group>"; };
		44A8B23511F3E5F6007D6FA0 /* icon32-PageFilp.png */ = {isa = PBXFileReference; lastKnownFileType = image.png; name = "icon32-PageFilp.png"; path = "Image/icon32-PageFilp.png"; sourceTree = "<group>"; };
		44A8B24311F3EC87007D6FA0 /* OptionVC.h */ = {isa = PBXFileReference; fileEncoding = 4; lastKnownFileType = sourcecode.c.h; name = OptionVC.h; path = ../OptionVC.h; sourceTree = "<group>"; };
		44A8B24411F3EC87007D6FA0 /* OptionVC.m */ = {isa = PBXFileReference; fileEncoding = 4; lastKnownFileType = sourcecode.c.objc; name = OptionVC.m; path = ../OptionVC.m; sourceTree = "<group>"; };
		44A8B24511F3EC87007D6FA0 /* OptionVC.xib */ = {isa = PBXFileReference; lastKnownFileType = file.xib; name = OptionVC.xib; path = ../OptionVC.xib; sourceTree = "<group>"; };
		44AB054012258878005E11A7 /* Japanese */ = {isa = PBXFileReference; lastKnownFileType = file.xib; name = Japanese; path = "Resources-iPad/Japanese.lproj/Setting-iPad.xib"; sourceTree = "<group>"; };
		44AB8B2F11F1E3E200D7C4F9 /* iAd.framework */ = {isa = PBXFileReference; lastKnownFileType = wrapper.framework; name = iAd.framework; path = System/Library/Frameworks/iAd.framework; sourceTree = SDKROOT; };
		44AF898213052F3D00D3594C /* CalcFunctions.mm */ = {isa = PBXFileReference; fileEncoding = 4; lastKnownFileType = sourcecode.cpp.objcpp; path = CalcFunctions.mm; sourceTree = "<group>"; };
		44AF898313052F3D00D3594C /* CalcFunctions.h */ = {isa = PBXFileReference; fileEncoding = 4; lastKnownFileType = sourcecode.c.h; path = CalcFunctions.h; sourceTree = "<group>"; };
		44AF8AA1130578BF00D3594C /* AudioToolbox.framework */ = {isa = PBXFileReference; lastKnownFileType = wrapper.framework; name = AudioToolbox.framework; path = System/Library/Frameworks/AudioToolbox.framework; sourceTree = SDKROOT; };
		44AF8AA3130578BF00D3594C /* MediaPlayer.framework */ = {isa = PBXFileReference; lastKnownFileType = wrapper.framework; name = MediaPlayer.framework; path = System/Library/Frameworks/MediaPlayer.framework; sourceTree = SDKROOT; };
		44AF8AA5130578BF00D3594C /* MessageUI.framework */ = {isa = PBXFileReference; lastKnownFileType = wrapper.framework; name = MessageUI.framework; path = System/Library/Frameworks/MessageUI.framework; sourceTree = SDKROOT; };
		44AF8AA7130578BF00D3594C /* QuartzCore.framework */ = {isa = PBXFileReference; lastKnownFileType = wrapper.framework; name = QuartzCore.framework; path = System/Library/Frameworks/QuartzCore.framework; sourceTree = SDKROOT; };
		44AF8CB811FC5FED00D4B206 /* SBCD.h */ = {isa = PBXFileReference; explicitFileType = sourcecode.cpp.h; fileEncoding = 4; name = SBCD.h; path = SBCD/SBCD.h; sourceTree = "<group>"; };
		44AF8D5911FC8F0700D4B206 /* SBCD.cpp */ = {isa = PBXFileReference; explicitFileType = sourcecode.cpp.objcpp; fileEncoding = 4; name = SBCD.cpp; path = SBCD/SBCD.cpp; sourceTree = "<group>"; };
		44AFE96411F2DEDF00F6C8C2 /* English */ = {isa = PBXFileReference; fileEncoding = 10; lastKnownFileType = text.plist.strings; name = English; path = English.lproj/Localizable.strings; sourceTree = "<group>"; };
		44B54B6E130AA8F30029CB85 /* Italian */ = {isa = PBXFileReference; lastKnownFileType = file.xib; name = Italian; path = ../Italian.lproj/SettingVC.xib; sourceTree = "<group>"; };
		44B54B6F130AA8FB0029CB85 /* Spanish */ = {isa = PBXFileReference; lastKnownFileType = file.xib; name = Spanish; path = ../Spanish.lproj/SettingVC.xib; sourceTree = "<group>"; };
		44B54B70130AA9030029CB85 /* Chinese (Simplified) */ = {isa = PBXFileReference; lastKnownFileType = file.xib; name = "Chinese (Simplified)"; path = "../Chinese (Simplified).lproj/SettingVC.xib"; sourceTree = "<group>"; };
		44B54B71130AA9090029CB85 /* Korean */ = {isa = PBXFileReference; lastKnownFileType = file.xib; name = Korean; path = ../Korean.lproj/SettingVC.xib; sourceTree = "<group>"; };
		44B54B72130AA9110029CB85 /* Turkish */ = {isa = PBXFileReference; lastKnownFileType = file.xib; name = Turkish; path = ../Turkish.lproj/SettingVC.xib; sourceTree = "<group>"; };
		44BC4C891359E9A1009B995C /* AzCalcS1.app */ = {isa = PBXFileReference; explicitFileType = wrapper.application; includeInIndex = 0; path = AzCalcS1.app; sourceTree = BUILT_PRODUCTS_DIR; };
		44BC4C8B1359E9F1009B995C /* Icon57free.png */ = {isa = PBXFileReference; lastKnownFileType = image.png; path = Icon57free.png; sourceTree = "<group>"; };
		44BC4C8C1359E9F1009B995C /* Icon57free@2x.png */ = {isa = PBXFileReference; lastKnownFileType = image.png; path = "Icon57free@2x.png"; sourceTree = "<group>"; };
		44BC4C8D1359E9F1009B995C /* Icon72free.png */ = {isa = PBXFileReference; lastKnownFileType = image.png; path = Icon72free.png; sourceTree = "<group>"; };
		44BC4C911359EA01009B995C /* Icon57s1.png */ = {isa = PBXFileReference; lastKnownFileType = image.png; path = Icon57s1.png; sourceTree = "<group>"; };
		44BC4C921359EA01009B995C /* Icon57s1@2x.png */ = {isa = PBXFileReference; lastKnownFileType = image.png; path = "Icon57s1@2x.png"; sourceTree = "<group>"; };
		44BC4C931359EA01009B995C /* Icon72s1.png */ = {isa = PBXFileReference; lastKnownFileType = image.png; path = Icon72s1.png; sourceTree = "<group>"; };
		44BC4C971359EA7B009B995C /* AzCalc-InfoS1.plist */ = {isa = PBXFileReference; fileEncoding = 4; lastKnownFileType = text.plist.xml; path = "AzCalc-InfoS1.plist"; sourceTree = "<group>"; };
		44CB363511F0AA9F0057E9F3 /* SettingVC.h */ = {isa = PBXFileReference; fileEncoding = 4; lastKnownFileType = sourcecode.c.h; path = SettingVC.h; sourceTree = "<group>"; };
		44CB363611F0AA9F0057E9F3 /* SettingVC.m */ = {isa = PBXFileReference; fileEncoding = 4; lastKnownFileType = sourcecode.c.objc; path = SettingVC.m; sourceTree = "<group>"; };
		44D4B74213150BC100D89E34 /* Icon16-Setting@2x.png */ = {isa = PBXFileReference; lastKnownFileType = image.png; name = "Icon16-Setting@2x.png"; path = "Image/Icon16-Setting@2x.png"; sourceTree = "<group>"; };
		44EF5DA912099BBF00BB87B6 /* MainWindow-iPad.xib */ = {isa = PBXFileReference; lastKnownFileType = file.xib; name = "MainWindow-iPad.xib"; path = "Resources-iPad/MainWindow-iPad.xib"; sourceTree = "<group>"; };
		44EF5DD712099EB400BB87B6 /* AzCalcViewController-iPad.xib */ = {isa = PBXFileReference; lastKnownFileType = file.xib; name = "AzCalcViewController-iPad.xib"; path = "../Resources-iPad/AzCalcViewController-iPad.xib"; sourceTree = "<group>"; };
		44EF5DDD12099F6000BB87B6 /* English */ = {isa = PBXFileReference; lastKnownFileType = file.xib; name = English; path = "Resources-iPad/English.lproj/Setting-iPad.xib"; sourceTree = "<group>"; };
		44EF5DE012099FB200BB87B6 /* Information-iPad.xib */ = {isa = PBXFileReference; lastKnownFileType = file.xib; name = "Information-iPad.xib"; path = "../Resources-iPad/Information-iPad.xib"; sourceTree = "<group>"; };
		8D1107310486CEB800E47090 /* AzCalc-Info.plist */ = {isa = PBXFileReference; fileEncoding = 4; lastKnownFileType = text.plist.xml; path = "AzCalc-Info.plist"; plistStructureDefinitionIdentifier = "com.apple.xcode.plist.structure-definition.iphone.info-plist"; sourceTree = "<group>"; };
/* End PBXFileReference section */

/* Begin PBXFrameworksBuildPhase section */
		1D60588F0D05DD3D006BFB54 /* Frameworks */ = {
			isa = PBXFrameworksBuildPhase;
			buildActionMask = 2147483647;
			files = (
				1D60589F0D05DD5A006BFB54 /* Foundation.framework in Frameworks */,
				1DF5F4E00D08C38300B7A737 /* UIKit.framework in Frameworks */,
				288765A50DF7441C002DB57D /* CoreGraphics.framework in Frameworks */,
				44AB8B3011F1E3E200D7C4F9 /* iAd.framework in Frameworks */,
				445183DD130398D6002820EA /* libAdMob.a in Frameworks */,
				44AF8AA2130578BF00D3594C /* AudioToolbox.framework in Frameworks */,
				44AF8AA4130578BF00D3594C /* MediaPlayer.framework in Frameworks */,
				44AF8AA6130578BF00D3594C /* MessageUI.framework in Frameworks */,
				44AF8AA8130578BF00D3594C /* QuartzCore.framework in Frameworks */,
			);
			runOnlyForDeploymentPostprocessing = 0;
		};
		44BC4C7B1359E9A1009B995C /* Frameworks */ = {
			isa = PBXFrameworksBuildPhase;
			buildActionMask = 2147483647;
			files = (
				44BC4C7C1359E9A1009B995C /* Foundation.framework in Frameworks */,
				44BC4C7D1359E9A1009B995C /* UIKit.framework in Frameworks */,
				44BC4C7E1359E9A1009B995C /* CoreGraphics.framework in Frameworks */,
				44BC4C7F1359E9A1009B995C /* iAd.framework in Frameworks */,
				44BC4C801359E9A1009B995C /* libAdMob.a in Frameworks */,
				44BC4C811359E9A1009B995C /* AudioToolbox.framework in Frameworks */,
				44BC4C821359E9A1009B995C /* MediaPlayer.framework in Frameworks */,
				44BC4C831359E9A1009B995C /* MessageUI.framework in Frameworks */,
				44BC4C841359E9A1009B995C /* QuartzCore.framework in Frameworks */,
			);
			runOnlyForDeploymentPostprocessing = 0;
		};
/* End PBXFrameworksBuildPhase section */

/* Begin PBXGroup section */
		080E96DDFE201D6D7F000001 /* Classes */ = {
			isa = PBXGroup;
			children = (
				449EBC6911E57EA900E2AABD /* Global.h */,
				1D3623240D0F684500981E51 /* AzCalcAppDelegate.h */,
				1D3623250D0F684500981E51 /* AzCalcAppDelegate.m */,
				44AF898313052F3D00D3594C /* CalcFunctions.h */,
				44AF898213052F3D00D3594C /* CalcFunctions.mm */,
				449F71C611F546E600B778F1 /* Drum.h */,
				449F71C711F546E600B778F1 /* Drum.mm */,
				44A20A361212D96F000A315E /* KeyButton.h */,
				44A20A371212D96F000A315E /* KeyButton.m */,
				28D7ACF60DDB3853001CB0EB /* AzCalcViewController.h */,
				28D7ACF70DDB3853001CB0EB /* AzCalcViewController.mm */,
				2899E5210DE3E06400AC0155 /* AzCalcViewController.xib */,
				44EF5DD712099EB400BB87B6 /* AzCalcViewController-iPad.xib */,
				44CB363511F0AA9F0057E9F3 /* SettingVC.h */,
				44CB363611F0AA9F0057E9F3 /* SettingVC.m */,
				448D997C1307DC8D004DFD62 /* SettingVC.xib */,
				44AB053E1225886E005E11A7 /* Setting-iPad.xib */,
				44A8B24311F3EC87007D6FA0 /* OptionVC.h */,
				44A8B24411F3EC87007D6FA0 /* OptionVC.m */,
				44A8B24511F3EC87007D6FA0 /* OptionVC.xib */,
				44A3D37F11F31E4C0001BF89 /* InformationVC.h */,
				44A3D38011F31E4C0001BF89 /* InformationVC.m */,
				44A3D4CA11F355400001BF89 /* InformationVC.xib */,
				44EF5DE012099FB200BB87B6 /* Information-iPad.xib */,
			);
			path = Classes;
			sourceTree = "<group>";
		};
		19C28FACFE9D520D11CA2CBB /* Products */ = {
			isa = PBXGroup;
			children = (
				1D6058910D05DD3D006BFB54 /* AzCalc.app */,
				44BC4C891359E9A1009B995C /* AzCalcS1.app */,
			);
			name = Products;
			sourceTree = "<group>";
		};
		29B97314FDCFA39411CA2CEA /* CustomTemplate */ = {
			isa = PBXGroup;
			children = (
				445183B6130398D6002820EA /* TouchJSON */,
				445183CD130398D6002820EA /* AdMob */,
				44AF8CB111FC5E2200D4B206 /* SBCD */,
				080E96DDFE201D6D7F000001 /* Classes */,
				29B97315FDCFA39411CA2CEA /* Other Sources */,
				44A2E47411EB29F5009FB007 /* Images */,
				29B97317FDCFA39411CA2CEA /* Resources */,
				29B97323FDCFA39411CA2CEA /* Frameworks */,
				19C28FACFE9D520D11CA2CBB /* Products */,
			);
			name = CustomTemplate;
			sourceTree = "<group>";
		};
		29B97315FDCFA39411CA2CEA /* Other Sources */ = {
			isa = PBXGroup;
			children = (
				32CA4F630368D1EE00C91783 /* AzCalc_Prefix.pch */,
				29B97316FDCFA39411CA2CEA /* main.m */,
			);
			name = "Other Sources";
			sourceTree = "<group>";
		};
		29B97317FDCFA39411CA2CEA /* Resources */ = {
			isa = PBXGroup;
			children = (
				44A560D713237E48000E4628 /* AzKeySet.plist */,
				444187F3120EBCD600DE74B0 /* AzKeyMaster.plist */,
				449E6B97121FA34100338E7F /* AzKeySet-iPad.plist */,
				8D1107310486CEB800E47090 /* AzCalc-Info.plist */,
				44BC4C971359EA7B009B995C /* AzCalc-InfoS1.plist */,
				441D242211F3056200A3B68A /* InfoPlist.strings */,
				448D99301307D1DD004DFD62 /* Localizable.strings */,
				44377D58131528FC0064EA93 /* Default.png */,
				44377D5A131529060064EA93 /* Default@2x.png */,
				44377D56131528EE0064EA93 /* Default-Landscape~ipad.png */,
				44377D54131528CF0064EA93 /* Default-Portrait~ipad.png */,
				28AD733E0D9D9553002E5188 /* MainWindow.xib */,
				44EF5DA912099BBF00BB87B6 /* MainWindow-iPad.xib */,
			);
			name = Resources;
			sourceTree = "<group>";
		};
		29B97323FDCFA39411CA2CEA /* Frameworks */ = {
			isa = PBXGroup;
			children = (
				1DF5F4DF0D08C38300B7A737 /* UIKit.framework */,
				1D30AB110D05D00D00671497 /* Foundation.framework */,
				288765A40DF7441C002DB57D /* CoreGraphics.framework */,
				44AB8B2F11F1E3E200D7C4F9 /* iAd.framework */,
				44AF8AA1130578BF00D3594C /* AudioToolbox.framework */,
				44AF8AA3130578BF00D3594C /* MediaPlayer.framework */,
				44AF8AA5130578BF00D3594C /* MessageUI.framework */,
				44AF8AA7130578BF00D3594C /* QuartzCore.framework */,
			);
			name = Frameworks;
			sourceTree = "<group>";
		};
		445183B6130398D6002820EA /* TouchJSON */ = {
			isa = PBXGroup;
			children = (
				445183B7130398D6002820EA /* CDataScanner.h */,
				445183B8130398D6002820EA /* CDataScanner.m */,
				445183B9130398D6002820EA /* Extensions */,
				445183C2130398D6002820EA /* JSON */,
			);
			name = TouchJSON;
			path = ../admob_iphone_sdk/TouchJSON;
			sourceTree = SOURCE_ROOT;
		};
		445183B9130398D6002820EA /* Extensions */ = {
			isa = PBXGroup;
			children = (
				445183BA130398D6002820EA /* CDataScanner_Extensions.h */,
				445183BB130398D6002820EA /* CDataScanner_Extensions.m */,
				445183BC130398D6002820EA /* NSCharacterSet_Extensions.h */,
				445183BD130398D6002820EA /* NSCharacterSet_Extensions.m */,
				445183BE130398D6002820EA /* NSDictionary_JSONExtensions.h */,
				445183BF130398D6002820EA /* NSDictionary_JSONExtensions.m */,
				445183C0130398D6002820EA /* NSScanner_Extensions.h */,
				445183C1130398D6002820EA /* NSScanner_Extensions.m */,
			);
			path = Extensions;
			sourceTree = "<group>";
		};
		445183C2130398D6002820EA /* JSON */ = {
			isa = PBXGroup;
			children = (
				445183C3130398D6002820EA /* CJSONDataSerializer.h */,
				445183C4130398D6002820EA /* CJSONDataSerializer.m */,
				445183C5130398D6002820EA /* CJSONDeserializer.h */,
				445183C6130398D6002820EA /* CJSONDeserializer.m */,
				445183C7130398D6002820EA /* CJSONScanner.h */,
				445183C8130398D6002820EA /* CJSONScanner.m */,
				445183C9130398D6002820EA /* CJSONSerializer.h */,
				445183CA130398D6002820EA /* CJSONSerializer.m */,
				445183CB130398D6002820EA /* CSerializedJSONData.h */,
				445183CC130398D6002820EA /* CSerializedJSONData.m */,
			);
			path = JSON;
			sourceTree = "<group>";
		};
		445183CD130398D6002820EA /* AdMob */ = {
			isa = PBXGroup;
			children = (
				445183CE130398D6002820EA /* AdMobDelegateProtocol.h */,
				445183CF130398D6002820EA /* AdMobInterstitialAd.h */,
				445183D0130398D6002820EA /* AdMobInterstitialDelegateProtocol.h */,
				445183D1130398D6002820EA /* AdMobView.h */,
				445183D2130398D6002820EA /* libAdMob.a */,
			);
			name = AdMob;
			path = ../admob_iphone_sdk/AdMob;
			sourceTree = SOURCE_ROOT;
		};
		44A2E47411EB29F5009FB007 /* Images */ = {
			isa = PBXGroup;
			children = (
				44BC4C911359EA01009B995C /* Icon57s1.png */,
				44BC4C921359EA01009B995C /* Icon57s1@2x.png */,
				44BC4C931359EA01009B995C /* Icon72s1.png */,
				44BC4C8B1359E9F1009B995C /* Icon57free.png */,
				44BC4C8C1359E9F1009B995C /* Icon57free@2x.png */,
				44BC4C8D1359E9F1009B995C /* Icon72free.png */,
				446E08CB133454F1006859F4 /* Icon-Drum128x79.png */,
				446E08CC133454F1006859F4 /* Icon-DrumPush128x79.png */,
				446E08C3133450DF006859F4 /* Icon-Drum60x37.png */,
				446E08C4133450DF006859F4 /* Icon-Drum60x37@2x.png */,
				446E08C5133450DF006859F4 /* Icon-DrumPush60x37.png */,
				446E08C6133450DF006859F4 /* Icon-DrumPush60x37@2x.png */,
				445184431303B8BE002820EA /* Icon16-Setting.png */,
				44D4B74213150BC100D89E34 /* Icon16-Setting@2x.png */,
				44A8B23511F3E5F6007D6FA0 /* icon32-PageFilp.png */,
			);
			name = Images;
			sourceTree = "<group>";
		};
		44AF8CB111FC5E2200D4B206 /* SBCD */ = {
			isa = PBXGroup;
			children = (
				44AF8CB811FC5FED00D4B206 /* SBCD.h */,
				44AF8D5911FC8F0700D4B206 /* SBCD.cpp */,
			);
			name = SBCD;
			sourceTree = "<group>";
		};
/* End PBXGroup section */

/* Begin PBXNativeTarget section */
		1D6058900D05DD3D006BFB54 /* AzCalc */ = {
			isa = PBXNativeTarget;
			buildConfigurationList = 1D6058960D05DD3E006BFB54 /* Build configuration list for PBXNativeTarget "AzCalc" */;
			buildPhases = (
				1D60588D0D05DD3D006BFB54 /* Resources */,
				1D60588E0D05DD3D006BFB54 /* Sources */,
				1D60588F0D05DD3D006BFB54 /* Frameworks */,
			);
			buildRules = (
			);
			dependencies = (
			);
			name = AzCalc;
			productName = AzCalc;
			productReference = 1D6058910D05DD3D006BFB54 /* AzCalc.app */;
			productType = "com.apple.product-type.application";
		};
		44BC4C461359E9A1009B995C /* AzCalcS1 */ = {
			isa = PBXNativeTarget;
			buildConfigurationList = 44BC4C851359E9A1009B995C /* Build configuration list for PBXNativeTarget "AzCalcS1" */;
			buildPhases = (
				44BC4C471359E9A1009B995C /* Resources */,
				44BC4C661359E9A1009B995C /* Sources */,
				44BC4C7B1359E9A1009B995C /* Frameworks */,
			);
			buildRules = (
			);
			dependencies = (
			);
			name = AzCalcS1;
			productName = AzCalc;
			productReference = 44BC4C891359E9A1009B995C /* AzCalcS1.app */;
			productType = "com.apple.product-type.application";
		};
/* End PBXNativeTarget section */

/* Begin PBXProject section */
		29B97313FDCFA39411CA2CEA /* Project object */ = {
			isa = PBXProject;
			attributes = {
				ORGANIZATIONNAME = AzukiSoft;
			};
			buildConfigurationList = C01FCF4E08A954540054247B /* Build configuration list for PBXProject "AzCalc" */;
			compatibilityVersion = "Xcode 3.2";
			developmentRegion = English;
			hasScannedForEncodings = 1;
			knownRegions = (
				English,
				Japanese,
				French,
				German,
				"",
				AzCalc,
				Italian,
				Spanish,
				zh_CN,
				"Chinese (Simplified)",
				Korean,
				Turkish,
				ja,
			);
			mainGroup = 29B97314FDCFA39411CA2CEA /* CustomTemplate */;
			projectDirPath = "";
			projectRoot = "";
			targets = (
				1D6058900D05DD3D006BFB54 /* AzCalc */,
				44BC4C461359E9A1009B995C /* AzCalcS1 */,
			);
		};
/* End PBXProject section */

/* Begin PBXResourcesBuildPhase section */
		1D60588D0D05DD3D006BFB54 /* Resources */ = {
			isa = PBXResourcesBuildPhase;
			buildActionMask = 2147483647;
			files = (
				28AD733F0D9D9553002E5188 /* MainWindow.xib in Resources */,
				2899E5220DE3E06400AC0155 /* AzCalcViewController.xib in Resources */,
				448D99311307D1DD004DFD62 /* Localizable.strings in Resources */,
				441D242511F3056200A3B68A /* InfoPlist.strings in Resources */,
				448D997D1307DC8D004DFD62 /* SettingVC.xib in Resources */,
				44A3D4CD11F355400001BF89 /* InformationVC.xib in Resources */,
				44A8B23611F3E5F6007D6FA0 /* icon32-PageFilp.png in Resources */,
				44A8B24711F3EC87007D6FA0 /* OptionVC.xib in Resources */,
				44EF5DAB12099BBF00BB87B6 /* MainWindow-iPad.xib in Resources */,
				44EF5DD812099EB400BB87B6 /* AzCalcViewController-iPad.xib in Resources */,
				44AB053F1225886E005E11A7 /* Setting-iPad.xib in Resources */,
				44EF5DE112099FB200BB87B6 /* Information-iPad.xib in Resources */,
				444187F4120EBCD600DE74B0 /* AzKeyMaster.plist in Resources */,
				449E6B98121FA34100338E7F /* AzKeySet-iPad.plist in Resources */,
				445184441303B8BE002820EA /* Icon16-Setting.png in Resources */,
				44D4B74313150BC100D89E34 /* Icon16-Setting@2x.png in Resources */,
				44377D55131528CF0064EA93 /* Default-Portrait~ipad.png in Resources */,
				44377D57131528EE0064EA93 /* Default-Landscape~ipad.png in Resources */,
				44377D59131528FC0064EA93 /* Default.png in Resources */,
				44377D5B131529060064EA93 /* Default@2x.png in Resources */,
				44A560D813237E48000E4628 /* AzKeySet.plist in Resources */,
				446E08C7133450DF006859F4 /* Icon-Drum60x37.png in Resources */,
				446E08C8133450DF006859F4 /* Icon-Drum60x37@2x.png in Resources */,
				446E08C9133450DF006859F4 /* Icon-DrumPush60x37.png in Resources */,
				446E08CA133450DF006859F4 /* Icon-DrumPush60x37@2x.png in Resources */,
				446E08CD133454F1006859F4 /* Icon-Drum128x79.png in Resources */,
				446E08CE133454F1006859F4 /* Icon-DrumPush128x79.png in Resources */,
				44BC4C8E1359E9F1009B995C /* Icon57free.png in Resources */,
				44BC4C8F1359E9F1009B995C /* Icon57free@2x.png in Resources */,
				44BC4C901359E9F1009B995C /* Icon72free.png in Resources */,
			);
			runOnlyForDeploymentPostprocessing = 0;
		};
		44BC4C471359E9A1009B995C /* Resources */ = {
			isa = PBXResourcesBuildPhase;
			buildActionMask = 2147483647;
			files = (
				44BC4C481359E9A1009B995C /* MainWindow.xib in Resources */,
				44BC4C491359E9A1009B995C /* AzCalcViewController.xib in Resources */,
				44BC4C4A1359E9A1009B995C /* Localizable.strings in Resources */,
				44BC4C4B1359E9A1009B995C /* InfoPlist.strings in Resources */,
				44BC4C4C1359E9A1009B995C /* SettingVC.xib in Resources */,
				44BC4C4D1359E9A1009B995C /* InformationVC.xib in Resources */,
				44BC4C4E1359E9A1009B995C /* icon32-PageFilp.png in Resources */,
				44BC4C4F1359E9A1009B995C /* OptionVC.xib in Resources */,
				44BC4C501359E9A1009B995C /* MainWindow-iPad.xib in Resources */,
				44BC4C511359E9A1009B995C /* AzCalcViewController-iPad.xib in Resources */,
				44BC4C521359E9A1009B995C /* Setting-iPad.xib in Resources */,
				44BC4C531359E9A1009B995C /* Information-iPad.xib in Resources */,
				44BC4C541359E9A1009B995C /* AzKeyMaster.plist in Resources */,
				44BC4C551359E9A1009B995C /* AzKeySet-iPad.plist in Resources */,
				44BC4C561359E9A1009B995C /* Icon16-Setting.png in Resources */,
				44BC4C571359E9A1009B995C /* Icon16-Setting@2x.png in Resources */,
				44BC4C581359E9A1009B995C /* Default-Portrait~ipad.png in Resources */,
				44BC4C591359E9A1009B995C /* Default-Landscape~ipad.png in Resources */,
				44BC4C5A1359E9A1009B995C /* Default.png in Resources */,
				44BC4C5B1359E9A1009B995C /* Default@2x.png in Resources */,
				44BC4C5F1359E9A1009B995C /* AzKeySet.plist in Resources */,
				44BC4C601359E9A1009B995C /* Icon-Drum60x37.png in Resources */,
				44BC4C611359E9A1009B995C /* Icon-Drum60x37@2x.png in Resources */,
				44BC4C621359E9A1009B995C /* Icon-DrumPush60x37.png in Resources */,
				44BC4C631359E9A1009B995C /* Icon-DrumPush60x37@2x.png in Resources */,
				44BC4C641359E9A1009B995C /* Icon-Drum128x79.png in Resources */,
				44BC4C651359E9A1009B995C /* Icon-DrumPush128x79.png in Resources */,
				44BC4C941359EA01009B995C /* Icon57s1.png in Resources */,
				44BC4C951359EA01009B995C /* Icon57s1@2x.png in Resources */,
				44BC4C961359EA01009B995C /* Icon72s1.png in Resources */,
			);
			runOnlyForDeploymentPostprocessing = 0;
		};
/* End PBXResourcesBuildPhase section */

/* Begin PBXSourcesBuildPhase section */
		1D60588E0D05DD3D006BFB54 /* Sources */ = {
			isa = PBXSourcesBuildPhase;
			buildActionMask = 2147483647;
			files = (
				1D60589B0D05DD56006BFB54 /* main.m in Sources */,
				1D3623260D0F684500981E51 /* AzCalcAppDelegate.m in Sources */,
				28D7ACF80DDB3853001CB0EB /* AzCalcViewController.mm in Sources */,
				44CB363711F0AA9F0057E9F3 /* SettingVC.m in Sources */,
				44A3D38211F31E4C0001BF89 /* InformationVC.m in Sources */,
				44A8B24611F3EC87007D6FA0 /* OptionVC.m in Sources */,
				449F71C811F546E600B778F1 /* Drum.mm in Sources */,
				44AF8D5A11FC8F0700D4B206 /* SBCD.cpp in Sources */,
				44A20A381212D96F000A315E /* KeyButton.m in Sources */,
				445183D3130398D6002820EA /* CDataScanner.m in Sources */,
				445183D4130398D6002820EA /* CDataScanner_Extensions.m in Sources */,
				445183D5130398D6002820EA /* NSCharacterSet_Extensions.m in Sources */,
				445183D6130398D6002820EA /* NSDictionary_JSONExtensions.m in Sources */,
				445183D7130398D6002820EA /* NSScanner_Extensions.m in Sources */,
				445183D8130398D6002820EA /* CJSONDataSerializer.m in Sources */,
				445183D9130398D6002820EA /* CJSONDeserializer.m in Sources */,
				445183DA130398D6002820EA /* CJSONScanner.m in Sources */,
				445183DB130398D6002820EA /* CJSONSerializer.m in Sources */,
				445183DC130398D6002820EA /* CSerializedJSONData.m in Sources */,
				44AF898413052F3D00D3594C /* CalcFunctions.mm in Sources */,
			);
			runOnlyForDeploymentPostprocessing = 0;
		};
		44BC4C661359E9A1009B995C /* Sources */ = {
			isa = PBXSourcesBuildPhase;
			buildActionMask = 2147483647;
			files = (
				44BC4C671359E9A1009B995C /* main.m in Sources */,
				44BC4C681359E9A1009B995C /* AzCalcAppDelegate.m in Sources */,
				44BC4C691359E9A1009B995C /* AzCalcViewController.mm in Sources */,
				44BC4C6A1359E9A1009B995C /* SettingVC.m in Sources */,
				44BC4C6B1359E9A1009B995C /* InformationVC.m in Sources */,
				44BC4C6C1359E9A1009B995C /* OptionVC.m in Sources */,
				44BC4C6D1359E9A1009B995C /* Drum.mm in Sources */,
				44BC4C6E1359E9A1009B995C /* SBCD.cpp in Sources */,
				44BC4C6F1359E9A1009B995C /* KeyButton.m in Sources */,
				44BC4C701359E9A1009B995C /* CDataScanner.m in Sources */,
				44BC4C711359E9A1009B995C /* CDataScanner_Extensions.m in Sources */,
				44BC4C721359E9A1009B995C /* NSCharacterSet_Extensions.m in Sources */,
				44BC4C731359E9A1009B995C /* NSDictionary_JSONExtensions.m in Sources */,
				44BC4C741359E9A1009B995C /* NSScanner_Extensions.m in Sources */,
				44BC4C751359E9A1009B995C /* CJSONDataSerializer.m in Sources */,
				44BC4C761359E9A1009B995C /* CJSONDeserializer.m in Sources */,
				44BC4C771359E9A1009B995C /* CJSONScanner.m in Sources */,
				44BC4C781359E9A1009B995C /* CJSONSerializer.m in Sources */,
				44BC4C791359E9A1009B995C /* CSerializedJSONData.m in Sources */,
				44BC4C7A1359E9A1009B995C /* CalcFunctions.mm in Sources */,
			);
			runOnlyForDeploymentPostprocessing = 0;
		};
/* End PBXSourcesBuildPhase section */

/* Begin PBXVariantGroup section */
		441D242211F3056200A3B68A /* InfoPlist.strings */ = {
			isa = PBXVariantGroup;
			children = (
				441D242311F3056200A3B68A /* English */,
				441D242411F3056200A3B68A /* Japanese */,
			);
			name = InfoPlist.strings;
			sourceTree = "<group>";
		};
		448D99301307D1DD004DFD62 /* Localizable.strings */ = {
			isa = PBXVariantGroup;
			children = (
				44AFE96411F2DEDF00F6C8C2 /* English */,
				448D99321307D1EB004DFD62 /* Japanese */,
				448D99331307D1F8004DFD62 /* French */,
				448D99341307D1FE004DFD62 /* German */,
				448D99351307D209004DFD62 /* Italian */,
				448D99361307D210004DFD62 /* Spanish */,
				448D99371307D215004DFD62 /* Chinese (Simplified) */,
				448D99381307D226004DFD62 /* Korean */,
				448D99391307D249004DFD62 /* Turkish */,
			);
			name = Localizable.strings;
			sourceTree = "<group>";
		};
		448D997C1307DC8D004DFD62 /* SettingVC.xib */ = {
			isa = PBXVariantGroup;
			children = (
				44A3D4BD11F354FB0001BF89 /* English */,
				448D997E1307DC96004DFD62 /* Japanese */,
				448D997F1307DC9C004DFD62 /* French */,
				448D99801307DCA1004DFD62 /* German */,
				44B54B6E130AA8F30029CB85 /* Italian */,
				44B54B6F130AA8FB0029CB85 /* Spanish */,
				44B54B70130AA9030029CB85 /* Chinese (Simplified) */,
				44B54B71130AA9090029CB85 /* Korean */,
				44B54B72130AA9110029CB85 /* Turkish */,
			);
			name = SettingVC.xib;
			sourceTree = "<group>";
		};
		44A3D4CA11F355400001BF89 /* InformationVC.xib */ = {
			isa = PBXVariantGroup;
			children = (
				44A3D4CB11F355400001BF89 /* Japanese */,
				44A3D4CC11F355400001BF89 /* English */,
			);
			name = InformationVC.xib;
			path = ..;
			sourceTree = "<group>";
		};
		44AB053E1225886E005E11A7 /* Setting-iPad.xib */ = {
			isa = PBXVariantGroup;
			children = (
				44AB054012258878005E11A7 /* Japanese */,
				44EF5DDD12099F6000BB87B6 /* English */,
			);
			name = "Setting-iPad.xib";
			path = ..;
			sourceTree = "<group>";
		};
/* End PBXVariantGroup section */

/* Begin XCBuildConfiguration section */
		1D6058940D05DD3E006BFB54 /* Debug */ = {
			isa = XCBuildConfiguration;
			buildSettings = {
				ALWAYS_SEARCH_USER_PATHS = NO;
				ARCHS = "$(ARCHS_STANDARD_32_BIT)";
				"CODE_SIGN_IDENTITY[sdk=iphoneos*]" = "iPhone Developer: Masakazu Matsuyama (RL5WRC28AG)";
				COPY_PHASE_STRIP = NO;
				GCC_DYNAMIC_NO_PIC = NO;
				GCC_OPTIMIZATION_LEVEL = 0;
				GCC_PRECOMPILE_PREFIX_HEADER = YES;
				GCC_PREFIX_HEADER = AzCalc_Prefix.pch;
				GCC_PREPROCESSOR_DEFINITIONS = "AzDEBUG=1";
				GCC_PREPROCESSOR_DEFINITIONS_NOT_USED_IN_PRECOMPS = "AzFREE=1";
				INFOPLIST_FILE = "AzCalc-Info.plist";
				IPHONEOS_DEPLOYMENT_TARGET = 3.2;
				LIBRARY_SEARCH_PATHS = (
					"$(inherited)",
					"\"$(SRCROOT)/../admob_iphone_sdk/AdMob\"",
					"\"$(SRCROOT)/../admob_iphone_sdk/extras\"",
				);
				PRODUCT_NAME = AzCalc;
				"PROVISIONING_PROFILE[sdk=iphoneos*]" = "663117FB-C8A9-4BF9-A217-5FD37BD770A1";
				SDKROOT = iphoneos;
				TARGETED_DEVICE_FAMILY = "1,2";
			};
			name = Debug;
		};
		1D6058950D05DD3E006BFB54 /* Release */ = {
			isa = XCBuildConfiguration;
			buildSettings = {
				ALWAYS_SEARCH_USER_PATHS = NO;
				ARCHS = "$(ARCHS_STANDARD_32_BIT)";
				"CODE_SIGN_IDENTITY[sdk=iphoneos*]" = "iPhone Developer: Masakazu Matsuyama (RL5WRC28AG)";
				COPY_PHASE_STRIP = YES;
				GCC_PRECOMPILE_PREFIX_HEADER = YES;
				GCC_PREFIX_HEADER = AzCalc_Prefix.pch;
				GCC_PREPROCESSOR_DEFINITIONS_NOT_USED_IN_PRECOMPS = "AzFREE=1";
				INFOPLIST_FILE = "AzCalc-Info.plist";
				IPHONEOS_DEPLOYMENT_TARGET = 3.2;
				LIBRARY_SEARCH_PATHS = (
					"$(inherited)",
					"\"$(SRCROOT)/../admob_iphone_sdk/AdMob\"",
					"\"$(SRCROOT)/../admob_iphone_sdk/extras\"",
				);
				PRODUCT_NAME = AzCalc;
				"PROVISIONING_PROFILE[sdk=iphoneos*]" = "663117FB-C8A9-4BF9-A217-5FD37BD770A1";
				SDKROOT = iphoneos;
				TARGETED_DEVICE_FAMILY = "1,2";
				VALIDATE_PRODUCT = YES;
			};
			name = Release;
		};
		44BC4C861359E9A1009B995C /* Debug */ = {
			isa = XCBuildConfiguration;
			buildSettings = {
				ALWAYS_SEARCH_USER_PATHS = NO;
				ARCHS = "$(ARCHS_STANDARD_32_BIT)";
				COPY_PHASE_STRIP = NO;
				GCC_DYNAMIC_NO_PIC = NO;
				GCC_OPTIMIZATION_LEVEL = 0;
				GCC_PRECOMPILE_PREFIX_HEADER = YES;
				GCC_PREFIX_HEADER = AzCalc_Prefix.pch;
				GCC_PREPROCESSOR_DEFINITIONS = "AzDEBUG=1";
				GCC_PREPROCESSOR_DEFINITIONS_NOT_USED_IN_PRECOMPS = "AzSTABLE=1";
				INFOPLIST_FILE = "AzCalc-InfoS1.plist";
				IPHONEOS_DEPLOYMENT_TARGET = 3.2;
				LIBRARY_SEARCH_PATHS = (
					"$(inherited)",
					"\"$(SRCROOT)/../admob_iphone_sdk/AdMob\"",
					"\"$(SRCROOT)/../admob_iphone_sdk/extras\"",
				);
				PRODUCT_NAME = AzCalcS1;
				SDKROOT = iphoneos;
				TARGETED_DEVICE_FAMILY = "1,2";
			};
			name = Debug;
		};
		44BC4C871359E9A1009B995C /* Release */ = {
			isa = XCBuildConfiguration;
			buildSettings = {
				ALWAYS_SEARCH_USER_PATHS = NO;
				ARCHS = "$(ARCHS_STANDARD_32_BIT)";
				"CODE_SIGN_IDENTITY[sdk=iphoneos*]" = "iPhone Developer: Masakazu Matsuyama (RL5WRC28AG)";
				COPY_PHASE_STRIP = YES;
				GCC_PRECOMPILE_PREFIX_HEADER = YES;
				GCC_PREFIX_HEADER = AzCalc_Prefix.pch;
				GCC_PREPROCESSOR_DEFINITIONS_NOT_USED_IN_PRECOMPS = "AzSTABLE=1";
				INFOPLIST_FILE = "AzCalc-InfoS1.plist";
				IPHONEOS_DEPLOYMENT_TARGET = 3.2;
				LIBRARY_SEARCH_PATHS = (
					"$(inherited)",
					"\"$(SRCROOT)/../admob_iphone_sdk/AdMob\"",
					"\"$(SRCROOT)/../admob_iphone_sdk/extras\"",
				);
				PRODUCT_NAME = AzCalcS1;
				"PROVISIONING_PROFILE[sdk=iphoneos*]" = "663117FB-C8A9-4BF9-A217-5FD37BD770A1";
				SDKROOT = iphoneos;
				TARGETED_DEVICE_FAMILY = "1,2";
				VALIDATE_PRODUCT = YES;
			};
			name = Release;
		};
		44BC4C881359E9A1009B995C /* Distribution */ = {
			isa = XCBuildConfiguration;
			buildSettings = {
				ALWAYS_SEARCH_USER_PATHS = NO;
				ARCHS = "$(ARCHS_STANDARD_32_BIT)";
				"CODE_SIGN_IDENTITY[sdk=*]" = "iPhone Distribution: Masakazu Matsuyama";
				COPY_PHASE_STRIP = YES;
				GCC_PRECOMPILE_PREFIX_HEADER = YES;
				GCC_PREFIX_HEADER = AzCalc_Prefix.pch;
				GCC_PREPROCESSOR_DEFINITIONS_NOT_USED_IN_PRECOMPS = "AzSTABLE=1";
				INFOPLIST_FILE = "AzCalc-InfoS1.plist";
				IPHONEOS_DEPLOYMENT_TARGET = 3.2;
				LIBRARY_SEARCH_PATHS = (
					"$(inherited)",
					"\"$(SRCROOT)/../admob_iphone_sdk/AdMob\"",
					"\"$(SRCROOT)/../admob_iphone_sdk/extras\"",
				);
				PRODUCT_NAME = AzCalcS1;
				"PROVISIONING_PROFILE[sdk=*]" = "7AD6DF9D-D496-408C-B281-88EB1A6D7009";
				SDKROOT = iphoneos;
				TARGETED_DEVICE_FAMILY = "1,2";
				VALIDATE_PRODUCT = YES;
			};
			name = Distribution;
		};
		44D60ECC11F307DD00DD0317 /* Distribution */ = {
			isa = XCBuildConfiguration;
			buildSettings = {
				ARCHS = "$(ARCHS_STANDARD_32_BIT)";
				"CODE_SIGN_IDENTITY[sdk=iphoneos*]" = "iPhone Distribution: Masakazu Matsuyama";
				GCC_C_LANGUAGE_STANDARD = c99;
				GCC_WARN_ABOUT_RETURN_TYPE = YES;
				GCC_WARN_UNUSED_VARIABLE = YES;
				IPHONEOS_DEPLOYMENT_TARGET = 3.2;
				MACOSX_DEPLOYMENT_TARGET = "";
				OTHER_CFLAGS = "-DNS_BLOCK_ASSERTIONS=1";
				PREBINDING = NO;
				"PROVISIONING_PROFILE[sdk=iphoneos*]" = "FF34D7D5-B962-4103-9CD8-1A0F299594C0";
				SDKROOT = iphoneos;
			};
			name = Distribution;
		};
		44D60ECD11F307DD00DD0317 /* Distribution */ = {
			isa = XCBuildConfiguration;
			buildSettings = {
				ALWAYS_SEARCH_USER_PATHS = NO;
				ARCHS = "$(ARCHS_STANDARD_32_BIT)";
				COPY_PHASE_STRIP = YES;
				GCC_PRECOMPILE_PREFIX_HEADER = YES;
				GCC_PREFIX_HEADER = AzCalc_Prefix.pch;
				GCC_PREPROCESSOR_DEFINITIONS_NOT_USED_IN_PRECOMPS = "AzFREE=1";
				INFOPLIST_FILE = "AzCalc-Info.plist";
				IPHONEOS_DEPLOYMENT_TARGET = 3.2;
				LIBRARY_SEARCH_PATHS = (
					"$(inherited)",
					"\"$(SRCROOT)/../admob_iphone_sdk/AdMob\"",
					"\"$(SRCROOT)/../admob_iphone_sdk/extras\"",
				);
				PRODUCT_NAME = AzCalc;
				SDKROOT = iphoneos;
				TARGETED_DEVICE_FAMILY = "1,2";
				VALIDATE_PRODUCT = YES;
			};
			name = Distribution;
		};
		C01FCF4F08A954540054247B /* Debug */ = {
			isa = XCBuildConfiguration;
			buildSettings = {
				ARCHS = "$(ARCHS_STANDARD_32_BIT)";
				"CODE_SIGN_IDENTITY[sdk=iphoneos*]" = "iPhone Developer: Masakazu Matsuyama (RL5WRC28AG)";
				GCC_C_LANGUAGE_STANDARD = c99;
				GCC_PREPROCESSOR_DEFINITIONS = AzDEBUG;
				GCC_WARN_ABOUT_RETURN_TYPE = YES;
				GCC_WARN_UNUSED_FUNCTION = NO;
				GCC_WARN_UNUSED_VARIABLE = NO;
				IPHONEOS_DEPLOYMENT_TARGET = 3.2;
				MACOSX_DEPLOYMENT_TARGET = "";
				PREBINDING = NO;
				"PROVISIONING_PROFILE[sdk=iphoneos*]" = "663117FB-C8A9-4BF9-A217-5FD37BD770A1";
				SDKROOT = iphoneos;
			};
			name = Debug;
		};
		C01FCF5008A954540054247B /* Release */ = {
			isa = XCBuildConfiguration;
			buildSettings = {
				ARCHS = "$(ARCHS_STANDARD_32_BIT)";
				"CODE_SIGN_IDENTITY[sdk=iphoneos*]" = "iPhone Developer: Masakazu Matsuyama (RL5WRC28AG)";
				GCC_C_LANGUAGE_STANDARD = c99;
				GCC_WARN_ABOUT_RETURN_TYPE = YES;
				GCC_WARN_UNUSED_VARIABLE = YES;
				IPHONEOS_DEPLOYMENT_TARGET = 3.2;
				MACOSX_DEPLOYMENT_TARGET = "";
				OTHER_CFLAGS = "-DNS_BLOCK_ASSERTIONS=1";
				PREBINDING = NO;
				"PROVISIONING_PROFILE[sdk=iphoneos*]" = "663117FB-C8A9-4BF9-A217-5FD37BD770A1";
				SDKROOT = iphoneos;
			};
			name = Release;
		};
/* End XCBuildConfiguration section */

/* Begin XCConfigurationList section */
		1D6058960D05DD3E006BFB54 /* Build configuration list for PBXNativeTarget "AzCalc" */ = {
			isa = XCConfigurationList;
			buildConfigurations = (
				1D6058940D05DD3E006BFB54 /* Debug */,
				1D6058950D05DD3E006BFB54 /* Release */,
				44D60ECD11F307DD00DD0317 /* Distribution */,
			);
			defaultConfigurationIsVisible = 0;
			defaultConfigurationName = Release;
		};
		44BC4C851359E9A1009B995C /* Build configuration list for PBXNativeTarget "AzCalcS1" */ = {
			isa = XCConfigurationList;
			buildConfigurations = (
				44BC4C861359E9A1009B995C /* Debug */,
				44BC4C871359E9A1009B995C /* Release */,
				44BC4C881359E9A1009B995C /* Distribution */,
			);
			defaultConfigurationIsVisible = 0;
			defaultConfigurationName = Release;
		};
		C01FCF4E08A954540054247B /* Build configuration list for PBXProject "AzCalc" */ = {
			isa = XCConfigurationList;
			buildConfigurations = (
				C01FCF4F08A954540054247B /* Debug */,
				C01FCF5008A954540054247B /* Release */,
				44D60ECC11F307DD00DD0317 /* Distribution */,
			);
			defaultConfigurationIsVisible = 0;
			defaultConfigurationName = Release;
		};
/* End XCConfigurationList section */
	};
	rootObject = 29B97313FDCFA39411CA2CEA /* Project object */;
}
