// !$*UTF8*$!
{
	archiveVersion = 1;
	classes = {
	};
	objectVersion = 46;
	objects = {

/* Begin PBXBuildFile section */
		1D3623260D0F684500981E51 /* AzCalcAppDelegate.m in Sources */ = {isa = PBXBuildFile; fileRef = 1D3623250D0F684500981E51 /* AzCalcAppDelegate.m */; };
		1D60589B0D05DD56006BFB54 /* main.m in Sources */ = {isa = PBXBuildFile; fileRef = 29B97316FDCFA39411CA2CEA /* main.m */; };
		1D60589F0D05DD5A006BFB54 /* Foundation.framework in Frameworks */ = {isa = PBXBuildFile; fileRef = 1D30AB110D05D00D00671497 /* Foundation.framework */; };
		1DF5F4E00D08C38300B7A737 /* UIKit.framework in Frameworks */ = {isa = PBXBuildFile; fileRef = 1DF5F4DF0D08C38300B7A737 /* UIKit.framework */; };
		288765A50DF7441C002DB57D /* CoreGraphics.framework in Frameworks */ = {isa = PBXBuildFile; fileRef = 288765A40DF7441C002DB57D /* CoreGraphics.framework */; };
		2899E5220DE3E06400AC0155 /* AzCalcViewController.xib in Resources */ = {isa = PBXBuildFile; fileRef = 2899E5210DE3E06400AC0155 /* AzCalcViewController.xib */; };
		28AD733F0D9D9553002E5188 /* MainWindow.xib in Resources */ = {isa = PBXBuildFile; fileRef = 28AD733E0D9D9553002E5188 /* MainWindow.xib */; };
		28D7ACF80DDB3853001CB0EB /* AzCalcViewController.mm in Sources */ = {isa = PBXBuildFile; fileRef = 28D7ACF70DDB3853001CB0EB /* AzCalcViewController.mm */; };
		441D242511F3056200A3B68A /* InfoPlist.strings in Resources */ = {isa = PBXBuildFile; fileRef = 441D242211F3056200A3B68A /* InfoPlist.strings */; };
		444187F4120EBCD600DE74B0 /* AzKeyMaster.plist in Resources */ = {isa = PBXBuildFile; fileRef = 444187F3120EBCD600DE74B0 /* AzKeyMaster.plist */; };
		445184441303B8BE002820EA /* Icon16-Setting.png in Resources */ = {isa = PBXBuildFile; fileRef = 445184431303B8BE002820EA /* Icon16-Setting.png */; };
		446E08C7133450DF006859F4 /* Icon-Drum60x37.png in Resources */ = {isa = PBXBuildFile; fileRef = 446E08C3133450DF006859F4 /* Icon-Drum60x37.png */; };
		446E08C8133450DF006859F4 /* Icon-Drum60x37@2x.png in Resources */ = {isa = PBXBuildFile; fileRef = 446E08C4133450DF006859F4 /* Icon-Drum60x37@2x.png */; };
		446E08C9133450DF006859F4 /* Icon-DrumPush60x37.png in Resources */ = {isa = PBXBuildFile; fileRef = 446E08C5133450DF006859F4 /* Icon-DrumPush60x37.png */; };
		446E08CA133450DF006859F4 /* Icon-DrumPush60x37@2x.png in Resources */ = {isa = PBXBuildFile; fileRef = 446E08C6133450DF006859F4 /* Icon-DrumPush60x37@2x.png */; };
		446E08CD133454F1006859F4 /* Icon-Drum128x79.png in Resources */ = {isa = PBXBuildFile; fileRef = 446E08CB133454F1006859F4 /* Icon-Drum128x79.png */; };
		446E08CE133454F1006859F4 /* Icon-DrumPush128x79.png in Resources */ = {isa = PBXBuildFile; fileRef = 446E08CC133454F1006859F4 /* Icon-DrumPush128x79.png */; };
		448D99311307D1DD004DFD62 /* Localizable.strings in Resources */ = {isa = PBXBuildFile; fileRef = 448D99301307D1DD004DFD62 /* Localizable.strings */; };
		448D997D1307DC8D004DFD62 /* SettingVC.xib in Resources */ = {isa = PBXBuildFile; fileRef = 448D997C1307DC8D004DFD62 /* SettingVC.xib */; };
		449E6B98121FA34100338E7F /* AzKeySet-iPad.plist in Resources */ = {isa = PBXBuildFile; fileRef = 449E6B97121FA34100338E7F /* AzKeySet-iPad.plist */; };
		449F71C811F546E600B778F1 /* Drum.mm in Sources */ = {isa = PBXBuildFile; fileRef = 449F71C711F546E600B778F1 /* Drum.mm */; };
		44A20A381212D96F000A315E /* KeyButton.m in Sources */ = {isa = PBXBuildFile; fileRef = 44A20A371212D96F000A315E /* KeyButton.m */; };
		44A3D38211F31E4C0001BF89 /* InformationVC.m in Sources */ = {isa = PBXBuildFile; fileRef = 44A3D38011F31E4C0001BF89 /* InformationVC.m */; };
		44A3D4CD11F355400001BF89 /* InformationVC.xib in Resources */ = {isa = PBXBuildFile; fileRef = 44A3D4CA11F355400001BF89 /* InformationVC.xib */; };
		44A560D813237E48000E4628 /* AzKeySet.plist in Resources */ = {isa = PBXBuildFile; fileRef = 44A560D713237E48000E4628 /* AzKeySet.plist */; };
		44A8B23611F3E5F6007D6FA0 /* icon32-PageFilp.png in Resources */ = {isa = PBXBuildFile; fileRef = 44A8B23511F3E5F6007D6FA0 /* icon32-PageFilp.png */; };
		44A8B24611F3EC87007D6FA0 /* OptionVC.m in Sources */ = {isa = PBXBuildFile; fileRef = 44A8B24411F3EC87007D6FA0 /* OptionVC.m */; };
		44A8B24711F3EC87007D6FA0 /* OptionVC.xib in Resources */ = {isa = PBXBuildFile; fileRef = 44A8B24511F3EC87007D6FA0 /* OptionVC.xib */; };
		44AB053F1225886E005E11A7 /* Setting-iPad.xib in Resources */ = {isa = PBXBuildFile; fileRef = 44AB053E1225886E005E11A7 /* Setting-iPad.xib */; };
		44AB8B3011F1E3E200D7C4F9 /* iAd.framework in Frameworks */ = {isa = PBXBuildFile; fileRef = 44AB8B2F11F1E3E200D7C4F9 /* iAd.framework */; settings = {ATTRIBUTES = (Weak, ); }; };
		44AF898413052F3D00D3594C /* CalcFunctions.mm in Sources */ = {isa = PBXBuildFile; fileRef = 44AF898213052F3D00D3594C /* CalcFunctions.mm */; };
		44AF8AA2130578BF00D3594C /* AudioToolbox.framework in Frameworks */ = {isa = PBXBuildFile; fileRef = 44AF8AA1130578BF00D3594C /* AudioToolbox.framework */; };
		44AF8AA4130578BF00D3594C /* MediaPlayer.framework in Frameworks */ = {isa = PBXBuildFile; fileRef = 44AF8AA3130578BF00D3594C /* MediaPlayer.framework */; };
		44AF8AA6130578BF00D3594C /* MessageUI.framework in Frameworks */ = {isa = PBXBuildFile; fileRef = 44AF8AA5130578BF00D3594C /* MessageUI.framework */; settings = {ATTRIBUTES = (Required, ); }; };
		44AF8AA8130578BF00D3594C /* QuartzCore.framework in Frameworks */ = {isa = PBXBuildFile; fileRef = 44AF8AA7130578BF00D3594C /* QuartzCore.framework */; };
		44AF8D5A11FC8F0700D4B206 /* SBCD.cpp in Sources */ = {isa = PBXBuildFile; fileRef = 44AF8D5911FC8F0700D4B206 /* SBCD.cpp */; };
		44BC4C481359E9A1009B995C /* MainWindow.xib in Resources */ = {isa = PBXBuildFile; fileRef = 28AD733E0D9D9553002E5188 /* MainWindow.xib */; };
		44BC4C491359E9A1009B995C /* AzCalcViewController.xib in Resources */ = {isa = PBXBuildFile; fileRef = 2899E5210DE3E06400AC0155 /* AzCalcViewController.xib */; };
		44BC4C4A1359E9A1009B995C /* Localizable.strings in Resources */ = {isa = PBXBuildFile; fileRef = 448D99301307D1DD004DFD62 /* Localizable.strings */; };
		44BC4C4B1359E9A1009B995C /* InfoPlist.strings in Resources */ = {isa = PBXBuildFile; fileRef = 441D242211F3056200A3B68A /* InfoPlist.strings */; };
		44BC4C4C1359E9A1009B995C /* SettingVC.xib in Resources */ = {isa = PBXBuildFile; fileRef = 448D997C1307DC8D004DFD62 /* SettingVC.xib */; };
		44BC4C4E1359E9A1009B995C /* icon32-PageFilp.png in Resources */ = {isa = PBXBuildFile; fileRef = 44A8B23511F3E5F6007D6FA0 /* icon32-PageFilp.png */; };
		44BC4C4F1359E9A1009B995C /* OptionVC.xib in Resources */ = {isa = PBXBuildFile; fileRef = 44A8B24511F3EC87007D6FA0 /* OptionVC.xib */; };
		44BC4C501359E9A1009B995C /* MainWindow-iPad.xib in Resources */ = {isa = PBXBuildFile; fileRef = 44EF5DA912099BBF00BB87B6 /* MainWindow-iPad.xib */; };
		44BC4C511359E9A1009B995C /* AzCalcViewController-iPad.xib in Resources */ = {isa = PBXBuildFile; fileRef = 44EF5DD712099EB400BB87B6 /* AzCalcViewController-iPad.xib */; };
		44BC4C521359E9A1009B995C /* Setting-iPad.xib in Resources */ = {isa = PBXBuildFile; fileRef = 44AB053E1225886E005E11A7 /* Setting-iPad.xib */; };
		44BC4C541359E9A1009B995C /* AzKeyMaster.plist in Resources */ = {isa = PBXBuildFile; fileRef = 444187F3120EBCD600DE74B0 /* AzKeyMaster.plist */; };
		44BC4C551359E9A1009B995C /* AzKeySet-iPad.plist in Resources */ = {isa = PBXBuildFile; fileRef = 449E6B97121FA34100338E7F /* AzKeySet-iPad.plist */; };
		44BC4C561359E9A1009B995C /* Icon16-Setting.png in Resources */ = {isa = PBXBuildFile; fileRef = 445184431303B8BE002820EA /* Icon16-Setting.png */; };
		44BC4C571359E9A1009B995C /* Icon16-Setting@2x.png in Resources */ = {isa = PBXBuildFile; fileRef = 44D4B74213150BC100D89E34 /* Icon16-Setting@2x.png */; };
		44BC4C5F1359E9A1009B995C /* AzKeySet.plist in Resources */ = {isa = PBXBuildFile; fileRef = 44A560D713237E48000E4628 /* AzKeySet.plist */; };
		44BC4C601359E9A1009B995C /* Icon-Drum60x37.png in Resources */ = {isa = PBXBuildFile; fileRef = 446E08C3133450DF006859F4 /* Icon-Drum60x37.png */; };
		44BC4C611359E9A1009B995C /* Icon-Drum60x37@2x.png in Resources */ = {isa = PBXBuildFile; fileRef = 446E08C4133450DF006859F4 /* Icon-Drum60x37@2x.png */; };
		44BC4C621359E9A1009B995C /* Icon-DrumPush60x37.png in Resources */ = {isa = PBXBuildFile; fileRef = 446E08C5133450DF006859F4 /* Icon-DrumPush60x37.png */; };
		44BC4C631359E9A1009B995C /* Icon-DrumPush60x37@2x.png in Resources */ = {isa = PBXBuildFile; fileRef = 446E08C6133450DF006859F4 /* Icon-DrumPush60x37@2x.png */; };
		44BC4C641359E9A1009B995C /* Icon-Drum128x79.png in Resources */ = {isa = PBXBuildFile; fileRef = 446E08CB133454F1006859F4 /* Icon-Drum128x79.png */; };
		44BC4C651359E9A1009B995C /* Icon-DrumPush128x79.png in Resources */ = {isa = PBXBuildFile; fileRef = 446E08CC133454F1006859F4 /* Icon-DrumPush128x79.png */; };
		44BC4C671359E9A1009B995C /* main.m in Sources */ = {isa = PBXBuildFile; fileRef = 29B97316FDCFA39411CA2CEA /* main.m */; };
		44BC4C681359E9A1009B995C /* AzCalcAppDelegate.m in Sources */ = {isa = PBXBuildFile; fileRef = 1D3623250D0F684500981E51 /* AzCalcAppDelegate.m */; };
		44BC4C691359E9A1009B995C /* AzCalcViewController.mm in Sources */ = {isa = PBXBuildFile; fileRef = 28D7ACF70DDB3853001CB0EB /* AzCalcViewController.mm */; };
		44BC4C6A1359E9A1009B995C /* SettingVC.m in Sources */ = {isa = PBXBuildFile; fileRef = 44CB363611F0AA9F0057E9F3 /* SettingVC.m */; };
		44BC4C6B1359E9A1009B995C /* InformationVC.m in Sources */ = {isa = PBXBuildFile; fileRef = 44A3D38011F31E4C0001BF89 /* InformationVC.m */; };
		44BC4C6C1359E9A1009B995C /* OptionVC.m in Sources */ = {isa = PBXBuildFile; fileRef = 44A8B24411F3EC87007D6FA0 /* OptionVC.m */; };
		44BC4C6D1359E9A1009B995C /* Drum.mm in Sources */ = {isa = PBXBuildFile; fileRef = 449F71C711F546E600B778F1 /* Drum.mm */; };
		44BC4C6E1359E9A1009B995C /* SBCD.cpp in Sources */ = {isa = PBXBuildFile; fileRef = 44AF8D5911FC8F0700D4B206 /* SBCD.cpp */; };
		44BC4C6F1359E9A1009B995C /* KeyButton.m in Sources */ = {isa = PBXBuildFile; fileRef = 44A20A371212D96F000A315E /* KeyButton.m */; };
		44BC4C7A1359E9A1009B995C /* CalcFunctions.mm in Sources */ = {isa = PBXBuildFile; fileRef = 44AF898213052F3D00D3594C /* CalcFunctions.mm */; };
		44BC4C7C1359E9A1009B995C /* Foundation.framework in Frameworks */ = {isa = PBXBuildFile; fileRef = 1D30AB110D05D00D00671497 /* Foundation.framework */; };
		44BC4C7D1359E9A1009B995C /* UIKit.framework in Frameworks */ = {isa = PBXBuildFile; fileRef = 1DF5F4DF0D08C38300B7A737 /* UIKit.framework */; };
		44BC4C7E1359E9A1009B995C /* CoreGraphics.framework in Frameworks */ = {isa = PBXBuildFile; fileRef = 288765A40DF7441C002DB57D /* CoreGraphics.framework */; };
		44BC4C811359E9A1009B995C /* AudioToolbox.framework in Frameworks */ = {isa = PBXBuildFile; fileRef = 44AF8AA1130578BF00D3594C /* AudioToolbox.framework */; };
		44BC4C821359E9A1009B995C /* MediaPlayer.framework in Frameworks */ = {isa = PBXBuildFile; fileRef = 44AF8AA3130578BF00D3594C /* MediaPlayer.framework */; };
		44BC4C831359E9A1009B995C /* MessageUI.framework in Frameworks */ = {isa = PBXBuildFile; fileRef = 44AF8AA5130578BF00D3594C /* MessageUI.framework */; settings = {ATTRIBUTES = (Required, ); }; };
		44BC4C841359E9A1009B995C /* QuartzCore.framework in Frameworks */ = {isa = PBXBuildFile; fileRef = 44AF8AA7130578BF00D3594C /* QuartzCore.framework */; };
		44BC4C8E1359E9F1009B995C /* Icon57free.png in Resources */ = {isa = PBXBuildFile; fileRef = 44BC4C8B1359E9F1009B995C /* Icon57free.png */; };
		44BC4C8F1359E9F1009B995C /* Icon57free@2x.png in Resources */ = {isa = PBXBuildFile; fileRef = 44BC4C8C1359E9F1009B995C /* Icon57free@2x.png */; };
		44BC4C901359E9F1009B995C /* Icon72free.png in Resources */ = {isa = PBXBuildFile; fileRef = 44BC4C8D1359E9F1009B995C /* Icon72free.png */; };
		44BC4C941359EA01009B995C /* Icon57s1.png in Resources */ = {isa = PBXBuildFile; fileRef = 44BC4C911359EA01009B995C /* Icon57s1.png */; };
		44BC4C951359EA01009B995C /* Icon57s1@2x.png in Resources */ = {isa = PBXBuildFile; fileRef = 44BC4C921359EA01009B995C /* Icon57s1@2x.png */; };
		44BC4C961359EA01009B995C /* Icon72s1.png in Resources */ = {isa = PBXBuildFile; fileRef = 44BC4C931359EA01009B995C /* Icon72s1.png */; };
		44C572901384AE9E00490D58 /* libGoogleAdMobAds.a in Frameworks */ = {isa = PBXBuildFile; fileRef = 44C5728E1384AE9E00490D58 /* libGoogleAdMobAds.a */; };
		44C572931384B4B300490D58 /* SystemConfiguration.framework in Frameworks */ = {isa = PBXBuildFile; fileRef = 44C572921384B4B300490D58 /* SystemConfiguration.framework */; };
		44CB363711F0AA9F0057E9F3 /* SettingVC.m in Sources */ = {isa = PBXBuildFile; fileRef = 44CB363611F0AA9F0057E9F3 /* SettingVC.m */; };
		44CDB5CE135A80BE00037C8E /* UIDevice-Hardware.m in Sources */ = {isa = PBXBuildFile; fileRef = 44CDB5CD135A80BE00037C8E /* UIDevice-Hardware.m */; };
		44CDB5CF135A80BE00037C8E /* UIDevice-Hardware.m in Sources */ = {isa = PBXBuildFile; fileRef = 44CDB5CD135A80BE00037C8E /* UIDevice-Hardware.m */; };
		44CDB5D1135A813600037C8E /* Global.m in Sources */ = {isa = PBXBuildFile; fileRef = 44CDB5D0135A813600037C8E /* Global.m */; };
		44CDB5D2135A813600037C8E /* Global.m in Sources */ = {isa = PBXBuildFile; fileRef = 44CDB5D0135A813600037C8E /* Global.m */; };
		44CDB60D135AA80B00037C8E /* Default.png in Resources */ = {isa = PBXBuildFile; fileRef = 44377D58131528FC0064EA93 /* Default.png */; };
		44CDB60E135AA81100037C8E /* Default@2x.png in Resources */ = {isa = PBXBuildFile; fileRef = 44377D5A131529060064EA93 /* Default@2x.png */; };
		44CDB60F135AA82300037C8E /* Default-Portrait.png in Resources */ = {isa = PBXBuildFile; fileRef = 44377D54131528CF0064EA93 /* Default-Portrait.png */; };
		44CDB610135AA82800037C8E /* Default-Landscape.png in Resources */ = {isa = PBXBuildFile; fileRef = 44377D56131528EE0064EA93 /* Default-Landscape.png */; };
		44CDB611135AA84200037C8E /* Default.png in Resources */ = {isa = PBXBuildFile; fileRef = 44377D58131528FC0064EA93 /* Default.png */; };
		44CDB612135AA84700037C8E /* Default@2x.png in Resources */ = {isa = PBXBuildFile; fileRef = 44377D5A131529060064EA93 /* Default@2x.png */; };
		44CDB634135AD9A600037C8E /* Default-Landscape.png in Resources */ = {isa = PBXBuildFile; fileRef = 44377D56131528EE0064EA93 /* Default-Landscape.png */; };
		44CDB635135AD9A600037C8E /* Default-Portrait.png in Resources */ = {isa = PBXBuildFile; fileRef = 44377D54131528CF0064EA93 /* Default-Portrait.png */; };
		44CDB636135AE1B200037C8E /* InformationVC-iPad.xib in Resources */ = {isa = PBXBuildFile; fileRef = 44CDB615135AD2A400037C8E /* InformationVC-iPad.xib */; };
		44CDB637135AE1B300037C8E /* InformationVC-iPad.xib in Resources */ = {isa = PBXBuildFile; fileRef = 44CDB615135AD2A400037C8E /* InformationVC-iPad.xib */; };
		44D4B74313150BC100D89E34 /* Icon16-Setting@2x.png in Resources */ = {isa = PBXBuildFile; fileRef = 44D4B74213150BC100D89E34 /* Icon16-Setting@2x.png */; };
		44EF5DAB12099BBF00BB87B6 /* MainWindow-iPad.xib in Resources */ = {isa = PBXBuildFile; fileRef = 44EF5DA912099BBF00BB87B6 /* MainWindow-iPad.xib */; };
		44EF5DD812099EB400BB87B6 /* AzCalcViewController-iPad.xib in Resources */ = {isa = PBXBuildFile; fileRef = 44EF5DD712099EB400BB87B6 /* AzCalcViewController-iPad.xib */; };
		44EF5DE112099FB200BB87B6 /* Information-iPad.xib in Resources */ = {isa = PBXBuildFile; fileRef = 44EF5DE012099FB200BB87B6 /* Information-iPad.xib */; };
		44FB6519137259150092532D /* InformationVC.xib in Resources */ = {isa = PBXBuildFile; fileRef = 44A3D4CA11F355400001BF89 /* InformationVC.xib */; };
/* End PBXBuildFile section */

/* Begin PBXFileReference section */
		1D30AB110D05D00D00671497 /* Foundation.framework */ = {isa = PBXFileReference; lastKnownFileType = wrapper.framework; name = Foundation.framework; path = System/Library/Frameworks/Foundation.framework; sourceTree = SDKROOT; };
		1D3623240D0F684500981E51 /* AzCalcAppDelegate.h */ = {isa = PBXFileReference; fileEncoding = 4; lastKnownFileType = sourcecode.c.h; path = AzCalcAppDelegate.h; sourceTree = "<group>"; };
		1D3623250D0F684500981E51 /* AzCalcAppDelegate.m */ = {isa = PBXFileReference; fileEncoding = 4; lastKnownFileType = sourcecode.c.objc; path = AzCalcAppDelegate.m; sourceTree = "<group>"; };
		1D6058910D05DD3D006BFB54 /* AzCalc.app */ = {isa = PBXFileReference; explicitFileType = wrapper.application; includeInIndex = 0; path = AzCalc.app; sourceTree = BUILT_PRODUCTS_DIR; };
		1DF5F4DF0D08C38300B7A737 /* UIKit.framework */ = {isa = PBXFileReference; lastKnownFileType = wrapper.framework; name = UIKit.framework; path = System/Library/Frameworks/UIKit.framework; sourceTree = SDKROOT; };
		288765A40DF7441C002DB57D /* CoreGraphics.framework */ = {isa = PBXFileReference; lastKnownFileType = wrapper.framework; name = CoreGraphics.framework; path = System/Library/Frameworks/CoreGraphics.framework; sourceTree = SDKROOT; };
		2899E5210DE3E06400AC0155 /* AzCalcViewController.xib */ = {isa = PBXFileReference; lastKnownFileType = file.xib; name = AzCalcViewController.xib; path = ../AzCalcViewController.xib; sourceTree = "<group>"; };
		28AD733E0D9D9553002E5188 /* MainWindow.xib */ = {isa = PBXFileReference; lastKnownFileType = file.xib; path = MainWindow.xib; sourceTree = "<group>"; };
		28D7ACF60DDB3853001CB0EB /* AzCalcViewController.h */ = {isa = PBXFileReference; fileEncoding = 4; lastKnownFileType = sourcecode.c.h; path = AzCalcViewController.h; sourceTree = "<group>"; };
		28D7ACF70DDB3853001CB0EB /* AzCalcViewController.mm */ = {isa = PBXFileReference; fileEncoding = 4; lastKnownFileType = sourcecode.cpp.objcpp; path = AzCalcViewController.mm; sourceTree = "<group>"; };
		29B97316FDCFA39411CA2CEA /* main.m */ = {isa = PBXFileReference; fileEncoding = 4; lastKnownFileType = sourcecode.c.objc; path = main.m; sourceTree = "<group>"; };
		32CA4F630368D1EE00C91783 /* AzCalc_Prefix.pch */ = {isa = PBXFileReference; fileEncoding = 4; lastKnownFileType = sourcecode.c.h; path = AzCalc_Prefix.pch; sourceTree = "<group>"; };
		441D242311F3056200A3B68A /* English */ = {isa = PBXFileReference; fileEncoding = 10; lastKnownFileType = text.plist.strings; name = English; path = English.lproj/InfoPlist.strings; sourceTree = "<group>"; };
		441D242411F3056200A3B68A /* Japanese */ = {isa = PBXFileReference; fileEncoding = 10; lastKnownFileType = text.plist.strings; name = Japanese; path = Japanese.lproj/InfoPlist.strings; sourceTree = "<group>"; };
		44377D54131528CF0064EA93 /* Default-Portrait.png */ = {isa = PBXFileReference; lastKnownFileType = image.png; path = "Default-Portrait.png"; sourceTree = "<group>"; };
		44377D56131528EE0064EA93 /* Default-Landscape.png */ = {isa = PBXFileReference; lastKnownFileType = image.png; path = "Default-Landscape.png"; sourceTree = "<group>"; };
		44377D58131528FC0064EA93 /* Default.png */ = {isa = PBXFileReference; lastKnownFileType = image.png; path = Default.png; sourceTree = "<group>"; };
		44377D5A131529060064EA93 /* Default@2x.png */ = {isa = PBXFileReference; lastKnownFileType = image.png; path = "Default@2x.png"; sourceTree = "<group>"; };
		444187F3120EBCD600DE74B0 /* AzKeyMaster.plist */ = {isa = PBXFileReference; fileEncoding = 4; lastKnownFileType = text.plist.xml; path = AzKeyMaster.plist; sourceTree = "<group>"; };
		445184431303B8BE002820EA /* Icon16-Setting.png */ = {isa = PBXFileReference; lastKnownFileType = image.png; name = "Icon16-Setting.png"; path = "Image/Icon16-Setting.png"; sourceTree = "<group>"; };
		446E08C3133450DF006859F4 /* Icon-Drum60x37.png */ = {isa = PBXFileReference; lastKnownFileType = image.png; name = "Icon-Drum60x37.png"; path = "Image/Icon-Drum60x37.png"; sourceTree = "<group>"; };
		446E08C4133450DF006859F4 /* Icon-Drum60x37@2x.png */ = {isa = PBXFileReference; lastKnownFileType = image.png; name = "Icon-Drum60x37@2x.png"; path = "Image/Icon-Drum60x37@2x.png"; sourceTree = "<group>"; };
		446E08C5133450DF006859F4 /* Icon-DrumPush60x37.png */ = {isa = PBXFileReference; lastKnownFileType = image.png; name = "Icon-DrumPush60x37.png"; path = "Image/Icon-DrumPush60x37.png"; sourceTree = "<group>"; };
		446E08C6133450DF006859F4 /* Icon-DrumPush60x37@2x.png */ = {isa = PBXFileReference; lastKnownFileType = image.png; name = "Icon-DrumPush60x37@2x.png"; path = "Image/Icon-DrumPush60x37@2x.png"; sourceTree = "<group>"; };
		446E08CB133454F1006859F4 /* Icon-Drum128x79.png */ = {isa = PBXFileReference; lastKnownFileType = image.png; name = "Icon-Drum128x79.png"; path = "Image/Icon-Drum128x79.png"; sourceTree = "<group>"; };
		446E08CC133454F1006859F4 /* Icon-DrumPush128x79.png */ = {isa = PBXFileReference; lastKnownFileType = image.png; name = "Icon-DrumPush128x79.png"; path = "Image/Icon-DrumPush128x79.png"; sourceTree = "<group>"; };
		448D99321307D1EB004DFD62 /* Japanese */ = {isa = PBXFileReference; lastKnownFileType = text.plist.strings; name = Japanese; path = Japanese.lproj/Localizable.strings; sourceTree = "<group>"; };
		448D99331307D1F8004DFD62 /* French */ = {isa = PBXFileReference; lastKnownFileType = text.plist.strings; name = French; path = French.lproj/Localizable.strings; sourceTree = "<group>"; };
		448D99341307D1FE004DFD62 /* German */ = {isa = PBXFileReference; lastKnownFileType = text.plist.strings; name = German; path = German.lproj/Localizable.strings; sourceTree = "<group>"; };
		448D99351307D209004DFD62 /* Italian */ = {isa = PBXFileReference; lastKnownFileType = text.plist.strings; name = Italian; path = Italian.lproj/Localizable.strings; sourceTree = "<group>"; };
		448D99361307D210004DFD62 /* Spanish */ = {isa = PBXFileReference; lastKnownFileType = text.plist.strings; name = Spanish; path = Spanish.lproj/Localizable.strings; sourceTree = "<group>"; };
		448D99381307D226004DFD62 /* Korean */ = {isa = PBXFileReference; lastKnownFileType = text.plist.strings; name = Korean; path = Korean.lproj/Localizable.strings; sourceTree = "<group>"; };
		448D99391307D249004DFD62 /* Turkish */ = {isa = PBXFileReference; lastKnownFileType = text.plist.strings; name = Turkish; path = Turkish.lproj/Localizable.strings; sourceTree = "<group>"; };
		448D997E1307DC96004DFD62 /* Japanese */ = {isa = PBXFileReference; lastKnownFileType = file.xib; name = Japanese; path = ../Japanese.lproj/SettingVC.xib; sourceTree = "<group>"; };
		449E6B97121FA34100338E7F /* AzKeySet-iPad.plist */ = {isa = PBXFileReference; fileEncoding = 4; lastKnownFileType = text.plist.xml; path = "AzKeySet-iPad.plist"; sourceTree = "<group>"; };
		449EBC6911E57EA900E2AABD /* Global.h */ = {isa = PBXFileReference; fileEncoding = 4; lastKnownFileType = sourcecode.c.h; path = Global.h; sourceTree = "<group>"; };
		449F71C611F546E600B778F1 /* Drum.h */ = {isa = PBXFileReference; fileEncoding = 4; lastKnownFileType = sourcecode.c.h; path = Drum.h; sourceTree = "<group>"; };
		449F71C711F546E600B778F1 /* Drum.mm */ = {isa = PBXFileReference; fileEncoding = 4; lastKnownFileType = sourcecode.cpp.objcpp; path = Drum.mm; sourceTree = "<group>"; };
		44A20A361212D96F000A315E /* KeyButton.h */ = {isa = PBXFileReference; fileEncoding = 4; lastKnownFileType = sourcecode.c.h; path = KeyButton.h; sourceTree = "<group>"; };
		44A20A371212D96F000A315E /* KeyButton.m */ = {isa = PBXFileReference; fileEncoding = 4; lastKnownFileType = sourcecode.c.objc; path = KeyButton.m; sourceTree = "<group>"; };
		44A3D37F11F31E4C0001BF89 /* InformationVC.h */ = {isa = PBXFileReference; fileEncoding = 4; lastKnownFileType = sourcecode.c.h; name = InformationVC.h; path = ../InformationVC.h; sourceTree = "<group>"; };
		44A3D38011F31E4C0001BF89 /* InformationVC.m */ = {isa = PBXFileReference; fileEncoding = 4; lastKnownFileType = sourcecode.c.objc; name = InformationVC.m; path = ../InformationVC.m; sourceTree = "<group>"; };
		44A3D4BD11F354FB0001BF89 /* English */ = {isa = PBXFileReference; lastKnownFileType = file.xib; name = English; path = ../English.lproj/SettingVC.xib; sourceTree = "<group>"; };
		44A3D4CB11F355400001BF89 /* Japanese */ = {isa = PBXFileReference; lastKnownFileType = file.xib; name = Japanese; path = Japanese.lproj/InformationVC.xib; sourceTree = "<group>"; };
		44A560D713237E48000E4628 /* AzKeySet.plist */ = {isa = PBXFileReference; fileEncoding = 4; lastKnownFileType = text.plist.xml; path = AzKeySet.plist; sourceTree = "<group>"; };
		44A8B23511F3E5F6007D6FA0 /* icon32-PageFilp.png */ = {isa = PBXFileReference; lastKnownFileType = image.png; name = "icon32-PageFilp.png"; path = "Image/icon32-PageFilp.png"; sourceTree = "<group>"; };
		44A8B24311F3EC87007D6FA0 /* OptionVC.h */ = {isa = PBXFileReference; fileEncoding = 4; lastKnownFileType = sourcecode.c.h; name = OptionVC.h; path = ../OptionVC.h; sourceTree = "<group>"; };
		44A8B24411F3EC87007D6FA0 /* OptionVC.m */ = {isa = PBXFileReference; fileEncoding = 4; lastKnownFileType = sourcecode.c.objc; name = OptionVC.m; path = ../OptionVC.m; sourceTree = "<group>"; };
		44A8B24511F3EC87007D6FA0 /* OptionVC.xib */ = {isa = PBXFileReference; lastKnownFileType = file.xib; name = OptionVC.xib; path = ../OptionVC.xib; sourceTree = "<group>"; };
		44AB054012258878005E11A7 /* Japanese */ = {isa = PBXFileReference; lastKnownFileType = file.xib; name = Japanese; path = "Resources-iPad/Japanese.lproj/Setting-iPad.xib"; sourceTree = "<group>"; };
		44AB8B2F11F1E3E200D7C4F9 /* iAd.framework */ = {isa = PBXFileReference; lastKnownFileType = wrapper.framework; name = iAd.framework; path = System/Library/Frameworks/iAd.framework; sourceTree = SDKROOT; };
		44AF898213052F3D00D3594C /* CalcFunctions.mm */ = {isa = PBXFileReference; fileEncoding = 4; lastKnownFileType = sourcecode.cpp.objcpp; path = CalcFunctions.mm; sourceTree = "<group>"; };
		44AF898313052F3D00D3594C /* CalcFunctions.h */ = {isa = PBXFileReference; fileEncoding = 4; lastKnownFileType = sourcecode.c.h; path = CalcFunctions.h; sourceTree = "<group>"; };
		44AF8AA1130578BF00D3594C /* AudioToolbox.framework */ = {isa = PBXFileReference; lastKnownFileType = wrapper.framework; name = AudioToolbox.framework; path = System/Library/Frameworks/AudioToolbox.framework; sourceTree = SDKROOT; };
		44AF8AA3130578BF00D3594C /* MediaPlayer.framework */ = {isa = PBXFileReference; lastKnownFileType = wrapper.framework; name = MediaPlayer.framework; path = System/Library/Frameworks/MediaPlayer.framework; sourceTree = SDKROOT; };
		44AF8AA5130578BF00D3594C /* MessageUI.framework */ = {isa = PBXFileReference; lastKnownFileType = wrapper.framework; name = MessageUI.framework; path = System/Library/Frameworks/MessageUI.framework; sourceTree = SDKROOT; };
		44AF8AA7130578BF00D3594C /* QuartzCore.framework */ = {isa = PBXFileReference; lastKnownFileType = wrapper.framework; name = QuartzCore.framework; path = System/Library/Frameworks/QuartzCore.framework; sourceTree = SDKROOT; };
		44AF8CB811FC5FED00D4B206 /* SBCD.h */ = {isa = PBXFileReference; explicitFileType = sourcecode.cpp.h; fileEncoding = 4; name = SBCD.h; path = SBCD/SBCD.h; sourceTree = "<group>"; };
		44AF8D5911FC8F0700D4B206 /* SBCD.cpp */ = {isa = PBXFileReference; explicitFileType = sourcecode.cpp.objcpp; fileEncoding = 4; name = SBCD.cpp; path = SBCD/SBCD.cpp; sourceTree = "<group>"; };
		44AFE96411F2DEDF00F6C8C2 /* English */ = {isa = PBXFileReference; fileEncoding = 10; lastKnownFileType = text.plist.strings; name = English; path = English.lproj/Localizable.strings; sourceTree = "<group>"; };
		44BC4C891359E9A1009B995C /* AzCalcS1.app */ = {isa = PBXFileReference; explicitFileType = wrapper.application; includeInIndex = 0; path = AzCalcS1.app; sourceTree = BUILT_PRODUCTS_DIR; };
		44BC4C8B1359E9F1009B995C /* Icon57free.png */ = {isa = PBXFileReference; lastKnownFileType = image.png; path = Icon57free.png; sourceTree = "<group>"; };
		44BC4C8C1359E9F1009B995C /* Icon57free@2x.png */ = {isa = PBXFileReference; lastKnownFileType = image.png; path = "Icon57free@2x.png"; sourceTree = "<group>"; };
		44BC4C8D1359E9F1009B995C /* Icon72free.png */ = {isa = PBXFileReference; lastKnownFileType = image.png; path = Icon72free.png; sourceTree = "<group>"; };
		44BC4C911359EA01009B995C /* Icon57s1.png */ = {isa = PBXFileReference; lastKnownFileType = image.png; path = Icon57s1.png; sourceTree = "<group>"; };
		44BC4C921359EA01009B995C /* Icon57s1@2x.png */ = {isa = PBXFileReference; lastKnownFileType = image.png; path = "Icon57s1@2x.png"; sourceTree = "<group>"; };
		44BC4C931359EA01009B995C /* Icon72s1.png */ = {isa = PBXFileReference; lastKnownFileType = image.png; path = Icon72s1.png; sourceTree = "<group>"; };
		44BC4C971359EA7B009B995C /* AzCalc-InfoS1.plist */ = {isa = PBXFileReference; fileEncoding = 4; lastKnownFileType = text.plist.xml; path = "AzCalc-InfoS1.plist"; sourceTree = "<group>"; };
		44C572881384AE9E00490D58 /* GADBannerView.h */ = {isa = PBXFileReference; fileEncoding = 4; lastKnownFileType = sourcecode.c.h; path = GADBannerView.h; sourceTree = "<group>"; };
		44C572891384AE9E00490D58 /* GADBannerViewDelegate.h */ = {isa = PBXFileReference; fileEncoding = 4; lastKnownFileType = sourcecode.c.h; path = GADBannerViewDelegate.h; sourceTree = "<group>"; };
		44C5728A1384AE9E00490D58 /* GADInterstitial.h */ = {isa = PBXFileReference; fileEncoding = 4; lastKnownFileType = sourcecode.c.h; path = GADInterstitial.h; sourceTree = "<group>"; };
		44C5728B1384AE9E00490D58 /* GADInterstitialDelegate.h */ = {isa = PBXFileReference; fileEncoding = 4; lastKnownFileType = sourcecode.c.h; path = GADInterstitialDelegate.h; sourceTree = "<group>"; };
		44C5728C1384AE9E00490D58 /* GADRequest.h */ = {isa = PBXFileReference; fileEncoding = 4; lastKnownFileType = sourcecode.c.h; path = GADRequest.h; sourceTree = "<group>"; };
		44C5728D1384AE9E00490D58 /* GADRequestError.h */ = {isa = PBXFileReference; fileEncoding = 4; lastKnownFileType = sourcecode.c.h; path = GADRequestError.h; sourceTree = "<group>"; };
		44C5728E1384AE9E00490D58 /* libGoogleAdMobAds.a */ = {isa = PBXFileReference; lastKnownFileType = archive.ar; path = libGoogleAdMobAds.a; sourceTree = "<group>"; };
		44C5728F1384AE9E00490D58 /* README.txt */ = {isa = PBXFileReference; fileEncoding = 4; lastKnownFileType = text; path = README.txt; sourceTree = "<group>"; };
		44C572921384B4B300490D58 /* SystemConfiguration.framework */ = {isa = PBXFileReference; lastKnownFileType = wrapper.framework; name = SystemConfiguration.framework; path = System/Library/Frameworks/SystemConfiguration.framework; sourceTree = SDKROOT; };
		44CB363511F0AA9F0057E9F3 /* SettingVC.h */ = {isa = PBXFileReference; fileEncoding = 4; lastKnownFileType = sourcecode.c.h; path = SettingVC.h; sourceTree = "<group>"; };
		44CB363611F0AA9F0057E9F3 /* SettingVC.m */ = {isa = PBXFileReference; fileEncoding = 4; lastKnownFileType = sourcecode.c.objc; path = SettingVC.m; sourceTree = "<group>"; };
		44CDB5C9135A77D600037C8E /* English */ = {isa = PBXFileReference; lastKnownFileType = file.xib; name = English; path = English.lproj/InformationVC.xib; sourceTree = "<group>"; };
		44CDB5CC135A80BE00037C8E /* UIDevice-Hardware.h */ = {isa = PBXFileReference; fileEncoding = 4; lastKnownFileType = sourcecode.c.h; path = "UIDevice-Hardware.h"; sourceTree = "<group>"; };
		44CDB5CD135A80BE00037C8E /* UIDevice-Hardware.m */ = {isa = PBXFileReference; fileEncoding = 4; lastKnownFileType = sourcecode.c.objc; path = "UIDevice-Hardware.m"; sourceTree = "<group>"; };
		44CDB5D0135A813600037C8E /* Global.m */ = {isa = PBXFileReference; fileEncoding = 4; lastKnownFileType = sourcecode.c.objc; path = Global.m; sourceTree = "<group>"; };
		44CDB616135AD2A400037C8E /* Japanese */ = {isa = PBXFileReference; lastKnownFileType = file.xib; name = Japanese; path = "Resources-iPad/Japanese.lproj/InformationVC-iPad.xib"; sourceTree = SOURCE_ROOT; };
		44CDB619135AD2D300037C8E /* English */ = {isa = PBXFileReference; lastKnownFileType = file.xib; name = English; path = "Resources-iPad/English.lproj/InformationVC-iPad.xib"; sourceTree = SOURCE_ROOT; };
		44D4B74213150BC100D89E34 /* Icon16-Setting@2x.png */ = {isa = PBXFileReference; lastKnownFileType = image.png; name = "Icon16-Setting@2x.png"; path = "Image/Icon16-Setting@2x.png"; sourceTree = "<group>"; };
		44EF5DA912099BBF00BB87B6 /* MainWindow-iPad.xib */ = {isa = PBXFileReference; lastKnownFileType = file.xib; name = "MainWindow-iPad.xib"; path = "Resources-iPad/MainWindow-iPad.xib"; sourceTree = "<group>"; };
		44EF5DD712099EB400BB87B6 /* AzCalcViewController-iPad.xib */ = {isa = PBXFileReference; lastKnownFileType = file.xib; name = "AzCalcViewController-iPad.xib"; path = "../Resources-iPad/AzCalcViewController-iPad.xib"; sourceTree = "<group>"; };
		44EF5DDD12099F6000BB87B6 /* English */ = {isa = PBXFileReference; lastKnownFileType = file.xib; name = English; path = "Resources-iPad/English.lproj/Setting-iPad.xib"; sourceTree = "<group>"; };
		44EF5DE012099FB200BB87B6 /* Information-iPad.xib */ = {isa = PBXFileReference; fileEncoding = 4; lastKnownFileType = file.xib; name = "Information-iPad.xib"; path = "/Users/masa/AzukiSoft/AzCalc/AzCalc/Resources-iPad/Information-iPad.xib"; sourceTree = "<absolute>"; };
		44FB653A1372B9140092532D /* zh-Hans */ = {isa = PBXFileReference; lastKnownFileType = text.plist.strings; name = "zh-Hans"; path = "/Users/masa/AzukiSoft/AzCalc/AzCalc/zh-Hans.lproj/Localizable.strings"; sourceTree = "<absolute>"; };
		44FB653F1372B96A0092532D /* zh-Hant */ = {isa = PBXFileReference; lastKnownFileType = text.plist.strings; name = "zh-Hant"; path = "/Users/masa/AzukiSoft/AzCalc/AzCalc/zh-Hant.lproj/Localizable.strings"; sourceTree = "<absolute>"; };
		8D1107310486CEB800E47090 /* AzCalc-Info.plist */ = {isa = PBXFileReference; fileEncoding = 4; lastKnownFileType = text.plist.xml; path = "AzCalc-Info.plist"; plistStructureDefinitionIdentifier = "com.apple.xcode.plist.structure-definition.iphone.info-plist"; sourceTree = "<group>"; };
/* End PBXFileReference section */

/* Begin PBXFrameworksBuildPhase section */
		1D60588F0D05DD3D006BFB54 /* Frameworks */ = {
			isa = PBXFrameworksBuildPhase;
			buildActionMask = 2147483647;
			files = (
				44C572931384B4B300490D58 /* SystemConfiguration.framework in Frameworks */,
				1D60589F0D05DD5A006BFB54 /* Foundation.framework in Frameworks */,
				1DF5F4E00D08C38300B7A737 /* UIKit.framework in Frameworks */,
				288765A50DF7441C002DB57D /* CoreGraphics.framework in Frameworks */,
				44AB8B3011F1E3E200D7C4F9 /* iAd.framework in Frameworks */,
				44AF8AA2130578BF00D3594C /* AudioToolbox.framework in Frameworks */,
				44AF8AA4130578BF00D3594C /* MediaPlayer.framework in Frameworks */,
				44AF8AA6130578BF00D3594C /* MessageUI.framework in Frameworks */,
				44AF8AA8130578BF00D3594C /* QuartzCore.framework in Frameworks */,
				44C572901384AE9E00490D58 /* libGoogleAdMobAds.a in Frameworks */,
			);
			runOnlyForDeploymentPostprocessing = 0;
		};
		44BC4C7B1359E9A1009B995C /* Frameworks */ = {
			isa = PBXFrameworksBuildPhase;
			buildActionMask = 2147483647;
			files = (
				44BC4C7C1359E9A1009B995C /* Foundation.framework in Frameworks */,
				44BC4C7D1359E9A1009B995C /* UIKit.framework in Frameworks */,
				44BC4C7E1359E9A1009B995C /* CoreGraphics.framework in Frameworks */,
				44BC4C811359E9A1009B995C /* AudioToolbox.framework in Frameworks */,
				44BC4C821359E9A1009B995C /* MediaPlayer.framework in Frameworks */,
				44BC4C831359E9A1009B995C /* MessageUI.framework in Frameworks */,
				44BC4C841359E9A1009B995C /* QuartzCore.framework in Frameworks */,
			);
			runOnlyForDeploymentPostprocessing = 0;
		};
/* End PBXFrameworksBuildPhase section */

/* Begin PBXGroup section */
		080E96DDFE201D6D7F000001 /* Classes */ = {
			isa = PBXGroup;
			children = (
				449EBC6911E57EA900E2AABD /* Global.h */,
				44CDB5D0135A813600037C8E /* Global.m */,
				1D3623240D0F684500981E51 /* AzCalcAppDelegate.h */,
				1D3623250D0F684500981E51 /* AzCalcAppDelegate.m */,
				44AF898313052F3D00D3594C /* CalcFunctions.h */,
				44AF898213052F3D00D3594C /* CalcFunctions.mm */,
				449F71C611F546E600B778F1 /* Drum.h */,
				449F71C711F546E600B778F1 /* Drum.mm */,
				44A20A361212D96F000A315E /* KeyButton.h */,
				44A20A371212D96F000A315E /* KeyButton.m */,
				28D7ACF60DDB3853001CB0EB /* AzCalcViewController.h */,
				28D7ACF70DDB3853001CB0EB /* AzCalcViewController.mm */,
				2899E5210DE3E06400AC0155 /* AzCalcViewController.xib */,
				44EF5DD712099EB400BB87B6 /* AzCalcViewController-iPad.xib */,
				44CB363511F0AA9F0057E9F3 /* SettingVC.h */,
				44CB363611F0AA9F0057E9F3 /* SettingVC.m */,
				448D997C1307DC8D004DFD62 /* SettingVC.xib */,
				44AB053E1225886E005E11A7 /* Setting-iPad.xib */,
				44A8B24311F3EC87007D6FA0 /* OptionVC.h */,
				44A8B24411F3EC87007D6FA0 /* OptionVC.m */,
				44A8B24511F3EC87007D6FA0 /* OptionVC.xib */,
				44A3D37F11F31E4C0001BF89 /* InformationVC.h */,
				44A3D38011F31E4C0001BF89 /* InformationVC.m */,
				44A3D4CA11F355400001BF89 /* InformationVC.xib */,
				44CDB615135AD2A400037C8E /* InformationVC-iPad.xib */,
			);
			path = Classes;
			sourceTree = "<group>";
		};
		19C28FACFE9D520D11CA2CBB /* Products */ = {
			isa = PBXGroup;
			children = (
				1D6058910D05DD3D006BFB54 /* AzCalc.app */,
				44BC4C891359E9A1009B995C /* AzCalcS1.app */,
			);
			name = Products;
			sourceTree = "<group>";
		};
		29B97314FDCFA39411CA2CEA /* CustomTemplate */ = {
			isa = PBXGroup;
			children = (
				44C572871384AE9E00490D58 /* GoogleAdMobAdsSDK */,
				44CDB5CB135A807900037C8E /* OpenCode */,
				44AF8CB111FC5E2200D4B206 /* SBCD */,
				080E96DDFE201D6D7F000001 /* Classes */,
				29B97315FDCFA39411CA2CEA /* Other Sources */,
				44A2E47411EB29F5009FB007 /* Images */,
				29B97317FDCFA39411CA2CEA /* Resources */,
				29B97323FDCFA39411CA2CEA /* Frameworks */,
				19C28FACFE9D520D11CA2CBB /* Products */,
			);
			name = CustomTemplate;
			sourceTree = "<group>";
		};
		29B97315FDCFA39411CA2CEA /* Other Sources */ = {
			isa = PBXGroup;
			children = (
				32CA4F630368D1EE00C91783 /* AzCalc_Prefix.pch */,
				29B97316FDCFA39411CA2CEA /* main.m */,
			);
			name = "Other Sources";
			sourceTree = "<group>";
		};
		29B97317FDCFA39411CA2CEA /* Resources */ = {
			isa = PBXGroup;
			children = (
				448D99301307D1DD004DFD62 /* Localizable.strings */,
				44A560D713237E48000E4628 /* AzKeySet.plist */,
				444187F3120EBCD600DE74B0 /* AzKeyMaster.plist */,
				449E6B97121FA34100338E7F /* AzKeySet-iPad.plist */,
				8D1107310486CEB800E47090 /* AzCalc-Info.plist */,
				44BC4C971359EA7B009B995C /* AzCalc-InfoS1.plist */,
				441D242211F3056200A3B68A /* InfoPlist.strings */,
				44BC4C911359EA01009B995C /* Icon57s1.png */,
				44BC4C921359EA01009B995C /* Icon57s1@2x.png */,
				44BC4C931359EA01009B995C /* Icon72s1.png */,
				44BC4C8B1359E9F1009B995C /* Icon57free.png */,
				44BC4C8C1359E9F1009B995C /* Icon57free@2x.png */,
				44BC4C8D1359E9F1009B995C /* Icon72free.png */,
				44377D58131528FC0064EA93 /* Default.png */,
				44377D5A131529060064EA93 /* Default@2x.png */,
				44377D56131528EE0064EA93 /* Default-Landscape.png */,
				44377D54131528CF0064EA93 /* Default-Portrait.png */,
				28AD733E0D9D9553002E5188 /* MainWindow.xib */,
				44EF5DA912099BBF00BB87B6 /* MainWindow-iPad.xib */,
			);
			name = Resources;
			sourceTree = "<group>";
		};
		29B97323FDCFA39411CA2CEA /* Frameworks */ = {
			isa = PBXGroup;
			children = (
				44C572921384B4B300490D58 /* SystemConfiguration.framework */,
				1DF5F4DF0D08C38300B7A737 /* UIKit.framework */,
				1D30AB110D05D00D00671497 /* Foundation.framework */,
				288765A40DF7441C002DB57D /* CoreGraphics.framework */,
				44AB8B2F11F1E3E200D7C4F9 /* iAd.framework */,
				44AF8AA1130578BF00D3594C /* AudioToolbox.framework */,
				44AF8AA3130578BF00D3594C /* MediaPlayer.framework */,
				44AF8AA5130578BF00D3594C /* MessageUI.framework */,
				44AF8AA7130578BF00D3594C /* QuartzCore.framework */,
			);
			name = Frameworks;
			sourceTree = "<group>";
		};
		44A2E47411EB29F5009FB007 /* Images */ = {
			isa = PBXGroup;
			children = (
				446E08CB133454F1006859F4 /* Icon-Drum128x79.png */,
				446E08CC133454F1006859F4 /* Icon-DrumPush128x79.png */,
				446E08C3133450DF006859F4 /* Icon-Drum60x37.png */,
				446E08C4133450DF006859F4 /* Icon-Drum60x37@2x.png */,
				446E08C5133450DF006859F4 /* Icon-DrumPush60x37.png */,
				446E08C6133450DF006859F4 /* Icon-DrumPush60x37@2x.png */,
				445184431303B8BE002820EA /* Icon16-Setting.png */,
				44D4B74213150BC100D89E34 /* Icon16-Setting@2x.png */,
				44A8B23511F3E5F6007D6FA0 /* icon32-PageFilp.png */,
			);
			name = Images;
			sourceTree = "<group>";
		};
		44AF8CB111FC5E2200D4B206 /* SBCD */ = {
			isa = PBXGroup;
			children = (
				44AF8CB811FC5FED00D4B206 /* SBCD.h */,
				44AF8D5911FC8F0700D4B206 /* SBCD.cpp */,
			);
			name = SBCD;
			sourceTree = "<group>";
		};
		44C572871384AE9E00490D58 /* GoogleAdMobAdsSDK */ = {
			isa = PBXGroup;
			children = (
				44C572881384AE9E00490D58 /* GADBannerView.h */,
				44C572891384AE9E00490D58 /* GADBannerViewDelegate.h */,
				44C5728A1384AE9E00490D58 /* GADInterstitial.h */,
				44C5728B1384AE9E00490D58 /* GADInterstitialDelegate.h */,
				44C5728C1384AE9E00490D58 /* GADRequest.h */,
				44C5728D1384AE9E00490D58 /* GADRequestError.h */,
				44C5728E1384AE9E00490D58 /* libGoogleAdMobAds.a */,
				44C5728F1384AE9E00490D58 /* README.txt */,
			);
			path = GoogleAdMobAdsSDK;
			sourceTree = "<group>";
		};
		44CDB5CB135A807900037C8E /* OpenCode */ = {
			isa = PBXGroup;
			children = (
				44CDB5CC135A80BE00037C8E /* UIDevice-Hardware.h */,
				44CDB5CD135A80BE00037C8E /* UIDevice-Hardware.m */,
			);
			name = OpenCode;
			sourceTree = "<group>";
		};
/* End PBXGroup section */

/* Begin PBXNativeTarget section */
		1D6058900D05DD3D006BFB54 /* AzCalc */ = {
			isa = PBXNativeTarget;
			buildConfigurationList = 1D6058960D05DD3E006BFB54 /* Build configuration list for PBXNativeTarget "AzCalc" */;
			buildPhases = (
				1D60588D0D05DD3D006BFB54 /* Resources */,
				1D60588E0D05DD3D006BFB54 /* Sources */,
				1D60588F0D05DD3D006BFB54 /* Frameworks */,
			);
			buildRules = (
			);
			dependencies = (
			);
			name = AzCalc;
			productName = AzCalc;
			productReference = 1D6058910D05DD3D006BFB54 /* AzCalc.app */;
			productType = "com.apple.product-type.application";
		};
		44BC4C461359E9A1009B995C /* AzCalcS1 */ = {
			isa = PBXNativeTarget;
			buildConfigurationList = 44BC4C851359E9A1009B995C /* Build configuration list for PBXNativeTarget "AzCalcS1" */;
			buildPhases = (
				44BC4C471359E9A1009B995C /* Resources */,
				44BC4C661359E9A1009B995C /* Sources */,
				44BC4C7B1359E9A1009B995C /* Frameworks */,
			);
			buildRules = (
			);
			dependencies = (
			);
			name = AzCalcS1;
			productName = AzCalc;
			productReference = 44BC4C891359E9A1009B995C /* AzCalcS1.app */;
			productType = "com.apple.product-type.application";
		};
/* End PBXNativeTarget section */

/* Begin PBXProject section */
		29B97313FDCFA39411CA2CEA /* Project object */ = {
			isa = PBXProject;
			attributes = {
				ORGANIZATIONNAME = AzukiSoft;
			};
			buildConfigurationList = C01FCF4E08A954540054247B /* Build configuration list for PBXProject "AzCalc" */;
			compatibilityVersion = "Xcode 3.2";
			developmentRegion = English;
			hasScannedForEncodings = 1;
			knownRegions = (
				English,
				Japanese,
				French,
				German,
				"",
				AzCalc,
				Italian,
				Spanish,
				zh_CN,
				"Chinese (Simplified)",
				Korean,
				Turkish,
				ja,
			);
			mainGroup = 29B97314FDCFA39411CA2CEA /* CustomTemplate */;
			projectDirPath = "";
			projectRoot = "";
			targets = (
				1D6058900D05DD3D006BFB54 /* AzCalc */,
				44BC4C461359E9A1009B995C /* AzCalcS1 */,
			);
		};
/* End PBXProject section */

/* Begin PBXResourcesBuildPhase section */
		1D60588D0D05DD3D006BFB54 /* Resources */ = {
			isa = PBXResourcesBuildPhase;
			buildActionMask = 2147483647;
			files = (
				448D99311307D1DD004DFD62 /* Localizable.strings in Resources */,
				441D242511F3056200A3B68A /* InfoPlist.strings in Resources */,
				444187F4120EBCD600DE74B0 /* AzKeyMaster.plist in Resources */,
				44A560D813237E48000E4628 /* AzKeySet.plist in Resources */,
				449E6B98121FA34100338E7F /* AzKeySet-iPad.plist in Resources */,
				44A8B23611F3E5F6007D6FA0 /* icon32-PageFilp.png in Resources */,
				44EF5DE112099FB200BB87B6 /* Information-iPad.xib in Resources */,
				445184441303B8BE002820EA /* Icon16-Setting.png in Resources */,
				44D4B74313150BC100D89E34 /* Icon16-Setting@2x.png in Resources */,
				446E08C7133450DF006859F4 /* Icon-Drum60x37.png in Resources */,
				446E08C8133450DF006859F4 /* Icon-Drum60x37@2x.png in Resources */,
				446E08C9133450DF006859F4 /* Icon-DrumPush60x37.png in Resources */,
				446E08CA133450DF006859F4 /* Icon-DrumPush60x37@2x.png in Resources */,
				446E08CD133454F1006859F4 /* Icon-Drum128x79.png in Resources */,
				446E08CE133454F1006859F4 /* Icon-DrumPush128x79.png in Resources */,
				44BC4C8E1359E9F1009B995C /* Icon57free.png in Resources */,
				44BC4C8F1359E9F1009B995C /* Icon57free@2x.png in Resources */,
				44BC4C901359E9F1009B995C /* Icon72free.png in Resources */,
				44CDB60D135AA80B00037C8E /* Default.png in Resources */,
				44CDB60E135AA81100037C8E /* Default@2x.png in Resources */,
				44CDB60F135AA82300037C8E /* Default-Portrait.png in Resources */,
				44CDB610135AA82800037C8E /* Default-Landscape.png in Resources */,
				28AD733F0D9D9553002E5188 /* MainWindow.xib in Resources */,
				44EF5DAB12099BBF00BB87B6 /* MainWindow-iPad.xib in Resources */,
				2899E5220DE3E06400AC0155 /* AzCalcViewController.xib in Resources */,
				44EF5DD812099EB400BB87B6 /* AzCalcViewController-iPad.xib in Resources */,
				448D997D1307DC8D004DFD62 /* SettingVC.xib in Resources */,
				44AB053F1225886E005E11A7 /* Setting-iPad.xib in Resources */,
				44A8B24711F3EC87007D6FA0 /* OptionVC.xib in Resources */,
				44A3D4CD11F355400001BF89 /* InformationVC.xib in Resources */,
				44CDB636135AE1B200037C8E /* InformationVC-iPad.xib in Resources */,
			);
			runOnlyForDeploymentPostprocessing = 0;
		};
		44BC4C471359E9A1009B995C /* Resources */ = {
			isa = PBXResourcesBuildPhase;
			buildActionMask = 2147483647;
			files = (
				44BC4C4A1359E9A1009B995C /* Localizable.strings in Resources */,
				44BC4C4B1359E9A1009B995C /* InfoPlist.strings in Resources */,
				44BC4C541359E9A1009B995C /* AzKeyMaster.plist in Resources */,
				44BC4C5F1359E9A1009B995C /* AzKeySet.plist in Resources */,
				44BC4C551359E9A1009B995C /* AzKeySet-iPad.plist in Resources */,
				44BC4C4E1359E9A1009B995C /* icon32-PageFilp.png in Resources */,
				44BC4C561359E9A1009B995C /* Icon16-Setting.png in Resources */,
				44BC4C571359E9A1009B995C /* Icon16-Setting@2x.png in Resources */,
				44BC4C601359E9A1009B995C /* Icon-Drum60x37.png in Resources */,
				44BC4C611359E9A1009B995C /* Icon-Drum60x37@2x.png in Resources */,
				44BC4C621359E9A1009B995C /* Icon-DrumPush60x37.png in Resources */,
				44BC4C631359E9A1009B995C /* Icon-DrumPush60x37@2x.png in Resources */,
				44BC4C641359E9A1009B995C /* Icon-Drum128x79.png in Resources */,
				44BC4C651359E9A1009B995C /* Icon-DrumPush128x79.png in Resources */,
				44BC4C941359EA01009B995C /* Icon57s1.png in Resources */,
				44BC4C951359EA01009B995C /* Icon57s1@2x.png in Resources */,
				44BC4C961359EA01009B995C /* Icon72s1.png in Resources */,
				44CDB611135AA84200037C8E /* Default.png in Resources */,
				44CDB612135AA84700037C8E /* Default@2x.png in Resources */,
				44CDB635135AD9A600037C8E /* Default-Portrait.png in Resources */,
				44CDB634135AD9A600037C8E /* Default-Landscape.png in Resources */,
				44BC4C481359E9A1009B995C /* MainWindow.xib in Resources */,
				44BC4C501359E9A1009B995C /* MainWindow-iPad.xib in Resources */,
				44BC4C491359E9A1009B995C /* AzCalcViewController.xib in Resources */,
				44BC4C511359E9A1009B995C /* AzCalcViewController-iPad.xib in Resources */,
				44BC4C4C1359E9A1009B995C /* SettingVC.xib in Resources */,
				44BC4C521359E9A1009B995C /* Setting-iPad.xib in Resources */,
				44BC4C4F1359E9A1009B995C /* OptionVC.xib in Resources */,
				44FB6519137259150092532D /* InformationVC.xib in Resources */,
				44CDB637135AE1B300037C8E /* InformationVC-iPad.xib in Resources */,
			);
			runOnlyForDeploymentPostprocessing = 0;
		};
/* End PBXResourcesBuildPhase section */

/* Begin PBXSourcesBuildPhase section */
		1D60588E0D05DD3D006BFB54 /* Sources */ = {
			isa = PBXSourcesBuildPhase;
			buildActionMask = 2147483647;
			files = (
				1D60589B0D05DD56006BFB54 /* main.m in Sources */,
				1D3623260D0F684500981E51 /* AzCalcAppDelegate.m in Sources */,
				28D7ACF80DDB3853001CB0EB /* AzCalcViewController.mm in Sources */,
				44CB363711F0AA9F0057E9F3 /* SettingVC.m in Sources */,
				44A3D38211F31E4C0001BF89 /* InformationVC.m in Sources */,
				44A8B24611F3EC87007D6FA0 /* OptionVC.m in Sources */,
				449F71C811F546E600B778F1 /* Drum.mm in Sources */,
				44AF8D5A11FC8F0700D4B206 /* SBCD.cpp in Sources */,
				44A20A381212D96F000A315E /* KeyButton.m in Sources */,
				44AF898413052F3D00D3594C /* CalcFunctions.mm in Sources */,
				44CDB5CE135A80BE00037C8E /* UIDevice-Hardware.m in Sources */,
				44CDB5D1135A813600037C8E /* Global.m in Sources */,
			);
			runOnlyForDeploymentPostprocessing = 0;
		};
		44BC4C661359E9A1009B995C /* Sources */ = {
			isa = PBXSourcesBuildPhase;
			buildActionMask = 2147483647;
			files = (
				44BC4C671359E9A1009B995C /* main.m in Sources */,
				44BC4C681359E9A1009B995C /* AzCalcAppDelegate.m in Sources */,
				44BC4C691359E9A1009B995C /* AzCalcViewController.mm in Sources */,
				44BC4C6A1359E9A1009B995C /* SettingVC.m in Sources */,
				44BC4C6B1359E9A1009B995C /* InformationVC.m in Sources */,
				44BC4C6C1359E9A1009B995C /* OptionVC.m in Sources */,
				44BC4C6D1359E9A1009B995C /* Drum.mm in Sources */,
				44BC4C6E1359E9A1009B995C /* SBCD.cpp in Sources */,
				44BC4C6F1359E9A1009B995C /* KeyButton.m in Sources */,
				44BC4C7A1359E9A1009B995C /* CalcFunctions.mm in Sources */,
				44CDB5CF135A80BE00037C8E /* UIDevice-Hardware.m in Sources */,
				44CDB5D2135A813600037C8E /* Global.m in Sources */,
			);
			runOnlyForDeploymentPostprocessing = 0;
		};
/* End PBXSourcesBuildPhase section */

/* Begin PBXVariantGroup section */
		441D242211F3056200A3B68A /* InfoPlist.strings */ = {
			isa = PBXVariantGroup;
			children = (
				441D242311F3056200A3B68A /* English */,
				441D242411F3056200A3B68A /* Japanese */,
			);
			name = InfoPlist.strings;
			sourceTree = "<group>";
		};
		448D99301307D1DD004DFD62 /* Localizable.strings */ = {
			isa = PBXVariantGroup;
			children = (
				44AFE96411F2DEDF00F6C8C2 /* English */,
				448D99321307D1EB004DFD62 /* Japanese */,
				448D99331307D1F8004DFD62 /* French */,
				448D99341307D1FE004DFD62 /* German */,
				448D99351307D209004DFD62 /* Italian */,
				448D99361307D210004DFD62 /* Spanish */,
				448D99381307D226004DFD62 /* Korean */,
				448D99391307D249004DFD62 /* Turkish */,
				44FB653A1372B9140092532D /* zh-Hans */,
				44FB653F1372B96A0092532D /* zh-Hant */,
			);
			name = Localizable.strings;
			sourceTree = "<group>";
		};
		448D997C1307DC8D004DFD62 /* SettingVC.xib */ = {
			isa = PBXVariantGroup;
			children = (
				44A3D4BD11F354FB0001BF89 /* English */,
				448D997E1307DC96004DFD62 /* Japanese */,
			);
			name = SettingVC.xib;
			sourceTree = "<group>";
		};
		44A3D4CA11F355400001BF89 /* InformationVC.xib */ = {
			isa = PBXVariantGroup;
			children = (
				44A3D4CB11F355400001BF89 /* Japanese */,
				44CDB5C9135A77D600037C8E /* English */,
			);
			name = InformationVC.xib;
			path = ..;
			sourceTree = "<group>";
		};
		44AB053E1225886E005E11A7 /* Setting-iPad.xib */ = {
			isa = PBXVariantGroup;
			children = (
				44AB054012258878005E11A7 /* Japanese */,
				44EF5DDD12099F6000BB87B6 /* English */,
			);
			name = "Setting-iPad.xib";
			path = ..;
			sourceTree = "<group>";
		};
		44CDB615135AD2A400037C8E /* InformationVC-iPad.xib */ = {
			isa = PBXVariantGroup;
			children = (
				44CDB616135AD2A400037C8E /* Japanese */,
				44CDB619135AD2D300037C8E /* English */,
			);
			name = "InformationVC-iPad.xib";
			sourceTree = "<group>";
		};
/* End PBXVariantGroup section */

/* Begin XCBuildConfiguration section */
		1D6058940D05DD3E006BFB54 /* Debug */ = {
			isa = XCBuildConfiguration;
			buildSettings = {
				ALWAYS_SEARCH_USER_PATHS = NO;
				ARCHS = "$(ARCHS_STANDARD_32_BIT)";
				"CODE_SIGN_IDENTITY[sdk=iphoneos*]" = "iPhone Developer: Masakazu Matsuyama (RL5WRC28AG)";
				COPY_PHASE_STRIP = NO;
				GCC_DYNAMIC_NO_PIC = NO;
				GCC_OPTIMIZATION_LEVEL = 0;
				GCC_PRECOMPILE_PREFIX_HEADER = YES;
				GCC_PREFIX_HEADER = AzCalc_Prefix.pch;
				GCC_PREPROCESSOR_DEFINITIONS = "AzDEBUG=1";
				GCC_PREPROCESSOR_DEFINITIONS_NOT_USED_IN_PRECOMPS = "AzFREE=1";
				INFOPLIST_FILE = "AzCalc-Info.plist";
				IPHONEOS_DEPLOYMENT_TARGET = 3.2;
				LIBRARY_SEARCH_PATHS = (
					"$(inherited)",
					"\"$(SRCROOT)/../admob_iphone_sdk/AdMob\"",
					"\"$(SRCROOT)/../admob_iphone_sdk/extras\"",
					"\"$(SRCROOT)/GoogleAdMobAdsSDK\"",
				);
				PRODUCT_NAME = AzCalc;
				"PROVISIONING_PROFILE[sdk=iphoneos*]" = "32B6273E-80B8-4E87-8B63-1242DD8889DC";
				SDKROOT = iphoneos;
				TARGETED_DEVICE_FAMILY = "1,2";
			};
			name = Debug;
		};
		1D6058950D05DD3E006BFB54 /* Release */ = {
			isa = XCBuildConfiguration;
			buildSettings = {
				ALWAYS_SEARCH_USER_PATHS = NO;
				ARCHS = "$(ARCHS_STANDARD_32_BIT)";
				"CODE_SIGN_IDENTITY[sdk=iphoneos*]" = "iPhone Developer: Masakazu Matsuyama (RL5WRC28AG)";
				COPY_PHASE_STRIP = YES;
				GCC_PRECOMPILE_PREFIX_HEADER = YES;
				GCC_PREFIX_HEADER = AzCalc_Prefix.pch;
				GCC_PREPROCESSOR_DEFINITIONS_NOT_USED_IN_PRECOMPS = "AzFREE=1";
				INFOPLIST_FILE = "AzCalc-Info.plist";
				IPHONEOS_DEPLOYMENT_TARGET = 3.2;
				LIBRARY_SEARCH_PATHS = (
					"$(inherited)",
					"\"$(SRCROOT)/../admob_iphone_sdk/AdMob\"",
					"\"$(SRCROOT)/../admob_iphone_sdk/extras\"",
					"\"$(SRCROOT)/GoogleAdMobAdsSDK\"",
				);
				PRODUCT_NAME = AzCalc;
				"PROVISIONING_PROFILE[sdk=iphoneos*]" = "32B6273E-80B8-4E87-8B63-1242DD8889DC";
				SDKROOT = iphoneos;
				TARGETED_DEVICE_FAMILY = "1,2";
				VALIDATE_PRODUCT = YES;
			};
			name = Release;
		};
		44BC4C861359E9A1009B995C /* Debug */ = {
			isa = XCBuildConfiguration;
			buildSettings = {
				ALWAYS_SEARCH_USER_PATHS = NO;
				ARCHS = "$(ARCHS_STANDARD_32_BIT)";
				COPY_PHASE_STRIP = NO;
				GCC_DYNAMIC_NO_PIC = NO;
				GCC_OPTIMIZATION_LEVEL = 0;
				GCC_PRECOMPILE_PREFIX_HEADER = YES;
				GCC_PREFIX_HEADER = AzCalc_Prefix.pch;
				GCC_PREPROCESSOR_DEFINITIONS = "AzDEBUG=1";
				GCC_PREPROCESSOR_DEFINITIONS_NOT_USED_IN_PRECOMPS = "AzSTABLE=1";
				INFOPLIST_FILE = "AzCalc-InfoS1.plist";
				IPHONEOS_DEPLOYMENT_TARGET = 3.2;
				LIBRARY_SEARCH_PATHS = (
					"$(inherited)",
					"\"$(SRCROOT)/../admob_iphone_sdk/AdMob\"",
					"\"$(SRCROOT)/../admob_iphone_sdk/extras\"",
				);
				PRODUCT_NAME = AzCalcS1;
				SDKROOT = iphoneos;
				TARGETED_DEVICE_FAMILY = "1,2";
			};
			name = Debug;
		};
		44BC4C871359E9A1009B995C /* Release */ = {
			isa = XCBuildConfiguration;
			buildSettings = {
				ALWAYS_SEARCH_USER_PATHS = NO;
				ARCHS = "$(ARCHS_STANDARD_32_BIT)";
				"CODE_SIGN_IDENTITY[sdk=iphoneos*]" = "iPhone Developer: Masakazu Matsuyama (RL5WRC28AG)";
				COPY_PHASE_STRIP = YES;
				GCC_PRECOMPILE_PREFIX_HEADER = YES;
				GCC_PREFIX_HEADER = AzCalc_Prefix.pch;
				GCC_PREPROCESSOR_DEFINITIONS_NOT_USED_IN_PRECOMPS = "AzSTABLE=1";
				INFOPLIST_FILE = "AzCalc-InfoS1.plist";
				IPHONEOS_DEPLOYMENT_TARGET = 3.2;
				LIBRARY_SEARCH_PATHS = (
					"$(inherited)",
					"\"$(SRCROOT)/../admob_iphone_sdk/AdMob\"",
					"\"$(SRCROOT)/../admob_iphone_sdk/extras\"",
				);
				PRODUCT_NAME = AzCalcS1;
				"PROVISIONING_PROFILE[sdk=iphoneos*]" = "32B6273E-80B8-4E87-8B63-1242DD8889DC";
				SDKROOT = iphoneos;
				TARGETED_DEVICE_FAMILY = "1,2";
				VALIDATE_PRODUCT = YES;
			};
			name = Release;
		};
		44BC4C881359E9A1009B995C /* Distribution */ = {
			isa = XCBuildConfiguration;
			buildSettings = {
				ALWAYS_SEARCH_USER_PATHS = NO;
				ARCHS = "$(ARCHS_STANDARD_32_BIT)";
				COPY_PHASE_STRIP = YES;
				GCC_PRECOMPILE_PREFIX_HEADER = YES;
				GCC_PREFIX_HEADER = AzCalc_Prefix.pch;
				GCC_PREPROCESSOR_DEFINITIONS_NOT_USED_IN_PRECOMPS = "AzSTABLE=1";
				INFOPLIST_FILE = "AzCalc-InfoS1.plist";
				IPHONEOS_DEPLOYMENT_TARGET = 3.2;
				LIBRARY_SEARCH_PATHS = (
					"$(inherited)",
					"\"$(SRCROOT)/../admob_iphone_sdk/AdMob\"",
					"\"$(SRCROOT)/../admob_iphone_sdk/extras\"",
				);
				PRODUCT_NAME = AzCalcS1;
				SDKROOT = iphoneos;
				TARGETED_DEVICE_FAMILY = "1,2";
				VALIDATE_PRODUCT = YES;
			};
			name = Distribution;
		};
		44D60ECC11F307DD00DD0317 /* Distribution */ = {
			isa = XCBuildConfiguration;
			buildSettings = {
				ARCHS = "$(ARCHS_STANDARD_32_BIT)";
				"CODE_SIGN_IDENTITY[sdk=iphoneos*]" = "iPhone Distribution: Masakazu Matsuyama";
				GCC_C_LANGUAGE_STANDARD = c99;
				GCC_WARN_ABOUT_RETURN_TYPE = YES;
				GCC_WARN_UNUSED_VARIABLE = YES;
				IPHONEOS_DEPLOYMENT_TARGET = 3.2;
				MACOSX_DEPLOYMENT_TARGET = "";
				OTHER_CFLAGS = "-DNS_BLOCK_ASSERTIONS=1";
				PREBINDING = NO;
				"PROVISIONING_PROFILE[sdk=iphoneos*]" = "FF34D7D5-B962-4103-9CD8-1A0F299594C0";
				SDKROOT = iphoneos;
			};
			name = Distribution;
		};
		44D60ECD11F307DD00DD0317 /* Distribution */ = {
			isa = XCBuildConfiguration;
			buildSettings = {
				ALWAYS_SEARCH_USER_PATHS = NO;
				ARCHS = "$(ARCHS_STANDARD_32_BIT)";
				COPY_PHASE_STRIP = YES;
				GCC_PRECOMPILE_PREFIX_HEADER = YES;
				GCC_PREFIX_HEADER = AzCalc_Prefix.pch;
				GCC_PREPROCESSOR_DEFINITIONS_NOT_USED_IN_PRECOMPS = "AzFREE=1";
				INFOPLIST_FILE = "AzCalc-Info.plist";
				IPHONEOS_DEPLOYMENT_TARGET = 3.2;
				LIBRARY_SEARCH_PATHS = (
					"$(inherited)",
					"\"$(SRCROOT)/../admob_iphone_sdk/AdMob\"",
					"\"$(SRCROOT)/../admob_iphone_sdk/extras\"",
					"\"$(SRCROOT)/GoogleAdMobAdsSDK\"",
				);
				PRODUCT_NAME = AzCalc;
				SDKROOT = iphoneos;
				TARGETED_DEVICE_FAMILY = "1,2";
				VALIDATE_PRODUCT = YES;
			};
			name = Distribution;
		};
		C01FCF4F08A954540054247B /* Debug */ = {
			isa = XCBuildConfiguration;
			buildSettings = {
				ARCHS = "$(ARCHS_STANDARD_32_BIT)";
				"CODE_SIGN_IDENTITY[sdk=iphoneos*]" = "iPhone Developer: Masakazu Matsuyama (RL5WRC28AG)";
				GCC_C_LANGUAGE_STANDARD = c99;
				GCC_PREPROCESSOR_DEFINITIONS = AzDEBUG;
				GCC_WARN_ABOUT_RETURN_TYPE = YES;
				GCC_WARN_UNUSED_FUNCTION = NO;
				GCC_WARN_UNUSED_VARIABLE = NO;
				IPHONEOS_DEPLOYMENT_TARGET = 3.2;
				MACOSX_DEPLOYMENT_TARGET = "";
				PREBINDING = NO;
				"PROVISIONING_PROFILE[sdk=iphoneos*]" = "32B6273E-80B8-4E87-8B63-1242DD8889DC";
				SDKROOT = iphoneos;
			};
			name = Debug;
		};
		C01FCF5008A954540054247B /* Release */ = {
			isa = XCBuildConfiguration;
			buildSettings = {
				ARCHS = "$(ARCHS_STANDARD_32_BIT)";
				"CODE_SIGN_IDENTITY[sdk=iphoneos*]" = "iPhone Developer: Masakazu Matsuyama (RL5WRC28AG)";
				GCC_C_LANGUAGE_STANDARD = c99;
				GCC_WARN_ABOUT_RETURN_TYPE = YES;
				GCC_WARN_UNUSED_VARIABLE = YES;
				IPHONEOS_DEPLOYMENT_TARGET = 3.2;
				MACOSX_DEPLOYMENT_TARGET = "";
				OTHER_CFLAGS = "-DNS_BLOCK_ASSERTIONS=1";
				PREBINDING = NO;
				"PROVISIONING_PROFILE[sdk=iphoneos*]" = "32B6273E-80B8-4E87-8B63-1242DD8889DC";
				SDKROOT = iphoneos;
			};
			name = Release;
		};
/* End XCBuildConfiguration section */

/* Begin XCConfigurationList section */
		1D6058960D05DD3E006BFB54 /* Build configuration list for PBXNativeTarget "AzCalc" */ = {
			isa = XCConfigurationList;
			buildConfigurations = (
				1D6058940D05DD3E006BFB54 /* Debug */,
				1D6058950D05DD3E006BFB54 /* Release */,
				44D60ECD11F307DD00DD0317 /* Distribution */,
			);
			defaultConfigurationIsVisible = 0;
			defaultConfigurationName = Release;
		};
		44BC4C851359E9A1009B995C /* Build configuration list for PBXNativeTarget "AzCalcS1" */ = {
			isa = XCConfigurationList;
			buildConfigurations = (
				44BC4C861359E9A1009B995C /* Debug */,
				44BC4C871359E9A1009B995C /* Release */,
				44BC4C881359E9A1009B995C /* Distribution */,
			);
			defaultConfigurationIsVisible = 0;
			defaultConfigurationName = Release;
		};
		C01FCF4E08A954540054247B /* Build configuration list for PBXProject "AzCalc" */ = {
			isa = XCConfigurationList;
			buildConfigurations = (
				C01FCF4F08A954540054247B /* Debug */,
				C01FCF5008A954540054247B /* Release */,
				44D60ECC11F307DD00DD0317 /* Distribution */,
			);
			defaultConfigurationIsVisible = 0;
			defaultConfigurationName = Release;
		};
/* End XCConfigurationList section */
	};
	rootObject = 29B97313FDCFA39411CA2CEA /* Project object */;
}
